
Microsoft Visual Studio Solution File, Format Version 12.00
# Visual Studio 15
VisualStudioVersion = 15.0.26430.16
MinimumVisualStudioVersion = 10.0.40219.1
Project("{2150E333-8FDC-42A3-9474-1A3956D46DE8}") = "Client", "Client", "{D688FB9E-23BD-45E8-876E-8F132C3DF1DF}"
EndProject
Project("{FAE04EC0-301F-11D3-BF4B-00C04F79EFBC}") = "BuildIt.AR.FormsSamples.iOS", "BuildIt.AR.FormsSamples\Client\BuildIt.AR.FormsSamples.iOS\BuildIt.AR.FormsSamples.iOS.csproj", "{8477D035-CADE-42E6-90D4-E1B7FE637E97}"
EndProject
Project("{FAE04EC0-301F-11D3-BF4B-00C04F79EFBC}") = "BuildIt.AR.FormsSamples.UWP", "BuildIt.AR.FormsSamples\Client\BuildIt.AR.FormsSamples.UWP\BuildIt.AR.FormsSamples.UWP.csproj", "{65EBC270-163A-4E48-B2E7-559E6AE1CC40}"
EndProject
Project("{9A19103F-16F7-4668-BE54-9A1E7A4F7556}") = "BuildIt.AR.FormsSamples.UI", "BuildIt.AR.FormsSamples\Client\BuildIt.AR.FormsSamples.UI\BuildIt.AR.FormsSamples.UI.csproj", "{1CD508AF-365F-4571-9C8C-C27736E3F892}"
EndProject
Project("{9A19103F-16F7-4668-BE54-9A1E7A4F7556}") = "BuildIt.AR.FormsSamples.Client", "BuildIt.AR.FormsSamples\Client\BuildIt.AR.FormsSamples.Client\BuildIt.AR.FormsSamples.Client.csproj", "{4BEF1E9D-2629-464A-A9BE-8781F1133294}"
EndProject
Project("{9A19103F-16F7-4668-BE54-9A1E7A4F7556}") = "BuildIt.AR.FormsSamples.Core", "BuildIt.AR.FormsSamples\Client\BuildIt.AR.FormsSamples.Core\BuildIt.AR.FormsSamples.Core.csproj", "{4CCF1FFD-3459-45DA-AD7D-448BB67D4B04}"
EndProject
Project("{9A19103F-16F7-4668-BE54-9A1E7A4F7556}") = "BuildIt.AR.FormsSamples.Models", "BuildIt.AR.FormsSamples\BuildIt.AR.FormsSamples.Models\BuildIt.AR.FormsSamples.Models.csproj", "{B9401E65-DAC9-4AA3-B5B6-9CCD09748A88}"
EndProject
Project("{FAE04EC0-301F-11D3-BF4B-00C04F79EFBC}") = "AR.Droid", "BuildIt.AR.FormsSamples\Client\AR.Droid\AR.Droid.csproj", "{3B1BC4CE-FF5C-41D8-8CDF-8D43E1A26DF6}"
EndProject
Global
	GlobalSection(SolutionConfigurationPlatforms) = preSolution
		Ad-Hoc|Any CPU = Ad-Hoc|Any CPU
		Ad-Hoc|ARM = Ad-Hoc|ARM
		Ad-Hoc|iPhone = Ad-Hoc|iPhone
		Ad-Hoc|iPhoneSimulator = Ad-Hoc|iPhoneSimulator
		Ad-Hoc|x64 = Ad-Hoc|x64
		Ad-Hoc|x86 = Ad-Hoc|x86
		AppStore|Any CPU = AppStore|Any CPU
		AppStore|ARM = AppStore|ARM
		AppStore|iPhone = AppStore|iPhone
		AppStore|iPhoneSimulator = AppStore|iPhoneSimulator
		AppStore|x64 = AppStore|x64
		AppStore|x86 = AppStore|x86
		Debug|Any CPU = Debug|Any CPU
		Debug|ARM = Debug|ARM
		Debug|iPhone = Debug|iPhone
		Debug|iPhoneSimulator = Debug|iPhoneSimulator
		Debug|x64 = Debug|x64
		Debug|x86 = Debug|x86
		Release|Any CPU = Release|Any CPU
		Release|ARM = Release|ARM
		Release|iPhone = Release|iPhone
		Release|iPhoneSimulator = Release|iPhoneSimulator
		Release|x64 = Release|x64
		Release|x86 = Release|x86
	EndGlobalSection
	GlobalSection(ProjectConfigurationPlatforms) = postSolution
		{8477D035-CADE-42E6-90D4-E1B7FE637E97}.Ad-Hoc|Any CPU.ActiveCfg = Ad-Hoc|iPhone
		{8477D035-CADE-42E6-90D4-E1B7FE637E97}.Ad-Hoc|ARM.ActiveCfg = Ad-Hoc|iPhone
		{8477D035-CADE-42E6-90D4-E1B7FE637E97}.Ad-Hoc|iPhone.ActiveCfg = Ad-Hoc|iPhone
		{8477D035-CADE-42E6-90D4-E1B7FE637E97}.Ad-Hoc|iPhone.Build.0 = Ad-Hoc|iPhone
		{8477D035-CADE-42E6-90D4-E1B7FE637E97}.Ad-Hoc|iPhoneSimulator.ActiveCfg = Ad-Hoc|iPhoneSimulator
		{8477D035-CADE-42E6-90D4-E1B7FE637E97}.Ad-Hoc|iPhoneSimulator.Build.0 = Ad-Hoc|iPhoneSimulator
		{8477D035-CADE-42E6-90D4-E1B7FE637E97}.Ad-Hoc|x64.ActiveCfg = Ad-Hoc|iPhone
		{8477D035-CADE-42E6-90D4-E1B7FE637E97}.Ad-Hoc|x86.ActiveCfg = Ad-Hoc|iPhone
		{8477D035-CADE-42E6-90D4-E1B7FE637E97}.AppStore|Any CPU.ActiveCfg = AppStore|iPhone
		{8477D035-CADE-42E6-90D4-E1B7FE637E97}.AppStore|ARM.ActiveCfg = AppStore|iPhone
		{8477D035-CADE-42E6-90D4-E1B7FE637E97}.AppStore|iPhone.ActiveCfg = AppStore|iPhone
		{8477D035-CADE-42E6-90D4-E1B7FE637E97}.AppStore|iPhone.Build.0 = AppStore|iPhone
		{8477D035-CADE-42E6-90D4-E1B7FE637E97}.AppStore|iPhoneSimulator.ActiveCfg = AppStore|iPhoneSimulator
		{8477D035-CADE-42E6-90D4-E1B7FE637E97}.AppStore|iPhoneSimulator.Build.0 = AppStore|iPhoneSimulator
		{8477D035-CADE-42E6-90D4-E1B7FE637E97}.AppStore|x64.ActiveCfg = AppStore|iPhone
		{8477D035-CADE-42E6-90D4-E1B7FE637E97}.AppStore|x86.ActiveCfg = AppStore|iPhone
		{8477D035-CADE-42E6-90D4-E1B7FE637E97}.Debug|Any CPU.ActiveCfg = Debug|iPhone
		{8477D035-CADE-42E6-90D4-E1B7FE637E97}.Debug|ARM.ActiveCfg = Debug|iPhone
		{8477D035-CADE-42E6-90D4-E1B7FE637E97}.Debug|iPhone.ActiveCfg = Debug|iPhone
		{8477D035-CADE-42E6-90D4-E1B7FE637E97}.Debug|iPhone.Build.0 = Debug|iPhone
		{8477D035-CADE-42E6-90D4-E1B7FE637E97}.Debug|iPhoneSimulator.ActiveCfg = Debug|iPhoneSimulator
		{8477D035-CADE-42E6-90D4-E1B7FE637E97}.Debug|iPhoneSimulator.Build.0 = Debug|iPhoneSimulator
		{8477D035-CADE-42E6-90D4-E1B7FE637E97}.Debug|x64.ActiveCfg = Debug|iPhone
		{8477D035-CADE-42E6-90D4-E1B7FE637E97}.Debug|x86.ActiveCfg = Debug|iPhone
		{8477D035-CADE-42E6-90D4-E1B7FE637E97}.Release|Any CPU.ActiveCfg = Release|iPhone
		{8477D035-CADE-42E6-90D4-E1B7FE637E97}.Release|ARM.ActiveCfg = Release|iPhone
		{8477D035-CADE-42E6-90D4-E1B7FE637E97}.Release|iPhone.ActiveCfg = Release|iPhone
		{8477D035-CADE-42E6-90D4-E1B7FE637E97}.Release|iPhone.Build.0 = Release|iPhone
		{8477D035-CADE-42E6-90D4-E1B7FE637E97}.Release|iPhoneSimulator.ActiveCfg = Release|iPhoneSimulator
		{8477D035-CADE-42E6-90D4-E1B7FE637E97}.Release|iPhoneSimulator.Build.0 = Release|iPhoneSimulator
		{8477D035-CADE-42E6-90D4-E1B7FE637E97}.Release|x64.ActiveCfg = Release|iPhone
		{8477D035-CADE-42E6-90D4-E1B7FE637E97}.Release|x86.ActiveCfg = Release|iPhone
		{65EBC270-163A-4E48-B2E7-559E6AE1CC40}.Ad-Hoc|Any CPU.ActiveCfg = Release|x86
		{65EBC270-163A-4E48-B2E7-559E6AE1CC40}.Ad-Hoc|Any CPU.Build.0 = Release|x86
		{65EBC270-163A-4E48-B2E7-559E6AE1CC40}.Ad-Hoc|Any CPU.Deploy.0 = Release|x86
		{65EBC270-163A-4E48-B2E7-559E6AE1CC40}.Ad-Hoc|ARM.ActiveCfg = Release|ARM
		{65EBC270-163A-4E48-B2E7-559E6AE1CC40}.Ad-Hoc|ARM.Build.0 = Release|ARM
		{65EBC270-163A-4E48-B2E7-559E6AE1CC40}.Ad-Hoc|ARM.Deploy.0 = Release|ARM
		{65EBC270-163A-4E48-B2E7-559E6AE1CC40}.Ad-Hoc|iPhone.ActiveCfg = Release|x86
		{65EBC270-163A-4E48-B2E7-559E6AE1CC40}.Ad-Hoc|iPhone.Build.0 = Release|x86
		{65EBC270-163A-4E48-B2E7-559E6AE1CC40}.Ad-Hoc|iPhone.Deploy.0 = Release|x86
		{65EBC270-163A-4E48-B2E7-559E6AE1CC40}.Ad-Hoc|iPhoneSimulator.ActiveCfg = Release|x86
		{65EBC270-163A-4E48-B2E7-559E6AE1CC40}.Ad-Hoc|iPhoneSimulator.Build.0 = Release|x86
		{65EBC270-163A-4E48-B2E7-559E6AE1CC40}.Ad-Hoc|iPhoneSimulator.Deploy.0 = Release|x86
		{65EBC270-163A-4E48-B2E7-559E6AE1CC40}.Ad-Hoc|x64.ActiveCfg = Release|x64
		{65EBC270-163A-4E48-B2E7-559E6AE1CC40}.Ad-Hoc|x64.Build.0 = Release|x64
		{65EBC270-163A-4E48-B2E7-559E6AE1CC40}.Ad-Hoc|x64.Deploy.0 = Release|x64
		{65EBC270-163A-4E48-B2E7-559E6AE1CC40}.Ad-Hoc|x86.ActiveCfg = Release|x86
		{65EBC270-163A-4E48-B2E7-559E6AE1CC40}.Ad-Hoc|x86.Build.0 = Release|x86
		{65EBC270-163A-4E48-B2E7-559E6AE1CC40}.Ad-Hoc|x86.Deploy.0 = Release|x86
		{65EBC270-163A-4E48-B2E7-559E6AE1CC40}.AppStore|Any CPU.ActiveCfg = Release|x86
		{65EBC270-163A-4E48-B2E7-559E6AE1CC40}.AppStore|Any CPU.Build.0 = Release|x86
		{65EBC270-163A-4E48-B2E7-559E6AE1CC40}.AppStore|Any CPU.Deploy.0 = Release|x86
		{65EBC270-163A-4E48-B2E7-559E6AE1CC40}.AppStore|ARM.ActiveCfg = Release|ARM
		{65EBC270-163A-4E48-B2E7-559E6AE1CC40}.AppStore|ARM.Build.0 = Release|ARM
		{65EBC270-163A-4E48-B2E7-559E6AE1CC40}.AppStore|ARM.Deploy.0 = Release|ARM
		{65EBC270-163A-4E48-B2E7-559E6AE1CC40}.AppStore|iPhone.ActiveCfg = Release|x86
		{65EBC270-163A-4E48-B2E7-559E6AE1CC40}.AppStore|iPhone.Build.0 = Release|x86
		{65EBC270-163A-4E48-B2E7-559E6AE1CC40}.AppStore|iPhone.Deploy.0 = Release|x86
		{65EBC270-163A-4E48-B2E7-559E6AE1CC40}.AppStore|iPhoneSimulator.ActiveCfg = Release|x86
		{65EBC270-163A-4E48-B2E7-559E6AE1CC40}.AppStore|iPhoneSimulator.Build.0 = Release|x86
		{65EBC270-163A-4E48-B2E7-559E6AE1CC40}.AppStore|iPhoneSimulator.Deploy.0 = Release|x86
		{65EBC270-163A-4E48-B2E7-559E6AE1CC40}.AppStore|x64.ActiveCfg = Release|x64
		{65EBC270-163A-4E48-B2E7-559E6AE1CC40}.AppStore|x64.Build.0 = Release|x64
		{65EBC270-163A-4E48-B2E7-559E6AE1CC40}.AppStore|x64.Deploy.0 = Release|x64
		{65EBC270-163A-4E48-B2E7-559E6AE1CC40}.AppStore|x86.ActiveCfg = Release|x86
		{65EBC270-163A-4E48-B2E7-559E6AE1CC40}.AppStore|x86.Build.0 = Release|x86
		{65EBC270-163A-4E48-B2E7-559E6AE1CC40}.AppStore|x86.Deploy.0 = Release|x86
		{65EBC270-163A-4E48-B2E7-559E6AE1CC40}.Debug|Any CPU.ActiveCfg = Debug|x86
		{65EBC270-163A-4E48-B2E7-559E6AE1CC40}.Debug|Any CPU.Build.0 = Debug|x86
		{65EBC270-163A-4E48-B2E7-559E6AE1CC40}.Debug|Any CPU.Deploy.0 = Debug|x86
		{65EBC270-163A-4E48-B2E7-559E6AE1CC40}.Debug|ARM.ActiveCfg = Debug|ARM
		{65EBC270-163A-4E48-B2E7-559E6AE1CC40}.Debug|ARM.Build.0 = Debug|ARM
		{65EBC270-163A-4E48-B2E7-559E6AE1CC40}.Debug|ARM.Deploy.0 = Debug|ARM
		{65EBC270-163A-4E48-B2E7-559E6AE1CC40}.Debug|iPhone.ActiveCfg = Debug|x86
		{65EBC270-163A-4E48-B2E7-559E6AE1CC40}.Debug|iPhoneSimulator.ActiveCfg = Debug|x86
		{65EBC270-163A-4E48-B2E7-559E6AE1CC40}.Debug|x64.ActiveCfg = Debug|x64
		{65EBC270-163A-4E48-B2E7-559E6AE1CC40}.Debug|x64.Build.0 = Debug|x64
		{65EBC270-163A-4E48-B2E7-559E6AE1CC40}.Debug|x64.Deploy.0 = Debug|x64
		{65EBC270-163A-4E48-B2E7-559E6AE1CC40}.Debug|x86.ActiveCfg = Debug|x86
		{65EBC270-163A-4E48-B2E7-559E6AE1CC40}.Debug|x86.Build.0 = Debug|x86
		{65EBC270-163A-4E48-B2E7-559E6AE1CC40}.Debug|x86.Deploy.0 = Debug|x86
		{65EBC270-163A-4E48-B2E7-559E6AE1CC40}.Release|Any CPU.ActiveCfg = Release|x86
		{65EBC270-163A-4E48-B2E7-559E6AE1CC40}.Release|ARM.ActiveCfg = Release|ARM
		{65EBC270-163A-4E48-B2E7-559E6AE1CC40}.Release|ARM.Build.0 = Release|ARM
		{65EBC270-163A-4E48-B2E7-559E6AE1CC40}.Release|ARM.Deploy.0 = Release|ARM
		{65EBC270-163A-4E48-B2E7-559E6AE1CC40}.Release|iPhone.ActiveCfg = Release|x86
		{65EBC270-163A-4E48-B2E7-559E6AE1CC40}.Release|iPhoneSimulator.ActiveCfg = Release|x86
		{65EBC270-163A-4E48-B2E7-559E6AE1CC40}.Release|x64.ActiveCfg = Release|x64
		{65EBC270-163A-4E48-B2E7-559E6AE1CC40}.Release|x64.Build.0 = Release|x64
		{65EBC270-163A-4E48-B2E7-559E6AE1CC40}.Release|x64.Deploy.0 = Release|x64
		{65EBC270-163A-4E48-B2E7-559E6AE1CC40}.Release|x86.ActiveCfg = Release|x86
		{65EBC270-163A-4E48-B2E7-559E6AE1CC40}.Release|x86.Build.0 = Release|x86
		{65EBC270-163A-4E48-B2E7-559E6AE1CC40}.Release|x86.Deploy.0 = Release|x86
		{1CD508AF-365F-4571-9C8C-C27736E3F892}.Ad-Hoc|Any CPU.ActiveCfg = Debug|Any CPU
		{1CD508AF-365F-4571-9C8C-C27736E3F892}.Ad-Hoc|Any CPU.Build.0 = Debug|Any CPU
		{1CD508AF-365F-4571-9C8C-C27736E3F892}.Ad-Hoc|ARM.ActiveCfg = Debug|Any CPU
		{1CD508AF-365F-4571-9C8C-C27736E3F892}.Ad-Hoc|ARM.Build.0 = Debug|Any CPU
		{1CD508AF-365F-4571-9C8C-C27736E3F892}.Ad-Hoc|iPhone.ActiveCfg = Debug|Any CPU
		{1CD508AF-365F-4571-9C8C-C27736E3F892}.Ad-Hoc|iPhone.Build.0 = Debug|Any CPU
		{1CD508AF-365F-4571-9C8C-C27736E3F892}.Ad-Hoc|iPhoneSimulator.ActiveCfg = Debug|Any CPU
		{1CD508AF-365F-4571-9C8C-C27736E3F892}.Ad-Hoc|iPhoneSimulator.Build.0 = Debug|Any CPU
		{1CD508AF-365F-4571-9C8C-C27736E3F892}.Ad-Hoc|x64.ActiveCfg = Debug|Any CPU
		{1CD508AF-365F-4571-9C8C-C27736E3F892}.Ad-Hoc|x64.Build.0 = Debug|Any CPU
		{1CD508AF-365F-4571-9C8C-C27736E3F892}.Ad-Hoc|x86.ActiveCfg = Debug|Any CPU
		{1CD508AF-365F-4571-9C8C-C27736E3F892}.Ad-Hoc|x86.Build.0 = Debug|Any CPU
		{1CD508AF-365F-4571-9C8C-C27736E3F892}.AppStore|Any CPU.ActiveCfg = Debug|Any CPU
		{1CD508AF-365F-4571-9C8C-C27736E3F892}.AppStore|Any CPU.Build.0 = Debug|Any CPU
		{1CD508AF-365F-4571-9C8C-C27736E3F892}.AppStore|ARM.ActiveCfg = Debug|Any CPU
		{1CD508AF-365F-4571-9C8C-C27736E3F892}.AppStore|ARM.Build.0 = Debug|Any CPU
		{1CD508AF-365F-4571-9C8C-C27736E3F892}.AppStore|iPhone.ActiveCfg = Debug|Any CPU
		{1CD508AF-365F-4571-9C8C-C27736E3F892}.AppStore|iPhone.Build.0 = Debug|Any CPU
		{1CD508AF-365F-4571-9C8C-C27736E3F892}.AppStore|iPhoneSimulator.ActiveCfg = Debug|Any CPU
		{1CD508AF-365F-4571-9C8C-C27736E3F892}.AppStore|iPhoneSimulator.Build.0 = Debug|Any CPU
		{1CD508AF-365F-4571-9C8C-C27736E3F892}.AppStore|x64.ActiveCfg = Debug|Any CPU
		{1CD508AF-365F-4571-9C8C-C27736E3F892}.AppStore|x64.Build.0 = Debug|Any CPU
		{1CD508AF-365F-4571-9C8C-C27736E3F892}.AppStore|x86.ActiveCfg = Debug|Any CPU
		{1CD508AF-365F-4571-9C8C-C27736E3F892}.AppStore|x86.Build.0 = Debug|Any CPU
		{1CD508AF-365F-4571-9C8C-C27736E3F892}.Debug|Any CPU.ActiveCfg = Debug|Any CPU
		{1CD508AF-365F-4571-9C8C-C27736E3F892}.Debug|Any CPU.Build.0 = Debug|Any CPU
		{1CD508AF-365F-4571-9C8C-C27736E3F892}.Debug|ARM.ActiveCfg = Debug|Any CPU
		{1CD508AF-365F-4571-9C8C-C27736E3F892}.Debug|ARM.Build.0 = Debug|Any CPU
		{1CD508AF-365F-4571-9C8C-C27736E3F892}.Debug|iPhone.ActiveCfg = Debug|Any CPU
		{1CD508AF-365F-4571-9C8C-C27736E3F892}.Debug|iPhone.Build.0 = Debug|Any CPU
		{1CD508AF-365F-4571-9C8C-C27736E3F892}.Debug|iPhoneSimulator.ActiveCfg = Debug|Any CPU
		{1CD508AF-365F-4571-9C8C-C27736E3F892}.Debug|iPhoneSimulator.Build.0 = Debug|Any CPU
		{1CD508AF-365F-4571-9C8C-C27736E3F892}.Debug|x64.ActiveCfg = Debug|Any CPU
		{1CD508AF-365F-4571-9C8C-C27736E3F892}.Debug|x64.Build.0 = Debug|Any CPU
		{1CD508AF-365F-4571-9C8C-C27736E3F892}.Debug|x86.ActiveCfg = Debug|Any CPU
		{1CD508AF-365F-4571-9C8C-C27736E3F892}.Debug|x86.Build.0 = Debug|Any CPU
		{1CD508AF-365F-4571-9C8C-C27736E3F892}.Release|Any CPU.ActiveCfg = Release|Any CPU
		{1CD508AF-365F-4571-9C8C-C27736E3F892}.Release|Any CPU.Build.0 = Release|Any CPU
		{1CD508AF-365F-4571-9C8C-C27736E3F892}.Release|ARM.ActiveCfg = Release|Any CPU
		{1CD508AF-365F-4571-9C8C-C27736E3F892}.Release|ARM.Build.0 = Release|Any CPU
		{1CD508AF-365F-4571-9C8C-C27736E3F892}.Release|iPhone.ActiveCfg = Release|Any CPU
		{1CD508AF-365F-4571-9C8C-C27736E3F892}.Release|iPhone.Build.0 = Release|Any CPU
		{1CD508AF-365F-4571-9C8C-C27736E3F892}.Release|iPhoneSimulator.ActiveCfg = Release|Any CPU
		{1CD508AF-365F-4571-9C8C-C27736E3F892}.Release|iPhoneSimulator.Build.0 = Release|Any CPU
		{1CD508AF-365F-4571-9C8C-C27736E3F892}.Release|x64.ActiveCfg = Release|Any CPU
		{1CD508AF-365F-4571-9C8C-C27736E3F892}.Release|x64.Build.0 = Release|Any CPU
		{1CD508AF-365F-4571-9C8C-C27736E3F892}.Release|x86.ActiveCfg = Release|Any CPU
		{1CD508AF-365F-4571-9C8C-C27736E3F892}.Release|x86.Build.0 = Release|Any CPU
		{4BEF1E9D-2629-464A-A9BE-8781F1133294}.Ad-Hoc|Any CPU.ActiveCfg = Debug|Any CPU
		{4BEF1E9D-2629-464A-A9BE-8781F1133294}.Ad-Hoc|Any CPU.Build.0 = Debug|Any CPU
		{4BEF1E9D-2629-464A-A9BE-8781F1133294}.Ad-Hoc|ARM.ActiveCfg = Debug|Any CPU
		{4BEF1E9D-2629-464A-A9BE-8781F1133294}.Ad-Hoc|ARM.Build.0 = Debug|Any CPU
		{4BEF1E9D-2629-464A-A9BE-8781F1133294}.Ad-Hoc|iPhone.ActiveCfg = Debug|Any CPU
		{4BEF1E9D-2629-464A-A9BE-8781F1133294}.Ad-Hoc|iPhone.Build.0 = Debug|Any CPU
		{4BEF1E9D-2629-464A-A9BE-8781F1133294}.Ad-Hoc|iPhoneSimulator.ActiveCfg = Debug|Any CPU
		{4BEF1E9D-2629-464A-A9BE-8781F1133294}.Ad-Hoc|iPhoneSimulator.Build.0 = Debug|Any CPU
		{4BEF1E9D-2629-464A-A9BE-8781F1133294}.Ad-Hoc|x64.ActiveCfg = Debug|Any CPU
		{4BEF1E9D-2629-464A-A9BE-8781F1133294}.Ad-Hoc|x64.Build.0 = Debug|Any CPU
		{4BEF1E9D-2629-464A-A9BE-8781F1133294}.Ad-Hoc|x86.ActiveCfg = Debug|Any CPU
		{4BEF1E9D-2629-464A-A9BE-8781F1133294}.Ad-Hoc|x86.Build.0 = Debug|Any CPU
		{4BEF1E9D-2629-464A-A9BE-8781F1133294}.AppStore|Any CPU.ActiveCfg = Debug|Any CPU
		{4BEF1E9D-2629-464A-A9BE-8781F1133294}.AppStore|Any CPU.Build.0 = Debug|Any CPU
		{4BEF1E9D-2629-464A-A9BE-8781F1133294}.AppStore|ARM.ActiveCfg = Debug|Any CPU
		{4BEF1E9D-2629-464A-A9BE-8781F1133294}.AppStore|ARM.Build.0 = Debug|Any CPU
		{4BEF1E9D-2629-464A-A9BE-8781F1133294}.AppStore|iPhone.ActiveCfg = Debug|Any CPU
		{4BEF1E9D-2629-464A-A9BE-8781F1133294}.AppStore|iPhone.Build.0 = Debug|Any CPU
		{4BEF1E9D-2629-464A-A9BE-8781F1133294}.AppStore|iPhoneSimulator.ActiveCfg = Debug|Any CPU
		{4BEF1E9D-2629-464A-A9BE-8781F1133294}.AppStore|iPhoneSimulator.Build.0 = Debug|Any CPU
		{4BEF1E9D-2629-464A-A9BE-8781F1133294}.AppStore|x64.ActiveCfg = Debug|Any CPU
		{4BEF1E9D-2629-464A-A9BE-8781F1133294}.AppStore|x64.Build.0 = Debug|Any CPU
		{4BEF1E9D-2629-464A-A9BE-8781F1133294}.AppStore|x86.ActiveCfg = Debug|Any CPU
		{4BEF1E9D-2629-464A-A9BE-8781F1133294}.AppStore|x86.Build.0 = Debug|Any CPU
		{4BEF1E9D-2629-464A-A9BE-8781F1133294}.Debug|Any CPU.ActiveCfg = Debug|Any CPU
		{4BEF1E9D-2629-464A-A9BE-8781F1133294}.Debug|Any CPU.Build.0 = Debug|Any CPU
		{4BEF1E9D-2629-464A-A9BE-8781F1133294}.Debug|ARM.ActiveCfg = Debug|Any CPU
		{4BEF1E9D-2629-464A-A9BE-8781F1133294}.Debug|ARM.Build.0 = Debug|Any CPU
		{4BEF1E9D-2629-464A-A9BE-8781F1133294}.Debug|iPhone.ActiveCfg = Debug|Any CPU
		{4BEF1E9D-2629-464A-A9BE-8781F1133294}.Debug|iPhone.Build.0 = Debug|Any CPU
		{4BEF1E9D-2629-464A-A9BE-8781F1133294}.Debug|iPhoneSimulator.ActiveCfg = Debug|Any CPU
		{4BEF1E9D-2629-464A-A9BE-8781F1133294}.Debug|iPhoneSimulator.Build.0 = Debug|Any CPU
		{4BEF1E9D-2629-464A-A9BE-8781F1133294}.Debug|x64.ActiveCfg = Debug|Any CPU
		{4BEF1E9D-2629-464A-A9BE-8781F1133294}.Debug|x64.Build.0 = Debug|Any CPU
		{4BEF1E9D-2629-464A-A9BE-8781F1133294}.Debug|x86.ActiveCfg = Debug|Any CPU
		{4BEF1E9D-2629-464A-A9BE-8781F1133294}.Debug|x86.Build.0 = Debug|Any CPU
		{4BEF1E9D-2629-464A-A9BE-8781F1133294}.Release|Any CPU.ActiveCfg = Release|Any CPU
		{4BEF1E9D-2629-464A-A9BE-8781F1133294}.Release|Any CPU.Build.0 = Release|Any CPU
		{4BEF1E9D-2629-464A-A9BE-8781F1133294}.Release|ARM.ActiveCfg = Release|Any CPU
		{4BEF1E9D-2629-464A-A9BE-8781F1133294}.Release|ARM.Build.0 = Release|Any CPU
		{4BEF1E9D-2629-464A-A9BE-8781F1133294}.Release|iPhone.ActiveCfg = Release|Any CPU
		{4BEF1E9D-2629-464A-A9BE-8781F1133294}.Release|iPhone.Build.0 = Release|Any CPU
		{4BEF1E9D-2629-464A-A9BE-8781F1133294}.Release|iPhoneSimulator.ActiveCfg = Release|Any CPU
		{4BEF1E9D-2629-464A-A9BE-8781F1133294}.Release|iPhoneSimulator.Build.0 = Release|Any CPU
		{4BEF1E9D-2629-464A-A9BE-8781F1133294}.Release|x64.ActiveCfg = Release|Any CPU
		{4BEF1E9D-2629-464A-A9BE-8781F1133294}.Release|x64.Build.0 = Release|Any CPU
		{4BEF1E9D-2629-464A-A9BE-8781F1133294}.Release|x86.ActiveCfg = Release|Any CPU
		{4BEF1E9D-2629-464A-A9BE-8781F1133294}.Release|x86.Build.0 = Release|Any CPU
		{4CCF1FFD-3459-45DA-AD7D-448BB67D4B04}.Ad-Hoc|Any CPU.ActiveCfg = Debug|Any CPU
		{4CCF1FFD-3459-45DA-AD7D-448BB67D4B04}.Ad-Hoc|Any CPU.Build.0 = Debug|Any CPU
		{4CCF1FFD-3459-45DA-AD7D-448BB67D4B04}.Ad-Hoc|ARM.ActiveCfg = Debug|Any CPU
		{4CCF1FFD-3459-45DA-AD7D-448BB67D4B04}.Ad-Hoc|ARM.Build.0 = Debug|Any CPU
		{4CCF1FFD-3459-45DA-AD7D-448BB67D4B04}.Ad-Hoc|iPhone.ActiveCfg = Debug|Any CPU
		{4CCF1FFD-3459-45DA-AD7D-448BB67D4B04}.Ad-Hoc|iPhone.Build.0 = Debug|Any CPU
		{4CCF1FFD-3459-45DA-AD7D-448BB67D4B04}.Ad-Hoc|iPhoneSimulator.ActiveCfg = Debug|Any CPU
		{4CCF1FFD-3459-45DA-AD7D-448BB67D4B04}.Ad-Hoc|iPhoneSimulator.Build.0 = Debug|Any CPU
		{4CCF1FFD-3459-45DA-AD7D-448BB67D4B04}.Ad-Hoc|x64.ActiveCfg = Debug|Any CPU
		{4CCF1FFD-3459-45DA-AD7D-448BB67D4B04}.Ad-Hoc|x64.Build.0 = Debug|Any CPU
		{4CCF1FFD-3459-45DA-AD7D-448BB67D4B04}.Ad-Hoc|x86.ActiveCfg = Debug|Any CPU
		{4CCF1FFD-3459-45DA-AD7D-448BB67D4B04}.Ad-Hoc|x86.Build.0 = Debug|Any CPU
		{4CCF1FFD-3459-45DA-AD7D-448BB67D4B04}.AppStore|Any CPU.ActiveCfg = Debug|Any CPU
		{4CCF1FFD-3459-45DA-AD7D-448BB67D4B04}.AppStore|Any CPU.Build.0 = Debug|Any CPU
		{4CCF1FFD-3459-45DA-AD7D-448BB67D4B04}.AppStore|ARM.ActiveCfg = Debug|Any CPU
		{4CCF1FFD-3459-45DA-AD7D-448BB67D4B04}.AppStore|ARM.Build.0 = Debug|Any CPU
		{4CCF1FFD-3459-45DA-AD7D-448BB67D4B04}.AppStore|iPhone.ActiveCfg = Debug|Any CPU
		{4CCF1FFD-3459-45DA-AD7D-448BB67D4B04}.AppStore|iPhone.Build.0 = Debug|Any CPU
		{4CCF1FFD-3459-45DA-AD7D-448BB67D4B04}.AppStore|iPhoneSimulator.ActiveCfg = Debug|Any CPU
		{4CCF1FFD-3459-45DA-AD7D-448BB67D4B04}.AppStore|iPhoneSimulator.Build.0 = Debug|Any CPU
		{4CCF1FFD-3459-45DA-AD7D-448BB67D4B04}.AppStore|x64.ActiveCfg = Debug|Any CPU
		{4CCF1FFD-3459-45DA-AD7D-448BB67D4B04}.AppStore|x64.Build.0 = Debug|Any CPU
		{4CCF1FFD-3459-45DA-AD7D-448BB67D4B04}.AppStore|x86.ActiveCfg = Debug|Any CPU
		{4CCF1FFD-3459-45DA-AD7D-448BB67D4B04}.AppStore|x86.Build.0 = Debug|Any CPU
		{4CCF1FFD-3459-45DA-AD7D-448BB67D4B04}.Debug|Any CPU.ActiveCfg = Debug|Any CPU
		{4CCF1FFD-3459-45DA-AD7D-448BB67D4B04}.Debug|Any CPU.Build.0 = Debug|Any CPU
		{4CCF1FFD-3459-45DA-AD7D-448BB67D4B04}.Debug|ARM.ActiveCfg = Debug|Any CPU
		{4CCF1FFD-3459-45DA-AD7D-448BB67D4B04}.Debug|ARM.Build.0 = Debug|Any CPU
		{4CCF1FFD-3459-45DA-AD7D-448BB67D4B04}.Debug|iPhone.ActiveCfg = Debug|Any CPU
		{4CCF1FFD-3459-45DA-AD7D-448BB67D4B04}.Debug|iPhone.Build.0 = Debug|Any CPU
		{4CCF1FFD-3459-45DA-AD7D-448BB67D4B04}.Debug|iPhoneSimulator.ActiveCfg = Debug|Any CPU
		{4CCF1FFD-3459-45DA-AD7D-448BB67D4B04}.Debug|iPhoneSimulator.Build.0 = Debug|Any CPU
		{4CCF1FFD-3459-45DA-AD7D-448BB67D4B04}.Debug|x64.ActiveCfg = Debug|Any CPU
		{4CCF1FFD-3459-45DA-AD7D-448BB67D4B04}.Debug|x64.Build.0 = Debug|Any CPU
		{4CCF1FFD-3459-45DA-AD7D-448BB67D4B04}.Debug|x86.ActiveCfg = Debug|Any CPU
		{4CCF1FFD-3459-45DA-AD7D-448BB67D4B04}.Debug|x86.Build.0 = Debug|Any CPU
		{4CCF1FFD-3459-45DA-AD7D-448BB67D4B04}.Release|Any CPU.ActiveCfg = Release|Any CPU
		{4CCF1FFD-3459-45DA-AD7D-448BB67D4B04}.Release|Any CPU.Build.0 = Release|Any CPU
		{4CCF1FFD-3459-45DA-AD7D-448BB67D4B04}.Release|ARM.ActiveCfg = Release|Any CPU
		{4CCF1FFD-3459-45DA-AD7D-448BB67D4B04}.Release|ARM.Build.0 = Release|Any CPU
		{4CCF1FFD-3459-45DA-AD7D-448BB67D4B04}.Release|iPhone.ActiveCfg = Release|Any CPU
		{4CCF1FFD-3459-45DA-AD7D-448BB67D4B04}.Release|iPhone.Build.0 = Release|Any CPU
		{4CCF1FFD-3459-45DA-AD7D-448BB67D4B04}.Release|iPhoneSimulator.ActiveCfg = Release|Any CPU
		{4CCF1FFD-3459-45DA-AD7D-448BB67D4B04}.Release|iPhoneSimulator.Build.0 = Release|Any CPU
		{4CCF1FFD-3459-45DA-AD7D-448BB67D4B04}.Release|x64.ActiveCfg = Release|Any CPU
		{4CCF1FFD-3459-45DA-AD7D-448BB67D4B04}.Release|x64.Build.0 = Release|Any CPU
		{4CCF1FFD-3459-45DA-AD7D-448BB67D4B04}.Release|x86.ActiveCfg = Release|Any CPU
		{4CCF1FFD-3459-45DA-AD7D-448BB67D4B04}.Release|x86.Build.0 = Release|Any CPU
		{B9401E65-DAC9-4AA3-B5B6-9CCD09748A88}.Ad-Hoc|Any CPU.ActiveCfg = Debug|Any CPU
		{B9401E65-DAC9-4AA3-B5B6-9CCD09748A88}.Ad-Hoc|Any CPU.Build.0 = Debug|Any CPU
		{B9401E65-DAC9-4AA3-B5B6-9CCD09748A88}.Ad-Hoc|ARM.ActiveCfg = Debug|Any CPU
		{B9401E65-DAC9-4AA3-B5B6-9CCD09748A88}.Ad-Hoc|ARM.Build.0 = Debug|Any CPU
		{B9401E65-DAC9-4AA3-B5B6-9CCD09748A88}.Ad-Hoc|iPhone.ActiveCfg = Debug|Any CPU
		{B9401E65-DAC9-4AA3-B5B6-9CCD09748A88}.Ad-Hoc|iPhone.Build.0 = Debug|Any CPU
		{B9401E65-DAC9-4AA3-B5B6-9CCD09748A88}.Ad-Hoc|iPhoneSimulator.ActiveCfg = Debug|Any CPU
		{B9401E65-DAC9-4AA3-B5B6-9CCD09748A88}.Ad-Hoc|iPhoneSimulator.Build.0 = Debug|Any CPU
		{B9401E65-DAC9-4AA3-B5B6-9CCD09748A88}.Ad-Hoc|x64.ActiveCfg = Debug|Any CPU
		{B9401E65-DAC9-4AA3-B5B6-9CCD09748A88}.Ad-Hoc|x64.Build.0 = Debug|Any CPU
		{B9401E65-DAC9-4AA3-B5B6-9CCD09748A88}.Ad-Hoc|x86.ActiveCfg = Debug|Any CPU
		{B9401E65-DAC9-4AA3-B5B6-9CCD09748A88}.Ad-Hoc|x86.Build.0 = Debug|Any CPU
		{B9401E65-DAC9-4AA3-B5B6-9CCD09748A88}.AppStore|Any CPU.ActiveCfg = Debug|Any CPU
		{B9401E65-DAC9-4AA3-B5B6-9CCD09748A88}.AppStore|Any CPU.Build.0 = Debug|Any CPU
		{B9401E65-DAC9-4AA3-B5B6-9CCD09748A88}.AppStore|ARM.ActiveCfg = Debug|Any CPU
		{B9401E65-DAC9-4AA3-B5B6-9CCD09748A88}.AppStore|ARM.Build.0 = Debug|Any CPU
		{B9401E65-DAC9-4AA3-B5B6-9CCD09748A88}.AppStore|iPhone.ActiveCfg = Debug|Any CPU
		{B9401E65-DAC9-4AA3-B5B6-9CCD09748A88}.AppStore|iPhone.Build.0 = Debug|Any CPU
		{B9401E65-DAC9-4AA3-B5B6-9CCD09748A88}.AppStore|iPhoneSimulator.ActiveCfg = Debug|Any CPU
		{B9401E65-DAC9-4AA3-B5B6-9CCD09748A88}.AppStore|iPhoneSimulator.Build.0 = Debug|Any CPU
		{B9401E65-DAC9-4AA3-B5B6-9CCD09748A88}.AppStore|x64.ActiveCfg = Debug|Any CPU
		{B9401E65-DAC9-4AA3-B5B6-9CCD09748A88}.AppStore|x64.Build.0 = Debug|Any CPU
		{B9401E65-DAC9-4AA3-B5B6-9CCD09748A88}.AppStore|x86.ActiveCfg = Debug|Any CPU
		{B9401E65-DAC9-4AA3-B5B6-9CCD09748A88}.AppStore|x86.Build.0 = Debug|Any CPU
		{B9401E65-DAC9-4AA3-B5B6-9CCD09748A88}.Debug|Any CPU.ActiveCfg = Debug|Any CPU
		{B9401E65-DAC9-4AA3-B5B6-9CCD09748A88}.Debug|Any CPU.Build.0 = Debug|Any CPU
		{B9401E65-DAC9-4AA3-B5B6-9CCD09748A88}.Debug|ARM.ActiveCfg = Debug|Any CPU
		{B9401E65-DAC9-4AA3-B5B6-9CCD09748A88}.Debug|ARM.Build.0 = Debug|Any CPU
		{B9401E65-DAC9-4AA3-B5B6-9CCD09748A88}.Debug|iPhone.ActiveCfg = Debug|Any CPU
		{B9401E65-DAC9-4AA3-B5B6-9CCD09748A88}.Debug|iPhone.Build.0 = Debug|Any CPU
		{B9401E65-DAC9-4AA3-B5B6-9CCD09748A88}.Debug|iPhoneSimulator.ActiveCfg = Debug|Any CPU
		{B9401E65-DAC9-4AA3-B5B6-9CCD09748A88}.Debug|iPhoneSimulator.Build.0 = Debug|Any CPU
		{B9401E65-DAC9-4AA3-B5B6-9CCD09748A88}.Debug|x64.ActiveCfg = Debug|Any CPU
		{B9401E65-DAC9-4AA3-B5B6-9CCD09748A88}.Debug|x64.Build.0 = Debug|Any CPU
		{B9401E65-DAC9-4AA3-B5B6-9CCD09748A88}.Debug|x86.ActiveCfg = Debug|Any CPU
		{B9401E65-DAC9-4AA3-B5B6-9CCD09748A88}.Debug|x86.Build.0 = Debug|Any CPU
		{B9401E65-DAC9-4AA3-B5B6-9CCD09748A88}.Release|Any CPU.ActiveCfg = Release|Any CPU
		{B9401E65-DAC9-4AA3-B5B6-9CCD09748A88}.Release|Any CPU.Build.0 = Release|Any CPU
		{B9401E65-DAC9-4AA3-B5B6-9CCD09748A88}.Release|ARM.ActiveCfg = Release|Any CPU
		{B9401E65-DAC9-4AA3-B5B6-9CCD09748A88}.Release|ARM.Build.0 = Release|Any CPU
		{B9401E65-DAC9-4AA3-B5B6-9CCD09748A88}.Release|iPhone.ActiveCfg = Release|Any CPU
		{B9401E65-DAC9-4AA3-B5B6-9CCD09748A88}.Release|iPhone.Build.0 = Release|Any CPU
		{B9401E65-DAC9-4AA3-B5B6-9CCD09748A88}.Release|iPhoneSimulator.ActiveCfg = Release|Any CPU
		{B9401E65-DAC9-4AA3-B5B6-9CCD09748A88}.Release|iPhoneSimulator.Build.0 = Release|Any CPU
		{B9401E65-DAC9-4AA3-B5B6-9CCD09748A88}.Release|x64.ActiveCfg = Release|Any CPU
		{B9401E65-DAC9-4AA3-B5B6-9CCD09748A88}.Release|x64.Build.0 = Release|Any CPU
		{B9401E65-DAC9-4AA3-B5B6-9CCD09748A88}.Release|x86.ActiveCfg = Release|Any CPU
		{B9401E65-DAC9-4AA3-B5B6-9CCD09748A88}.Release|x86.Build.0 = Release|Any CPU
		{3B1BC4CE-FF5C-41D8-8CDF-8D43E1A26DF6}.Ad-Hoc|Any CPU.ActiveCfg = Release|Any CPU
		{3B1BC4CE-FF5C-41D8-8CDF-8D43E1A26DF6}.Ad-Hoc|Any CPU.Build.0 = Release|Any CPU
		{3B1BC4CE-FF5C-41D8-8CDF-8D43E1A26DF6}.Ad-Hoc|Any CPU.Deploy.0 = Release|Any CPU
		{3B1BC4CE-FF5C-41D8-8CDF-8D43E1A26DF6}.Ad-Hoc|ARM.ActiveCfg = Release|Any CPU
		{3B1BC4CE-FF5C-41D8-8CDF-8D43E1A26DF6}.Ad-Hoc|ARM.Build.0 = Release|Any CPU
		{3B1BC4CE-FF5C-41D8-8CDF-8D43E1A26DF6}.Ad-Hoc|ARM.Deploy.0 = Release|Any CPU
		{3B1BC4CE-FF5C-41D8-8CDF-8D43E1A26DF6}.Ad-Hoc|iPhone.ActiveCfg = Release|Any CPU
		{3B1BC4CE-FF5C-41D8-8CDF-8D43E1A26DF6}.Ad-Hoc|iPhone.Build.0 = Release|Any CPU
		{3B1BC4CE-FF5C-41D8-8CDF-8D43E1A26DF6}.Ad-Hoc|iPhone.Deploy.0 = Release|Any CPU
		{3B1BC4CE-FF5C-41D8-8CDF-8D43E1A26DF6}.Ad-Hoc|iPhoneSimulator.ActiveCfg = Release|Any CPU
		{3B1BC4CE-FF5C-41D8-8CDF-8D43E1A26DF6}.Ad-Hoc|iPhoneSimulator.Build.0 = Release|Any CPU
		{3B1BC4CE-FF5C-41D8-8CDF-8D43E1A26DF6}.Ad-Hoc|iPhoneSimulator.Deploy.0 = Release|Any CPU
		{3B1BC4CE-FF5C-41D8-8CDF-8D43E1A26DF6}.Ad-Hoc|x64.ActiveCfg = Release|Any CPU
		{3B1BC4CE-FF5C-41D8-8CDF-8D43E1A26DF6}.Ad-Hoc|x64.Build.0 = Release|Any CPU
		{3B1BC4CE-FF5C-41D8-8CDF-8D43E1A26DF6}.Ad-Hoc|x64.Deploy.0 = Release|Any CPU
		{3B1BC4CE-FF5C-41D8-8CDF-8D43E1A26DF6}.Ad-Hoc|x86.ActiveCfg = Release|Any CPU
		{3B1BC4CE-FF5C-41D8-8CDF-8D43E1A26DF6}.Ad-Hoc|x86.Build.0 = Release|Any CPU
		{3B1BC4CE-FF5C-41D8-8CDF-8D43E1A26DF6}.Ad-Hoc|x86.Deploy.0 = Release|Any CPU
		{3B1BC4CE-FF5C-41D8-8CDF-8D43E1A26DF6}.AppStore|Any CPU.ActiveCfg = Release|Any CPU
		{3B1BC4CE-FF5C-41D8-8CDF-8D43E1A26DF6}.AppStore|Any CPU.Build.0 = Release|Any CPU
		{3B1BC4CE-FF5C-41D8-8CDF-8D43E1A26DF6}.AppStore|Any CPU.Deploy.0 = Release|Any CPU
		{3B1BC4CE-FF5C-41D8-8CDF-8D43E1A26DF6}.AppStore|ARM.ActiveCfg = Release|Any CPU
		{3B1BC4CE-FF5C-41D8-8CDF-8D43E1A26DF6}.AppStore|ARM.Build.0 = Release|Any CPU
		{3B1BC4CE-FF5C-41D8-8CDF-8D43E1A26DF6}.AppStore|ARM.Deploy.0 = Release|Any CPU
		{3B1BC4CE-FF5C-41D8-8CDF-8D43E1A26DF6}.AppStore|iPhone.ActiveCfg = Release|Any CPU
		{3B1BC4CE-FF5C-41D8-8CDF-8D43E1A26DF6}.AppStore|iPhone.Build.0 = Release|Any CPU
		{3B1BC4CE-FF5C-41D8-8CDF-8D43E1A26DF6}.AppStore|iPhone.Deploy.0 = Release|Any CPU
		{3B1BC4CE-FF5C-41D8-8CDF-8D43E1A26DF6}.AppStore|iPhoneSimulator.ActiveCfg = Release|Any CPU
		{3B1BC4CE-FF5C-41D8-8CDF-8D43E1A26DF6}.AppStore|iPhoneSimulator.Build.0 = Release|Any CPU
		{3B1BC4CE-FF5C-41D8-8CDF-8D43E1A26DF6}.AppStore|iPhoneSimulator.Deploy.0 = Release|Any CPU
		{3B1BC4CE-FF5C-41D8-8CDF-8D43E1A26DF6}.AppStore|x64.ActiveCfg = Release|Any CPU
		{3B1BC4CE-FF5C-41D8-8CDF-8D43E1A26DF6}.AppStore|x64.Build.0 = Release|Any CPU
		{3B1BC4CE-FF5C-41D8-8CDF-8D43E1A26DF6}.AppStore|x64.Deploy.0 = Release|Any CPU
		{3B1BC4CE-FF5C-41D8-8CDF-8D43E1A26DF6}.AppStore|x86.ActiveCfg = Release|Any CPU
		{3B1BC4CE-FF5C-41D8-8CDF-8D43E1A26DF6}.AppStore|x86.Build.0 = Release|Any CPU
		{3B1BC4CE-FF5C-41D8-8CDF-8D43E1A26DF6}.AppStore|x86.Deploy.0 = Release|Any CPU
		{3B1BC4CE-FF5C-41D8-8CDF-8D43E1A26DF6}.Debug|Any CPU.ActiveCfg = Debug|Any CPU
		{3B1BC4CE-FF5C-41D8-8CDF-8D43E1A26DF6}.Debug|Any CPU.Build.0 = Debug|Any CPU
		{3B1BC4CE-FF5C-41D8-8CDF-8D43E1A26DF6}.Debug|Any CPU.Deploy.0 = Debug|Any CPU
		{3B1BC4CE-FF5C-41D8-8CDF-8D43E1A26DF6}.Debug|ARM.ActiveCfg = Debug|Any CPU
		{3B1BC4CE-FF5C-41D8-8CDF-8D43E1A26DF6}.Debug|ARM.Build.0 = Debug|Any CPU
		{3B1BC4CE-FF5C-41D8-8CDF-8D43E1A26DF6}.Debug|ARM.Deploy.0 = Debug|Any CPU
		{3B1BC4CE-FF5C-41D8-8CDF-8D43E1A26DF6}.Debug|iPhone.ActiveCfg = Debug|Any CPU
		{3B1BC4CE-FF5C-41D8-8CDF-8D43E1A26DF6}.Debug|iPhone.Build.0 = Debug|Any CPU
		{3B1BC4CE-FF5C-41D8-8CDF-8D43E1A26DF6}.Debug|iPhone.Deploy.0 = Debug|Any CPU
		{3B1BC4CE-FF5C-41D8-8CDF-8D43E1A26DF6}.Debug|iPhoneSimulator.ActiveCfg = Debug|Any CPU
		{3B1BC4CE-FF5C-41D8-8CDF-8D43E1A26DF6}.Debug|iPhoneSimulator.Build.0 = Debug|Any CPU
		{3B1BC4CE-FF5C-41D8-8CDF-8D43E1A26DF6}.Debug|iPhoneSimulator.Deploy.0 = Debug|Any CPU
		{3B1BC4CE-FF5C-41D8-8CDF-8D43E1A26DF6}.Debug|x64.ActiveCfg = Debug|Any CPU
		{3B1BC4CE-FF5C-41D8-8CDF-8D43E1A26DF6}.Debug|x64.Build.0 = Debug|Any CPU
		{3B1BC4CE-FF5C-41D8-8CDF-8D43E1A26DF6}.Debug|x64.Deploy.0 = Debug|Any CPU
		{3B1BC4CE-FF5C-41D8-8CDF-8D43E1A26DF6}.Debug|x86.ActiveCfg = Debug|Any CPU
		{3B1BC4CE-FF5C-41D8-8CDF-8D43E1A26DF6}.Debug|x86.Build.0 = Debug|Any CPU
		{3B1BC4CE-FF5C-41D8-8CDF-8D43E1A26DF6}.Debug|x86.Deploy.0 = Debug|Any CPU
		{3B1BC4CE-FF5C-41D8-8CDF-8D43E1A26DF6}.Release|Any CPU.ActiveCfg = Release|Any CPU
		{3B1BC4CE-FF5C-41D8-8CDF-8D43E1A26DF6}.Release|Any CPU.Build.0 = Release|Any CPU
		{3B1BC4CE-FF5C-41D8-8CDF-8D43E1A26DF6}.Release|Any CPU.Deploy.0 = Release|Any CPU
		{3B1BC4CE-FF5C-41D8-8CDF-8D43E1A26DF6}.Release|ARM.ActiveCfg = Release|Any CPU
		{3B1BC4CE-FF5C-41D8-8CDF-8D43E1A26DF6}.Release|ARM.Build.0 = Release|Any CPU
		{3B1BC4CE-FF5C-41D8-8CDF-8D43E1A26DF6}.Release|ARM.Deploy.0 = Release|Any CPU
		{3B1BC4CE-FF5C-41D8-8CDF-8D43E1A26DF6}.Release|iPhone.ActiveCfg = Release|Any CPU
		{3B1BC4CE-FF5C-41D8-8CDF-8D43E1A26DF6}.Release|iPhone.Build.0 = Release|Any CPU
		{3B1BC4CE-FF5C-41D8-8CDF-8D43E1A26DF6}.Release|iPhone.Deploy.0 = Release|Any CPU
		{3B1BC4CE-FF5C-41D8-8CDF-8D43E1A26DF6}.Release|iPhoneSimulator.ActiveCfg = Release|Any CPU
		{3B1BC4CE-FF5C-41D8-8CDF-8D43E1A26DF6}.Release|iPhoneSimulator.Build.0 = Release|Any CPU
		{3B1BC4CE-FF5C-41D8-8CDF-8D43E1A26DF6}.Release|iPhoneSimulator.Deploy.0 = Release|Any CPU
		{3B1BC4CE-FF5C-41D8-8CDF-8D43E1A26DF6}.Release|x64.ActiveCfg = Release|Any CPU
		{3B1BC4CE-FF5C-41D8-8CDF-8D43E1A26DF6}.Release|x64.Build.0 = Release|Any CPU
		{3B1BC4CE-FF5C-41D8-8CDF-8D43E1A26DF6}.Release|x64.Deploy.0 = Release|Any CPU
		{3B1BC4CE-FF5C-41D8-8CDF-8D43E1A26DF6}.Release|x86.ActiveCfg = Release|Any CPU
		{3B1BC4CE-FF5C-41D8-8CDF-8D43E1A26DF6}.Release|x86.Build.0 = Release|Any CPU
		{3B1BC4CE-FF5C-41D8-8CDF-8D43E1A26DF6}.Release|x86.Deploy.0 = Release|Any CPU
	EndGlobalSection
	GlobalSection(SolutionProperties) = preSolution
		HideSolutionNode = FALSE
	EndGlobalSection
	GlobalSection(NestedProjects) = preSolution
		{8477D035-CADE-42E6-90D4-E1B7FE637E97} = {D688FB9E-23BD-45E8-876E-8F132C3DF1DF}
		{65EBC270-163A-4E48-B2E7-559E6AE1CC40} = {D688FB9E-23BD-45E8-876E-8F132C3DF1DF}
		{1CD508AF-365F-4571-9C8C-C27736E3F892} = {D688FB9E-23BD-45E8-876E-8F132C3DF1DF}
		{4BEF1E9D-2629-464A-A9BE-8781F1133294} = {D688FB9E-23BD-45E8-876E-8F132C3DF1DF}
		{4CCF1FFD-3459-45DA-AD7D-448BB67D4B04} = {D688FB9E-23BD-45E8-876E-8F132C3DF1DF}
		{3B1BC4CE-FF5C-41D8-8CDF-8D43E1A26DF6} = {D688FB9E-23BD-45E8-876E-8F132C3DF1DF}
	EndGlobalSection
EndGlobal
