
Microsoft Visual Studio Solution File, Format Version 12.00
# Visual Studio 14
VisualStudioVersion = 14.0.24627.0
MinimumVisualStudioVersion = 10.0.40219.1
Project("{FAE04EC0-301F-11D3-BF4B-00C04F79EFBC}") = "BuildIt.General", "BuildIt.General\BuildIt.General.csproj", "{FD17AD8E-6A3F-4C1D-A7CB-DCBF6A125897}"
EndProject
Project("{FAE04EC0-301F-11D3-BF4B-00C04F79EFBC}") = "BuildIt.General.Tests", "BuildIt.General.Tests\BuildIt.General.Tests.csproj", "{18F7DCCA-467D-4B0E-B7B8-9FB19A023CF2}"
EndProject
Project("{FAE04EC0-301F-11D3-BF4B-00C04F79EFBC}") = "BuildIt.Lifecycle", "BuildIt.Lifecycle\BuildIt.Lifecycle.csproj", "{FA40C3D1-C786-4A96-89D3-78D3AF17A437}"
EndProject
Project("{D954291E-2A0B-460D-934E-DC6B0785DB48}") = "BuildIt.Shared", "BuildIt.Shared\BuildIt.Shared.shproj", "{CC9E2FC1-2EB0-4352-8EF1-805709B77466}"
EndProject
Project("{FAE04EC0-301F-11D3-BF4B-00C04F79EFBC}") = "BuildIt.Lifecycle.Tests", "BuildIt.Lifecycle.Tests\BuildIt.Lifecycle.Tests.csproj", "{1B35CBB6-69F6-49F4-AF75-5C66F202B88D}"
EndProject
Project("{FAE04EC0-301F-11D3-BF4B-00C04F79EFBC}") = "BuildIt.Synchronization", "BuildIt.Synchronization\BuildIt.Synchronization.csproj", "{CC098E36-DBA0-45A7-BF77-B8DD282937F6}"
EndProject
Project("{FAE04EC0-301F-11D3-BF4B-00C04F79EFBC}") = "BuildIt.Synchronization.Tests", "BuildIt.Synchronization.Tests\BuildIt.Synchronization.Tests.csproj", "{911CB710-7F03-4774-8115-3747085F6DC2}"
EndProject
Project("{D954291E-2A0B-460D-934E-DC6B0785DB48}") = "BuildIt.Lifecycle.Shared", "BuildIt.Lifecycle.Shared\BuildIt.Lifecycle.Shared.shproj", "{A0E34142-1554-469E-8F66-0CD7D656BEAE}"
EndProject
Project("{FAE04EC0-301F-11D3-BF4B-00C04F79EFBC}") = "BuildIt.Lifecycle.UWP", "BuildIt.Lifecycle.UWP\BuildIt.Lifecycle.UWP.csproj", "{0959F4B6-D9E4-4947-8889-D913A26F4788}"
EndProject
Project("{FAE04EC0-301F-11D3-BF4B-00C04F79EFBC}") = "BuildIt.Lifecycle.Win8x", "BuildIt.Lifecycle.Win8x\BuildIt.Lifecycle.Win8x.csproj", "{B3B5BEAF-E04D-4113-B8F0-659DF433ECAA}"
EndProject
Project("{2150E333-8FDC-42A3-9474-1A3956D46DE8}") = "Tools", "Tools", "{91AB0555-948A-41AD-A08B-306240425E9A}"
	ProjectSection(SolutionItems) = preProject
		..\tools\nuget.exe = ..\tools\nuget.exe
	EndProjectSection
EndProject
Project("{FAE04EC0-301F-11D3-BF4B-00C04F79EFBC}") = "BuildIt.MvvmCross", "BuildIt.MvvmCross\BuildIt.MvvmCross.csproj", "{EE72434B-CB9D-41F4-B6B7-3BB60B2E7218}"
EndProject
Global
	GlobalSection(SharedMSBuildProjectFiles) = preSolution
		BuildIt.Shared\BuildIt.Shared.projitems*{cc098e36-dba0-45a7-bf77-b8dd282937f6}*SharedItemsImports = 4
		BuildIt.Lifecycle.Shared\BuildIt.Lifecycle.Shared.projitems*{a0e34142-1554-469e-8f66-0cd7d656beae}*SharedItemsImports = 13
		BuildIt.Lifecycle.Shared\BuildIt.Lifecycle.Shared.projitems*{0959f4b6-d9e4-4947-8889-d913a26f4788}*SharedItemsImports = 4
		BuildIt.Shared\BuildIt.Shared.projitems*{0959f4b6-d9e4-4947-8889-d913a26f4788}*SharedItemsImports = 4
		BuildIt.Lifecycle.Shared\BuildIt.Lifecycle.Shared.projitems*{b3b5beaf-e04d-4113-b8f0-659df433ecaa}*SharedItemsImports = 4
		BuildIt.Shared\BuildIt.Shared.projitems*{b3b5beaf-e04d-4113-b8f0-659df433ecaa}*SharedItemsImports = 4
		BuildIt.Shared\BuildIt.Shared.projitems*{fa40c3d1-c786-4a96-89d3-78d3af17a437}*SharedItemsImports = 4
		BuildIt.Shared\BuildIt.Shared.projitems*{fd17ad8e-6a3f-4c1d-a7cb-dcbf6a125897}*SharedItemsImports = 4
		BuildIt.Shared\BuildIt.Shared.projitems*{cc9e2fc1-2eb0-4352-8ef1-805709b77466}*SharedItemsImports = 13
	EndGlobalSection
	GlobalSection(SolutionConfigurationPlatforms) = preSolution
		Debug|Any CPU = Debug|Any CPU
		Debug|ARM = Debug|ARM
		Debug|x64 = Debug|x64
		Debug|x86 = Debug|x86
		Release|Any CPU = Release|Any CPU
		Release|ARM = Release|ARM
		Release|x64 = Release|x64
		Release|x86 = Release|x86
	EndGlobalSection
	GlobalSection(ProjectConfigurationPlatforms) = postSolution
		{FD17AD8E-6A3F-4C1D-A7CB-DCBF6A125897}.Debug|Any CPU.ActiveCfg = Debug|Any CPU
		{FD17AD8E-6A3F-4C1D-A7CB-DCBF6A125897}.Debug|Any CPU.Build.0 = Debug|Any CPU
		{FD17AD8E-6A3F-4C1D-A7CB-DCBF6A125897}.Debug|ARM.ActiveCfg = Debug|Any CPU
		{FD17AD8E-6A3F-4C1D-A7CB-DCBF6A125897}.Debug|ARM.Build.0 = Debug|Any CPU
		{FD17AD8E-6A3F-4C1D-A7CB-DCBF6A125897}.Debug|x64.ActiveCfg = Debug|Any CPU
		{FD17AD8E-6A3F-4C1D-A7CB-DCBF6A125897}.Debug|x64.Build.0 = Debug|Any CPU
		{FD17AD8E-6A3F-4C1D-A7CB-DCBF6A125897}.Debug|x86.ActiveCfg = Debug|Any CPU
		{FD17AD8E-6A3F-4C1D-A7CB-DCBF6A125897}.Debug|x86.Build.0 = Debug|Any CPU
		{FD17AD8E-6A3F-4C1D-A7CB-DCBF6A125897}.Release|Any CPU.ActiveCfg = Release|Any CPU
		{FD17AD8E-6A3F-4C1D-A7CB-DCBF6A125897}.Release|Any CPU.Build.0 = Release|Any CPU
		{FD17AD8E-6A3F-4C1D-A7CB-DCBF6A125897}.Release|ARM.ActiveCfg = Release|Any CPU
		{FD17AD8E-6A3F-4C1D-A7CB-DCBF6A125897}.Release|ARM.Build.0 = Release|Any CPU
		{FD17AD8E-6A3F-4C1D-A7CB-DCBF6A125897}.Release|x64.ActiveCfg = Release|Any CPU
		{FD17AD8E-6A3F-4C1D-A7CB-DCBF6A125897}.Release|x64.Build.0 = Release|Any CPU
		{FD17AD8E-6A3F-4C1D-A7CB-DCBF6A125897}.Release|x86.ActiveCfg = Release|Any CPU
		{FD17AD8E-6A3F-4C1D-A7CB-DCBF6A125897}.Release|x86.Build.0 = Release|Any CPU
		{18F7DCCA-467D-4B0E-B7B8-9FB19A023CF2}.Debug|Any CPU.ActiveCfg = Debug|Any CPU
		{18F7DCCA-467D-4B0E-B7B8-9FB19A023CF2}.Debug|Any CPU.Build.0 = Debug|Any CPU
		{18F7DCCA-467D-4B0E-B7B8-9FB19A023CF2}.Debug|ARM.ActiveCfg = Debug|Any CPU
		{18F7DCCA-467D-4B0E-B7B8-9FB19A023CF2}.Debug|ARM.Build.0 = Debug|Any CPU
		{18F7DCCA-467D-4B0E-B7B8-9FB19A023CF2}.Debug|x64.ActiveCfg = Debug|Any CPU
		{18F7DCCA-467D-4B0E-B7B8-9FB19A023CF2}.Debug|x64.Build.0 = Debug|Any CPU
		{18F7DCCA-467D-4B0E-B7B8-9FB19A023CF2}.Debug|x86.ActiveCfg = Debug|Any CPU
		{18F7DCCA-467D-4B0E-B7B8-9FB19A023CF2}.Debug|x86.Build.0 = Debug|Any CPU
		{18F7DCCA-467D-4B0E-B7B8-9FB19A023CF2}.Release|Any CPU.ActiveCfg = Release|Any CPU
		{18F7DCCA-467D-4B0E-B7B8-9FB19A023CF2}.Release|Any CPU.Build.0 = Release|Any CPU
		{18F7DCCA-467D-4B0E-B7B8-9FB19A023CF2}.Release|ARM.ActiveCfg = Release|Any CPU
		{18F7DCCA-467D-4B0E-B7B8-9FB19A023CF2}.Release|ARM.Build.0 = Release|Any CPU
		{18F7DCCA-467D-4B0E-B7B8-9FB19A023CF2}.Release|x64.ActiveCfg = Release|Any CPU
		{18F7DCCA-467D-4B0E-B7B8-9FB19A023CF2}.Release|x64.Build.0 = Release|Any CPU
		{18F7DCCA-467D-4B0E-B7B8-9FB19A023CF2}.Release|x86.ActiveCfg = Release|Any CPU
		{18F7DCCA-467D-4B0E-B7B8-9FB19A023CF2}.Release|x86.Build.0 = Release|Any CPU
		{FA40C3D1-C786-4A96-89D3-78D3AF17A437}.Debug|Any CPU.ActiveCfg = Debug|Any CPU
		{FA40C3D1-C786-4A96-89D3-78D3AF17A437}.Debug|Any CPU.Build.0 = Debug|Any CPU
		{FA40C3D1-C786-4A96-89D3-78D3AF17A437}.Debug|ARM.ActiveCfg = Debug|Any CPU
		{FA40C3D1-C786-4A96-89D3-78D3AF17A437}.Debug|ARM.Build.0 = Debug|Any CPU
		{FA40C3D1-C786-4A96-89D3-78D3AF17A437}.Debug|x64.ActiveCfg = Debug|Any CPU
		{FA40C3D1-C786-4A96-89D3-78D3AF17A437}.Debug|x64.Build.0 = Debug|Any CPU
		{FA40C3D1-C786-4A96-89D3-78D3AF17A437}.Debug|x86.ActiveCfg = Debug|Any CPU
		{FA40C3D1-C786-4A96-89D3-78D3AF17A437}.Debug|x86.Build.0 = Debug|Any CPU
		{FA40C3D1-C786-4A96-89D3-78D3AF17A437}.Release|Any CPU.ActiveCfg = Release|Any CPU
		{FA40C3D1-C786-4A96-89D3-78D3AF17A437}.Release|Any CPU.Build.0 = Release|Any CPU
		{FA40C3D1-C786-4A96-89D3-78D3AF17A437}.Release|ARM.ActiveCfg = Release|Any CPU
		{FA40C3D1-C786-4A96-89D3-78D3AF17A437}.Release|ARM.Build.0 = Release|Any CPU
		{FA40C3D1-C786-4A96-89D3-78D3AF17A437}.Release|x64.ActiveCfg = Release|Any CPU
		{FA40C3D1-C786-4A96-89D3-78D3AF17A437}.Release|x64.Build.0 = Release|Any CPU
		{FA40C3D1-C786-4A96-89D3-78D3AF17A437}.Release|x86.ActiveCfg = Release|Any CPU
		{FA40C3D1-C786-4A96-89D3-78D3AF17A437}.Release|x86.Build.0 = Release|Any CPU
		{1B35CBB6-69F6-49F4-AF75-5C66F202B88D}.Debug|Any CPU.ActiveCfg = Debug|Any CPU
		{1B35CBB6-69F6-49F4-AF75-5C66F202B88D}.Debug|Any CPU.Build.0 = Debug|Any CPU
		{1B35CBB6-69F6-49F4-AF75-5C66F202B88D}.Debug|ARM.ActiveCfg = Debug|Any CPU
		{1B35CBB6-69F6-49F4-AF75-5C66F202B88D}.Debug|ARM.Build.0 = Debug|Any CPU
		{1B35CBB6-69F6-49F4-AF75-5C66F202B88D}.Debug|x64.ActiveCfg = Debug|Any CPU
		{1B35CBB6-69F6-49F4-AF75-5C66F202B88D}.Debug|x64.Build.0 = Debug|Any CPU
		{1B35CBB6-69F6-49F4-AF75-5C66F202B88D}.Debug|x86.ActiveCfg = Debug|Any CPU
		{1B35CBB6-69F6-49F4-AF75-5C66F202B88D}.Debug|x86.Build.0 = Debug|Any CPU
		{1B35CBB6-69F6-49F4-AF75-5C66F202B88D}.Release|Any CPU.ActiveCfg = Release|Any CPU
		{1B35CBB6-69F6-49F4-AF75-5C66F202B88D}.Release|Any CPU.Build.0 = Release|Any CPU
		{1B35CBB6-69F6-49F4-AF75-5C66F202B88D}.Release|ARM.ActiveCfg = Release|Any CPU
		{1B35CBB6-69F6-49F4-AF75-5C66F202B88D}.Release|ARM.Build.0 = Release|Any CPU
		{1B35CBB6-69F6-49F4-AF75-5C66F202B88D}.Release|x64.ActiveCfg = Release|Any CPU
		{1B35CBB6-69F6-49F4-AF75-5C66F202B88D}.Release|x64.Build.0 = Release|Any CPU
		{1B35CBB6-69F6-49F4-AF75-5C66F202B88D}.Release|x86.ActiveCfg = Release|Any CPU
		{1B35CBB6-69F6-49F4-AF75-5C66F202B88D}.Release|x86.Build.0 = Release|Any CPU
		{CC098E36-DBA0-45A7-BF77-B8DD282937F6}.Debug|Any CPU.ActiveCfg = Debug|Any CPU
		{CC098E36-DBA0-45A7-BF77-B8DD282937F6}.Debug|Any CPU.Build.0 = Debug|Any CPU
		{CC098E36-DBA0-45A7-BF77-B8DD282937F6}.Debug|ARM.ActiveCfg = Debug|Any CPU
		{CC098E36-DBA0-45A7-BF77-B8DD282937F6}.Debug|ARM.Build.0 = Debug|Any CPU
		{CC098E36-DBA0-45A7-BF77-B8DD282937F6}.Debug|x64.ActiveCfg = Debug|Any CPU
		{CC098E36-DBA0-45A7-BF77-B8DD282937F6}.Debug|x64.Build.0 = Debug|Any CPU
		{CC098E36-DBA0-45A7-BF77-B8DD282937F6}.Debug|x86.ActiveCfg = Debug|Any CPU
		{CC098E36-DBA0-45A7-BF77-B8DD282937F6}.Debug|x86.Build.0 = Debug|Any CPU
		{CC098E36-DBA0-45A7-BF77-B8DD282937F6}.Release|Any CPU.ActiveCfg = Release|Any CPU
		{CC098E36-DBA0-45A7-BF77-B8DD282937F6}.Release|Any CPU.Build.0 = Release|Any CPU
		{CC098E36-DBA0-45A7-BF77-B8DD282937F6}.Release|ARM.ActiveCfg = Release|Any CPU
		{CC098E36-DBA0-45A7-BF77-B8DD282937F6}.Release|ARM.Build.0 = Release|Any CPU
		{CC098E36-DBA0-45A7-BF77-B8DD282937F6}.Release|x64.ActiveCfg = Release|Any CPU
		{CC098E36-DBA0-45A7-BF77-B8DD282937F6}.Release|x64.Build.0 = Release|Any CPU
		{CC098E36-DBA0-45A7-BF77-B8DD282937F6}.Release|x86.ActiveCfg = Release|Any CPU
		{CC098E36-DBA0-45A7-BF77-B8DD282937F6}.Release|x86.Build.0 = Release|Any CPU
		{911CB710-7F03-4774-8115-3747085F6DC2}.Debug|Any CPU.ActiveCfg = Debug|Any CPU
		{911CB710-7F03-4774-8115-3747085F6DC2}.Debug|Any CPU.Build.0 = Debug|Any CPU
		{911CB710-7F03-4774-8115-3747085F6DC2}.Debug|ARM.ActiveCfg = Debug|Any CPU
		{911CB710-7F03-4774-8115-3747085F6DC2}.Debug|ARM.Build.0 = Debug|Any CPU
		{911CB710-7F03-4774-8115-3747085F6DC2}.Debug|x64.ActiveCfg = Debug|Any CPU
		{911CB710-7F03-4774-8115-3747085F6DC2}.Debug|x64.Build.0 = Debug|Any CPU
		{911CB710-7F03-4774-8115-3747085F6DC2}.Debug|x86.ActiveCfg = Debug|Any CPU
		{911CB710-7F03-4774-8115-3747085F6DC2}.Debug|x86.Build.0 = Debug|Any CPU
		{911CB710-7F03-4774-8115-3747085F6DC2}.Release|Any CPU.ActiveCfg = Release|Any CPU
		{911CB710-7F03-4774-8115-3747085F6DC2}.Release|Any CPU.Build.0 = Release|Any CPU
		{911CB710-7F03-4774-8115-3747085F6DC2}.Release|ARM.ActiveCfg = Release|Any CPU
		{911CB710-7F03-4774-8115-3747085F6DC2}.Release|ARM.Build.0 = Release|Any CPU
		{911CB710-7F03-4774-8115-3747085F6DC2}.Release|x64.ActiveCfg = Release|Any CPU
		{911CB710-7F03-4774-8115-3747085F6DC2}.Release|x64.Build.0 = Release|Any CPU
		{911CB710-7F03-4774-8115-3747085F6DC2}.Release|x86.ActiveCfg = Release|Any CPU
		{911CB710-7F03-4774-8115-3747085F6DC2}.Release|x86.Build.0 = Release|Any CPU
		{0959F4B6-D9E4-4947-8889-D913A26F4788}.Debug|Any CPU.ActiveCfg = Debug|Any CPU
		{0959F4B6-D9E4-4947-8889-D913A26F4788}.Debug|Any CPU.Build.0 = Debug|Any CPU
		{0959F4B6-D9E4-4947-8889-D913A26F4788}.Debug|ARM.ActiveCfg = Debug|ARM
		{0959F4B6-D9E4-4947-8889-D913A26F4788}.Debug|ARM.Build.0 = Debug|ARM
		{0959F4B6-D9E4-4947-8889-D913A26F4788}.Debug|x64.ActiveCfg = Debug|x64
		{0959F4B6-D9E4-4947-8889-D913A26F4788}.Debug|x64.Build.0 = Debug|x64
		{0959F4B6-D9E4-4947-8889-D913A26F4788}.Debug|x86.ActiveCfg = Debug|x86
		{0959F4B6-D9E4-4947-8889-D913A26F4788}.Debug|x86.Build.0 = Debug|x86
		{0959F4B6-D9E4-4947-8889-D913A26F4788}.Release|Any CPU.ActiveCfg = Release|Any CPU
		{0959F4B6-D9E4-4947-8889-D913A26F4788}.Release|Any CPU.Build.0 = Release|Any CPU
		{0959F4B6-D9E4-4947-8889-D913A26F4788}.Release|ARM.ActiveCfg = Release|ARM
		{0959F4B6-D9E4-4947-8889-D913A26F4788}.Release|ARM.Build.0 = Release|ARM
		{0959F4B6-D9E4-4947-8889-D913A26F4788}.Release|x64.ActiveCfg = Release|x64
		{0959F4B6-D9E4-4947-8889-D913A26F4788}.Release|x64.Build.0 = Release|x64
		{0959F4B6-D9E4-4947-8889-D913A26F4788}.Release|x86.ActiveCfg = Release|x86
		{0959F4B6-D9E4-4947-8889-D913A26F4788}.Release|x86.Build.0 = Release|x86
		{B3B5BEAF-E04D-4113-B8F0-659DF433ECAA}.Debug|Any CPU.ActiveCfg = Debug|Any CPU
		{B3B5BEAF-E04D-4113-B8F0-659DF433ECAA}.Debug|Any CPU.Build.0 = Debug|Any CPU
		{B3B5BEAF-E04D-4113-B8F0-659DF433ECAA}.Debug|ARM.ActiveCfg = Debug|Any CPU
		{B3B5BEAF-E04D-4113-B8F0-659DF433ECAA}.Debug|ARM.Build.0 = Debug|Any CPU
		{B3B5BEAF-E04D-4113-B8F0-659DF433ECAA}.Debug|x64.ActiveCfg = Debug|Any CPU
		{B3B5BEAF-E04D-4113-B8F0-659DF433ECAA}.Debug|x64.Build.0 = Debug|Any CPU
		{B3B5BEAF-E04D-4113-B8F0-659DF433ECAA}.Debug|x86.ActiveCfg = Debug|Any CPU
		{B3B5BEAF-E04D-4113-B8F0-659DF433ECAA}.Debug|x86.Build.0 = Debug|Any CPU
		{B3B5BEAF-E04D-4113-B8F0-659DF433ECAA}.Release|Any CPU.ActiveCfg = Release|Any CPU
		{B3B5BEAF-E04D-4113-B8F0-659DF433ECAA}.Release|Any CPU.Build.0 = Release|Any CPU
		{B3B5BEAF-E04D-4113-B8F0-659DF433ECAA}.Release|ARM.ActiveCfg = Release|Any CPU
		{B3B5BEAF-E04D-4113-B8F0-659DF433ECAA}.Release|ARM.Build.0 = Release|Any CPU
		{B3B5BEAF-E04D-4113-B8F0-659DF433ECAA}.Release|x64.ActiveCfg = Release|Any CPU
		{B3B5BEAF-E04D-4113-B8F0-659DF433ECAA}.Release|x64.Build.0 = Release|Any CPU
		{B3B5BEAF-E04D-4113-B8F0-659DF433ECAA}.Release|x86.ActiveCfg = Release|Any CPU
		{B3B5BEAF-E04D-4113-B8F0-659DF433ECAA}.Release|x86.Build.0 = Release|Any CPU
		{EE72434B-CB9D-41F4-B6B7-3BB60B2E7218}.Debug|Any CPU.ActiveCfg = Debug|Any CPU
		{EE72434B-CB9D-41F4-B6B7-3BB60B2E7218}.Debug|Any CPU.Build.0 = Debug|Any CPU
		{EE72434B-CB9D-41F4-B6B7-3BB60B2E7218}.Debug|ARM.ActiveCfg = Debug|Any CPU
		{EE72434B-CB9D-41F4-B6B7-3BB60B2E7218}.Debug|ARM.Build.0 = Debug|Any CPU
		{EE72434B-CB9D-41F4-B6B7-3BB60B2E7218}.Debug|x64.ActiveCfg = Debug|Any CPU
		{EE72434B-CB9D-41F4-B6B7-3BB60B2E7218}.Debug|x64.Build.0 = Debug|Any CPU
		{EE72434B-CB9D-41F4-B6B7-3BB60B2E7218}.Debug|x86.ActiveCfg = Debug|Any CPU
		{EE72434B-CB9D-41F4-B6B7-3BB60B2E7218}.Debug|x86.Build.0 = Debug|Any CPU
		{EE72434B-CB9D-41F4-B6B7-3BB60B2E7218}.Release|Any CPU.ActiveCfg = Release|Any CPU
		{EE72434B-CB9D-41F4-B6B7-3BB60B2E7218}.Release|Any CPU.Build.0 = Release|Any CPU
		{EE72434B-CB9D-41F4-B6B7-3BB60B2E7218}.Release|ARM.ActiveCfg = Release|Any CPU
		{EE72434B-CB9D-41F4-B6B7-3BB60B2E7218}.Release|ARM.Build.0 = Release|Any CPU
		{EE72434B-CB9D-41F4-B6B7-3BB60B2E7218}.Release|x64.ActiveCfg = Release|Any CPU
		{EE72434B-CB9D-41F4-B6B7-3BB60B2E7218}.Release|x64.Build.0 = Release|Any CPU
		{EE72434B-CB9D-41F4-B6B7-3BB60B2E7218}.Release|x86.ActiveCfg = Release|Any CPU
		{EE72434B-CB9D-41F4-B6B7-3BB60B2E7218}.Release|x86.Build.0 = Release|Any CPU
	EndGlobalSection
	GlobalSection(SolutionProperties) = preSolution
		HideSolutionNode = FALSE
	EndGlobalSection
EndGlobal
