
Microsoft Visual Studio Solution File, Format Version 12.00
# Visual Studio 15
VisualStudioVersion = 15.0.27703.2042
MinimumVisualStudioVersion = 10.0.40219.1
Project("{9A19103F-16F7-4668-BE54-9A1E7A4F7556}") = "BuildIt.ML", "BuildIt.ML\BuildIt.ML\BuildIt.ML.csproj", "{1BA489BF-56A8-44C7-B901-64A0F6CB05B4}"
EndProject
Project("{2150E333-8FDC-42A3-9474-1A3956D46DE8}") = "Samples", "Samples", "{AFEDBBAD-3845-4B1A-BD62-67081E57FC8C}"
EndProject
Project("{9A19103F-16F7-4668-BE54-9A1E7A4F7556}") = "BuildIt.ML.Sample.Core", "BuildIt.ML\Samples\BuildIt.ML.Sample.Core\BuildIt.ML.Sample.Core.csproj", "{A294EDED-C071-4BD3-BAA5-AFBB9E570CE1}"
EndProject
Project("{9A19103F-16F7-4668-BE54-9A1E7A4F7556}") = "BuildIt.ML.Sample.UI", "BuildIt.ML\Samples\BuildIt.ML.Sample.UI\BuildIt.ML.Sample.UI.csproj", "{BB9ED461-5E9E-46E4-93F3-E34D65D61FF5}"
EndProject
Project("{FAE04EC0-301F-11D3-BF4B-00C04F79EFBC}") = "BuildIt.ML.Sample.iOS", "BuildIt.ML\Samples\BuildIt.ML.Sample.iOS\BuildIt.ML.Sample.iOS.csproj", "{B7ED1635-49A4-41E3-83C8-A8F2EC6E0F1E}"
EndProject
Project("{FAE04EC0-301F-11D3-BF4B-00C04F79EFBC}") = "BuildIt.ML.Sample.UWP", "BuildIt.ML\Samples\BuildIt.ML.Sample.UWP\BuildIt.ML.Sample.UWP.csproj", "{B8C62C83-1DC5-4715-9D5C-BB0637BDFF59}"
EndProject
Project("{FAE04EC0-301F-11D3-BF4B-00C04F79EFBC}") = "BuildIt.ML.Sample.Android", "BuildIt.ML\Samples\BuildIt.ML.Sample.Android\BuildIt.ML.Sample.Android.csproj", "{BCF1F410-46EB-4DD9-80BD-6D9787D81884}"
EndProject
Project("{FAE04EC0-301F-11D3-BF4B-00C04F79EFBC}") = "MarsHabitatPricerPredictor", "BuildIt.ML\Samples\MarsHabitatPricerPredictor\MarsHabitatPricerPredictor.csproj", "{101E3060-8799-4119-8A7A-4F86A01C0C84}"
EndProject
Project("{2150E333-8FDC-42A3-9474-1A3956D46DE8}") = "Libraries", "Libraries", "{A607C2F9-3B06-40E8-AE50-1F88D4AC03D0}"
EndProject
Project("{9A19103F-16F7-4668-BE54-9A1E7A4F7556}") = "BuildIt.General", "BuildIt.General\BuildIt.General\BuildIt.General.csproj", "{D0E892DC-9872-4549-8780-DACD78E54522}"
EndProject
Project("{9A19103F-16F7-4668-BE54-9A1E7A4F7556}") = "BuildIt.States", "BuildIt.States\BuildIt.States\BuildIt.States.csproj", "{1D30DC76-3CDE-47B8-860D-5AEA8E620B92}"
EndProject
Project("{9A19103F-16F7-4668-BE54-9A1E7A4F7556}") = "BuildIt.Forms.Core", "BuildIt.Forms\BuildIt.Forms.Core\BuildIt.Forms.Core.csproj", "{33ACE3B8-1E2F-49DE-8292-65E7AB49B5A5}"
EndProject
Project("{9A19103F-16F7-4668-BE54-9A1E7A4F7556}") = "BuildIt.Forms.Controls", "BuildIt.Forms\BuildIt.Forms.Controls\BuildIt.Forms.Controls.csproj", "{79BFCFE4-0E39-488F-A909-F72A999FA046}"
EndProject
Global
	GlobalSection(SolutionConfigurationPlatforms) = preSolution
		Ad-Hoc|Any CPU = Ad-Hoc|Any CPU
		Ad-Hoc|ARM = Ad-Hoc|ARM
		Ad-Hoc|iPhone = Ad-Hoc|iPhone
		Ad-Hoc|iPhoneSimulator = Ad-Hoc|iPhoneSimulator
		Ad-Hoc|x64 = Ad-Hoc|x64
		Ad-Hoc|x86 = Ad-Hoc|x86
		AppStore|Any CPU = AppStore|Any CPU
		AppStore|ARM = AppStore|ARM
		AppStore|iPhone = AppStore|iPhone
		AppStore|iPhoneSimulator = AppStore|iPhoneSimulator
		AppStore|x64 = AppStore|x64
		AppStore|x86 = AppStore|x86
		Debug|Any CPU = Debug|Any CPU
		Debug|ARM = Debug|ARM
		Debug|iPhone = Debug|iPhone
		Debug|iPhoneSimulator = Debug|iPhoneSimulator
		Debug|x64 = Debug|x64
		Debug|x86 = Debug|x86
		Release|Any CPU = Release|Any CPU
		Release|ARM = Release|ARM
		Release|iPhone = Release|iPhone
		Release|iPhoneSimulator = Release|iPhoneSimulator
		Release|x64 = Release|x64
		Release|x86 = Release|x86
	EndGlobalSection
	GlobalSection(ProjectConfigurationPlatforms) = postSolution
		{1BA489BF-56A8-44C7-B901-64A0F6CB05B4}.Ad-Hoc|Any CPU.ActiveCfg = Release|Any CPU
		{1BA489BF-56A8-44C7-B901-64A0F6CB05B4}.Ad-Hoc|Any CPU.Build.0 = Release|Any CPU
		{1BA489BF-56A8-44C7-B901-64A0F6CB05B4}.Ad-Hoc|ARM.ActiveCfg = Release|Any CPU
		{1BA489BF-56A8-44C7-B901-64A0F6CB05B4}.Ad-Hoc|ARM.Build.0 = Release|Any CPU
		{1BA489BF-56A8-44C7-B901-64A0F6CB05B4}.Ad-Hoc|iPhone.ActiveCfg = Release|Any CPU
		{1BA489BF-56A8-44C7-B901-64A0F6CB05B4}.Ad-Hoc|iPhone.Build.0 = Release|Any CPU
		{1BA489BF-56A8-44C7-B901-64A0F6CB05B4}.Ad-Hoc|iPhoneSimulator.ActiveCfg = Release|Any CPU
		{1BA489BF-56A8-44C7-B901-64A0F6CB05B4}.Ad-Hoc|iPhoneSimulator.Build.0 = Release|Any CPU
		{1BA489BF-56A8-44C7-B901-64A0F6CB05B4}.Ad-Hoc|x64.ActiveCfg = Release|Any CPU
		{1BA489BF-56A8-44C7-B901-64A0F6CB05B4}.Ad-Hoc|x64.Build.0 = Release|Any CPU
		{1BA489BF-56A8-44C7-B901-64A0F6CB05B4}.Ad-Hoc|x86.ActiveCfg = Release|Any CPU
		{1BA489BF-56A8-44C7-B901-64A0F6CB05B4}.Ad-Hoc|x86.Build.0 = Release|Any CPU
		{1BA489BF-56A8-44C7-B901-64A0F6CB05B4}.AppStore|Any CPU.ActiveCfg = Release|Any CPU
		{1BA489BF-56A8-44C7-B901-64A0F6CB05B4}.AppStore|Any CPU.Build.0 = Release|Any CPU
		{1BA489BF-56A8-44C7-B901-64A0F6CB05B4}.AppStore|ARM.ActiveCfg = Release|Any CPU
		{1BA489BF-56A8-44C7-B901-64A0F6CB05B4}.AppStore|ARM.Build.0 = Release|Any CPU
		{1BA489BF-56A8-44C7-B901-64A0F6CB05B4}.AppStore|iPhone.ActiveCfg = Release|Any CPU
		{1BA489BF-56A8-44C7-B901-64A0F6CB05B4}.AppStore|iPhone.Build.0 = Release|Any CPU
		{1BA489BF-56A8-44C7-B901-64A0F6CB05B4}.AppStore|iPhoneSimulator.ActiveCfg = Release|Any CPU
		{1BA489BF-56A8-44C7-B901-64A0F6CB05B4}.AppStore|iPhoneSimulator.Build.0 = Release|Any CPU
		{1BA489BF-56A8-44C7-B901-64A0F6CB05B4}.AppStore|x64.ActiveCfg = Release|Any CPU
		{1BA489BF-56A8-44C7-B901-64A0F6CB05B4}.AppStore|x64.Build.0 = Release|Any CPU
		{1BA489BF-56A8-44C7-B901-64A0F6CB05B4}.AppStore|x86.ActiveCfg = Release|Any CPU
		{1BA489BF-56A8-44C7-B901-64A0F6CB05B4}.AppStore|x86.Build.0 = Release|Any CPU
		{1BA489BF-56A8-44C7-B901-64A0F6CB05B4}.Debug|Any CPU.ActiveCfg = Debug|Any CPU
		{1BA489BF-56A8-44C7-B901-64A0F6CB05B4}.Debug|Any CPU.Build.0 = Debug|Any CPU
		{1BA489BF-56A8-44C7-B901-64A0F6CB05B4}.Debug|ARM.ActiveCfg = Debug|Any CPU
		{1BA489BF-56A8-44C7-B901-64A0F6CB05B4}.Debug|ARM.Build.0 = Debug|Any CPU
		{1BA489BF-56A8-44C7-B901-64A0F6CB05B4}.Debug|iPhone.ActiveCfg = Debug|Any CPU
		{1BA489BF-56A8-44C7-B901-64A0F6CB05B4}.Debug|iPhone.Build.0 = Debug|Any CPU
		{1BA489BF-56A8-44C7-B901-64A0F6CB05B4}.Debug|iPhoneSimulator.ActiveCfg = Debug|Any CPU
		{1BA489BF-56A8-44C7-B901-64A0F6CB05B4}.Debug|iPhoneSimulator.Build.0 = Debug|Any CPU
		{1BA489BF-56A8-44C7-B901-64A0F6CB05B4}.Debug|x64.ActiveCfg = Debug|Any CPU
		{1BA489BF-56A8-44C7-B901-64A0F6CB05B4}.Debug|x64.Build.0 = Debug|Any CPU
		{1BA489BF-56A8-44C7-B901-64A0F6CB05B4}.Debug|x86.ActiveCfg = Debug|Any CPU
		{1BA489BF-56A8-44C7-B901-64A0F6CB05B4}.Debug|x86.Build.0 = Debug|Any CPU
		{1BA489BF-56A8-44C7-B901-64A0F6CB05B4}.Release|Any CPU.ActiveCfg = Release|Any CPU
		{1BA489BF-56A8-44C7-B901-64A0F6CB05B4}.Release|Any CPU.Build.0 = Release|Any CPU
		{1BA489BF-56A8-44C7-B901-64A0F6CB05B4}.Release|ARM.ActiveCfg = Release|Any CPU
		{1BA489BF-56A8-44C7-B901-64A0F6CB05B4}.Release|ARM.Build.0 = Release|Any CPU
		{1BA489BF-56A8-44C7-B901-64A0F6CB05B4}.Release|iPhone.ActiveCfg = Release|Any CPU
		{1BA489BF-56A8-44C7-B901-64A0F6CB05B4}.Release|iPhone.Build.0 = Release|Any CPU
		{1BA489BF-56A8-44C7-B901-64A0F6CB05B4}.Release|iPhoneSimulator.ActiveCfg = Release|Any CPU
		{1BA489BF-56A8-44C7-B901-64A0F6CB05B4}.Release|iPhoneSimulator.Build.0 = Release|Any CPU
		{1BA489BF-56A8-44C7-B901-64A0F6CB05B4}.Release|x64.ActiveCfg = Release|Any CPU
		{1BA489BF-56A8-44C7-B901-64A0F6CB05B4}.Release|x64.Build.0 = Release|Any CPU
		{1BA489BF-56A8-44C7-B901-64A0F6CB05B4}.Release|x86.ActiveCfg = Release|Any CPU
		{1BA489BF-56A8-44C7-B901-64A0F6CB05B4}.Release|x86.Build.0 = Release|Any CPU
		{A294EDED-C071-4BD3-BAA5-AFBB9E570CE1}.Ad-Hoc|Any CPU.ActiveCfg = Debug|Any CPU
		{A294EDED-C071-4BD3-BAA5-AFBB9E570CE1}.Ad-Hoc|Any CPU.Build.0 = Debug|Any CPU
		{A294EDED-C071-4BD3-BAA5-AFBB9E570CE1}.Ad-Hoc|ARM.ActiveCfg = Debug|Any CPU
		{A294EDED-C071-4BD3-BAA5-AFBB9E570CE1}.Ad-Hoc|ARM.Build.0 = Debug|Any CPU
		{A294EDED-C071-4BD3-BAA5-AFBB9E570CE1}.Ad-Hoc|iPhone.ActiveCfg = Debug|Any CPU
		{A294EDED-C071-4BD3-BAA5-AFBB9E570CE1}.Ad-Hoc|iPhone.Build.0 = Debug|Any CPU
		{A294EDED-C071-4BD3-BAA5-AFBB9E570CE1}.Ad-Hoc|iPhoneSimulator.ActiveCfg = Debug|Any CPU
		{A294EDED-C071-4BD3-BAA5-AFBB9E570CE1}.Ad-Hoc|iPhoneSimulator.Build.0 = Debug|Any CPU
		{A294EDED-C071-4BD3-BAA5-AFBB9E570CE1}.Ad-Hoc|x64.ActiveCfg = Debug|Any CPU
		{A294EDED-C071-4BD3-BAA5-AFBB9E570CE1}.Ad-Hoc|x64.Build.0 = Debug|Any CPU
		{A294EDED-C071-4BD3-BAA5-AFBB9E570CE1}.Ad-Hoc|x86.ActiveCfg = Debug|Any CPU
		{A294EDED-C071-4BD3-BAA5-AFBB9E570CE1}.Ad-Hoc|x86.Build.0 = Debug|Any CPU
		{A294EDED-C071-4BD3-BAA5-AFBB9E570CE1}.AppStore|Any CPU.ActiveCfg = Debug|Any CPU
		{A294EDED-C071-4BD3-BAA5-AFBB9E570CE1}.AppStore|Any CPU.Build.0 = Debug|Any CPU
		{A294EDED-C071-4BD3-BAA5-AFBB9E570CE1}.AppStore|ARM.ActiveCfg = Debug|Any CPU
		{A294EDED-C071-4BD3-BAA5-AFBB9E570CE1}.AppStore|ARM.Build.0 = Debug|Any CPU
		{A294EDED-C071-4BD3-BAA5-AFBB9E570CE1}.AppStore|iPhone.ActiveCfg = Debug|Any CPU
		{A294EDED-C071-4BD3-BAA5-AFBB9E570CE1}.AppStore|iPhone.Build.0 = Debug|Any CPU
		{A294EDED-C071-4BD3-BAA5-AFBB9E570CE1}.AppStore|iPhoneSimulator.ActiveCfg = Debug|Any CPU
		{A294EDED-C071-4BD3-BAA5-AFBB9E570CE1}.AppStore|iPhoneSimulator.Build.0 = Debug|Any CPU
		{A294EDED-C071-4BD3-BAA5-AFBB9E570CE1}.AppStore|x64.ActiveCfg = Debug|Any CPU
		{A294EDED-C071-4BD3-BAA5-AFBB9E570CE1}.AppStore|x64.Build.0 = Debug|Any CPU
		{A294EDED-C071-4BD3-BAA5-AFBB9E570CE1}.AppStore|x86.ActiveCfg = Debug|Any CPU
		{A294EDED-C071-4BD3-BAA5-AFBB9E570CE1}.AppStore|x86.Build.0 = Debug|Any CPU
		{A294EDED-C071-4BD3-BAA5-AFBB9E570CE1}.Debug|Any CPU.ActiveCfg = Debug|Any CPU
		{A294EDED-C071-4BD3-BAA5-AFBB9E570CE1}.Debug|Any CPU.Build.0 = Debug|Any CPU
		{A294EDED-C071-4BD3-BAA5-AFBB9E570CE1}.Debug|ARM.ActiveCfg = Debug|Any CPU
		{A294EDED-C071-4BD3-BAA5-AFBB9E570CE1}.Debug|ARM.Build.0 = Debug|Any CPU
		{A294EDED-C071-4BD3-BAA5-AFBB9E570CE1}.Debug|iPhone.ActiveCfg = Debug|Any CPU
		{A294EDED-C071-4BD3-BAA5-AFBB9E570CE1}.Debug|iPhone.Build.0 = Debug|Any CPU
		{A294EDED-C071-4BD3-BAA5-AFBB9E570CE1}.Debug|iPhoneSimulator.ActiveCfg = Debug|Any CPU
		{A294EDED-C071-4BD3-BAA5-AFBB9E570CE1}.Debug|iPhoneSimulator.Build.0 = Debug|Any CPU
		{A294EDED-C071-4BD3-BAA5-AFBB9E570CE1}.Debug|x64.ActiveCfg = Debug|Any CPU
		{A294EDED-C071-4BD3-BAA5-AFBB9E570CE1}.Debug|x64.Build.0 = Debug|Any CPU
		{A294EDED-C071-4BD3-BAA5-AFBB9E570CE1}.Debug|x86.ActiveCfg = Debug|Any CPU
		{A294EDED-C071-4BD3-BAA5-AFBB9E570CE1}.Debug|x86.Build.0 = Debug|Any CPU
		{A294EDED-C071-4BD3-BAA5-AFBB9E570CE1}.Release|Any CPU.ActiveCfg = Release|Any CPU
		{A294EDED-C071-4BD3-BAA5-AFBB9E570CE1}.Release|Any CPU.Build.0 = Release|Any CPU
		{A294EDED-C071-4BD3-BAA5-AFBB9E570CE1}.Release|ARM.ActiveCfg = Release|Any CPU
		{A294EDED-C071-4BD3-BAA5-AFBB9E570CE1}.Release|ARM.Build.0 = Release|Any CPU
		{A294EDED-C071-4BD3-BAA5-AFBB9E570CE1}.Release|iPhone.ActiveCfg = Release|Any CPU
		{A294EDED-C071-4BD3-BAA5-AFBB9E570CE1}.Release|iPhone.Build.0 = Release|Any CPU
		{A294EDED-C071-4BD3-BAA5-AFBB9E570CE1}.Release|iPhoneSimulator.ActiveCfg = Release|Any CPU
		{A294EDED-C071-4BD3-BAA5-AFBB9E570CE1}.Release|iPhoneSimulator.Build.0 = Release|Any CPU
		{A294EDED-C071-4BD3-BAA5-AFBB9E570CE1}.Release|x64.ActiveCfg = Release|Any CPU
		{A294EDED-C071-4BD3-BAA5-AFBB9E570CE1}.Release|x64.Build.0 = Release|Any CPU
		{A294EDED-C071-4BD3-BAA5-AFBB9E570CE1}.Release|x86.ActiveCfg = Release|Any CPU
		{A294EDED-C071-4BD3-BAA5-AFBB9E570CE1}.Release|x86.Build.0 = Release|Any CPU
		{BB9ED461-5E9E-46E4-93F3-E34D65D61FF5}.Ad-Hoc|Any CPU.ActiveCfg = Debug|Any CPU
		{BB9ED461-5E9E-46E4-93F3-E34D65D61FF5}.Ad-Hoc|Any CPU.Build.0 = Debug|Any CPU
		{BB9ED461-5E9E-46E4-93F3-E34D65D61FF5}.Ad-Hoc|ARM.ActiveCfg = Debug|Any CPU
		{BB9ED461-5E9E-46E4-93F3-E34D65D61FF5}.Ad-Hoc|ARM.Build.0 = Debug|Any CPU
		{BB9ED461-5E9E-46E4-93F3-E34D65D61FF5}.Ad-Hoc|iPhone.ActiveCfg = Debug|Any CPU
		{BB9ED461-5E9E-46E4-93F3-E34D65D61FF5}.Ad-Hoc|iPhone.Build.0 = Debug|Any CPU
		{BB9ED461-5E9E-46E4-93F3-E34D65D61FF5}.Ad-Hoc|iPhoneSimulator.ActiveCfg = Debug|Any CPU
		{BB9ED461-5E9E-46E4-93F3-E34D65D61FF5}.Ad-Hoc|iPhoneSimulator.Build.0 = Debug|Any CPU
		{BB9ED461-5E9E-46E4-93F3-E34D65D61FF5}.Ad-Hoc|x64.ActiveCfg = Debug|Any CPU
		{BB9ED461-5E9E-46E4-93F3-E34D65D61FF5}.Ad-Hoc|x64.Build.0 = Debug|Any CPU
		{BB9ED461-5E9E-46E4-93F3-E34D65D61FF5}.Ad-Hoc|x86.ActiveCfg = Debug|Any CPU
		{BB9ED461-5E9E-46E4-93F3-E34D65D61FF5}.Ad-Hoc|x86.Build.0 = Debug|Any CPU
		{BB9ED461-5E9E-46E4-93F3-E34D65D61FF5}.AppStore|Any CPU.ActiveCfg = Debug|Any CPU
		{BB9ED461-5E9E-46E4-93F3-E34D65D61FF5}.AppStore|Any CPU.Build.0 = Debug|Any CPU
		{BB9ED461-5E9E-46E4-93F3-E34D65D61FF5}.AppStore|ARM.ActiveCfg = Debug|Any CPU
		{BB9ED461-5E9E-46E4-93F3-E34D65D61FF5}.AppStore|ARM.Build.0 = Debug|Any CPU
		{BB9ED461-5E9E-46E4-93F3-E34D65D61FF5}.AppStore|iPhone.ActiveCfg = Debug|Any CPU
		{BB9ED461-5E9E-46E4-93F3-E34D65D61FF5}.AppStore|iPhone.Build.0 = Debug|Any CPU
		{BB9ED461-5E9E-46E4-93F3-E34D65D61FF5}.AppStore|iPhoneSimulator.ActiveCfg = Debug|Any CPU
		{BB9ED461-5E9E-46E4-93F3-E34D65D61FF5}.AppStore|iPhoneSimulator.Build.0 = Debug|Any CPU
		{BB9ED461-5E9E-46E4-93F3-E34D65D61FF5}.AppStore|x64.ActiveCfg = Debug|Any CPU
		{BB9ED461-5E9E-46E4-93F3-E34D65D61FF5}.AppStore|x64.Build.0 = Debug|Any CPU
		{BB9ED461-5E9E-46E4-93F3-E34D65D61FF5}.AppStore|x86.ActiveCfg = Debug|Any CPU
		{BB9ED461-5E9E-46E4-93F3-E34D65D61FF5}.AppStore|x86.Build.0 = Debug|Any CPU
		{BB9ED461-5E9E-46E4-93F3-E34D65D61FF5}.Debug|Any CPU.ActiveCfg = Debug|Any CPU
		{BB9ED461-5E9E-46E4-93F3-E34D65D61FF5}.Debug|Any CPU.Build.0 = Debug|Any CPU
		{BB9ED461-5E9E-46E4-93F3-E34D65D61FF5}.Debug|ARM.ActiveCfg = Debug|Any CPU
		{BB9ED461-5E9E-46E4-93F3-E34D65D61FF5}.Debug|ARM.Build.0 = Debug|Any CPU
		{BB9ED461-5E9E-46E4-93F3-E34D65D61FF5}.Debug|iPhone.ActiveCfg = Debug|Any CPU
		{BB9ED461-5E9E-46E4-93F3-E34D65D61FF5}.Debug|iPhone.Build.0 = Debug|Any CPU
		{BB9ED461-5E9E-46E4-93F3-E34D65D61FF5}.Debug|iPhoneSimulator.ActiveCfg = Debug|Any CPU
		{BB9ED461-5E9E-46E4-93F3-E34D65D61FF5}.Debug|iPhoneSimulator.Build.0 = Debug|Any CPU
		{BB9ED461-5E9E-46E4-93F3-E34D65D61FF5}.Debug|x64.ActiveCfg = Debug|Any CPU
		{BB9ED461-5E9E-46E4-93F3-E34D65D61FF5}.Debug|x64.Build.0 = Debug|Any CPU
		{BB9ED461-5E9E-46E4-93F3-E34D65D61FF5}.Debug|x86.ActiveCfg = Debug|Any CPU
		{BB9ED461-5E9E-46E4-93F3-E34D65D61FF5}.Debug|x86.Build.0 = Debug|Any CPU
		{BB9ED461-5E9E-46E4-93F3-E34D65D61FF5}.Release|Any CPU.ActiveCfg = Release|Any CPU
		{BB9ED461-5E9E-46E4-93F3-E34D65D61FF5}.Release|Any CPU.Build.0 = Release|Any CPU
		{BB9ED461-5E9E-46E4-93F3-E34D65D61FF5}.Release|ARM.ActiveCfg = Release|Any CPU
		{BB9ED461-5E9E-46E4-93F3-E34D65D61FF5}.Release|ARM.Build.0 = Release|Any CPU
		{BB9ED461-5E9E-46E4-93F3-E34D65D61FF5}.Release|iPhone.ActiveCfg = Release|Any CPU
		{BB9ED461-5E9E-46E4-93F3-E34D65D61FF5}.Release|iPhone.Build.0 = Release|Any CPU
		{BB9ED461-5E9E-46E4-93F3-E34D65D61FF5}.Release|iPhoneSimulator.ActiveCfg = Release|Any CPU
		{BB9ED461-5E9E-46E4-93F3-E34D65D61FF5}.Release|iPhoneSimulator.Build.0 = Release|Any CPU
		{BB9ED461-5E9E-46E4-93F3-E34D65D61FF5}.Release|x64.ActiveCfg = Release|Any CPU
		{BB9ED461-5E9E-46E4-93F3-E34D65D61FF5}.Release|x64.Build.0 = Release|Any CPU
		{BB9ED461-5E9E-46E4-93F3-E34D65D61FF5}.Release|x86.ActiveCfg = Release|Any CPU
		{BB9ED461-5E9E-46E4-93F3-E34D65D61FF5}.Release|x86.Build.0 = Release|Any CPU
		{B7ED1635-49A4-41E3-83C8-A8F2EC6E0F1E}.Ad-Hoc|Any CPU.ActiveCfg = Ad-Hoc|iPhone
		{B7ED1635-49A4-41E3-83C8-A8F2EC6E0F1E}.Ad-Hoc|ARM.ActiveCfg = Ad-Hoc|iPhone
		{B7ED1635-49A4-41E3-83C8-A8F2EC6E0F1E}.Ad-Hoc|iPhone.ActiveCfg = Ad-Hoc|iPhone
		{B7ED1635-49A4-41E3-83C8-A8F2EC6E0F1E}.Ad-Hoc|iPhone.Build.0 = Ad-Hoc|iPhone
		{B7ED1635-49A4-41E3-83C8-A8F2EC6E0F1E}.Ad-Hoc|iPhoneSimulator.ActiveCfg = Ad-Hoc|iPhoneSimulator
		{B7ED1635-49A4-41E3-83C8-A8F2EC6E0F1E}.Ad-Hoc|iPhoneSimulator.Build.0 = Ad-Hoc|iPhoneSimulator
		{B7ED1635-49A4-41E3-83C8-A8F2EC6E0F1E}.Ad-Hoc|x64.ActiveCfg = Ad-Hoc|iPhone
		{B7ED1635-49A4-41E3-83C8-A8F2EC6E0F1E}.Ad-Hoc|x86.ActiveCfg = Ad-Hoc|iPhone
		{B7ED1635-49A4-41E3-83C8-A8F2EC6E0F1E}.AppStore|Any CPU.ActiveCfg = AppStore|iPhone
		{B7ED1635-49A4-41E3-83C8-A8F2EC6E0F1E}.AppStore|ARM.ActiveCfg = AppStore|iPhone
		{B7ED1635-49A4-41E3-83C8-A8F2EC6E0F1E}.AppStore|iPhone.ActiveCfg = AppStore|iPhone
		{B7ED1635-49A4-41E3-83C8-A8F2EC6E0F1E}.AppStore|iPhone.Build.0 = AppStore|iPhone
		{B7ED1635-49A4-41E3-83C8-A8F2EC6E0F1E}.AppStore|iPhoneSimulator.ActiveCfg = AppStore|iPhoneSimulator
		{B7ED1635-49A4-41E3-83C8-A8F2EC6E0F1E}.AppStore|iPhoneSimulator.Build.0 = AppStore|iPhoneSimulator
		{B7ED1635-49A4-41E3-83C8-A8F2EC6E0F1E}.AppStore|x64.ActiveCfg = AppStore|iPhone
		{B7ED1635-49A4-41E3-83C8-A8F2EC6E0F1E}.AppStore|x86.ActiveCfg = AppStore|iPhone
		{B7ED1635-49A4-41E3-83C8-A8F2EC6E0F1E}.Debug|Any CPU.ActiveCfg = Debug|iPhone
		{B7ED1635-49A4-41E3-83C8-A8F2EC6E0F1E}.Debug|ARM.ActiveCfg = Debug|iPhone
		{B7ED1635-49A4-41E3-83C8-A8F2EC6E0F1E}.Debug|iPhone.ActiveCfg = Debug|iPhone
		{B7ED1635-49A4-41E3-83C8-A8F2EC6E0F1E}.Debug|iPhone.Build.0 = Debug|iPhone
		{B7ED1635-49A4-41E3-83C8-A8F2EC6E0F1E}.Debug|iPhoneSimulator.ActiveCfg = Debug|iPhoneSimulator
		{B7ED1635-49A4-41E3-83C8-A8F2EC6E0F1E}.Debug|iPhoneSimulator.Build.0 = Debug|iPhoneSimulator
		{B7ED1635-49A4-41E3-83C8-A8F2EC6E0F1E}.Debug|x64.ActiveCfg = Debug|iPhone
		{B7ED1635-49A4-41E3-83C8-A8F2EC6E0F1E}.Debug|x86.ActiveCfg = Debug|iPhone
		{B7ED1635-49A4-41E3-83C8-A8F2EC6E0F1E}.Release|Any CPU.ActiveCfg = Release|iPhone
		{B7ED1635-49A4-41E3-83C8-A8F2EC6E0F1E}.Release|ARM.ActiveCfg = Release|iPhone
		{B7ED1635-49A4-41E3-83C8-A8F2EC6E0F1E}.Release|iPhone.ActiveCfg = Release|iPhone
		{B7ED1635-49A4-41E3-83C8-A8F2EC6E0F1E}.Release|iPhone.Build.0 = Release|iPhone
		{B7ED1635-49A4-41E3-83C8-A8F2EC6E0F1E}.Release|iPhoneSimulator.ActiveCfg = Release|iPhoneSimulator
		{B7ED1635-49A4-41E3-83C8-A8F2EC6E0F1E}.Release|iPhoneSimulator.Build.0 = Release|iPhoneSimulator
		{B7ED1635-49A4-41E3-83C8-A8F2EC6E0F1E}.Release|x64.ActiveCfg = Release|iPhone
		{B7ED1635-49A4-41E3-83C8-A8F2EC6E0F1E}.Release|x86.ActiveCfg = Release|iPhone
		{B8C62C83-1DC5-4715-9D5C-BB0637BDFF59}.Ad-Hoc|Any CPU.ActiveCfg = Debug|x86
		{B8C62C83-1DC5-4715-9D5C-BB0637BDFF59}.Ad-Hoc|Any CPU.Build.0 = Debug|x86
		{B8C62C83-1DC5-4715-9D5C-BB0637BDFF59}.Ad-Hoc|Any CPU.Deploy.0 = Debug|x86
		{B8C62C83-1DC5-4715-9D5C-BB0637BDFF59}.Ad-Hoc|ARM.ActiveCfg = Debug|ARM
		{B8C62C83-1DC5-4715-9D5C-BB0637BDFF59}.Ad-Hoc|ARM.Build.0 = Debug|ARM
		{B8C62C83-1DC5-4715-9D5C-BB0637BDFF59}.Ad-Hoc|ARM.Deploy.0 = Debug|ARM
		{B8C62C83-1DC5-4715-9D5C-BB0637BDFF59}.Ad-Hoc|iPhone.ActiveCfg = Debug|x86
		{B8C62C83-1DC5-4715-9D5C-BB0637BDFF59}.Ad-Hoc|iPhone.Build.0 = Debug|x86
		{B8C62C83-1DC5-4715-9D5C-BB0637BDFF59}.Ad-Hoc|iPhone.Deploy.0 = Debug|x86
		{B8C62C83-1DC5-4715-9D5C-BB0637BDFF59}.Ad-Hoc|iPhoneSimulator.ActiveCfg = Debug|x86
		{B8C62C83-1DC5-4715-9D5C-BB0637BDFF59}.Ad-Hoc|iPhoneSimulator.Build.0 = Debug|x86
		{B8C62C83-1DC5-4715-9D5C-BB0637BDFF59}.Ad-Hoc|iPhoneSimulator.Deploy.0 = Debug|x86
		{B8C62C83-1DC5-4715-9D5C-BB0637BDFF59}.Ad-Hoc|x64.ActiveCfg = Debug|x64
		{B8C62C83-1DC5-4715-9D5C-BB0637BDFF59}.Ad-Hoc|x64.Build.0 = Debug|x64
		{B8C62C83-1DC5-4715-9D5C-BB0637BDFF59}.Ad-Hoc|x64.Deploy.0 = Debug|x64
		{B8C62C83-1DC5-4715-9D5C-BB0637BDFF59}.Ad-Hoc|x86.ActiveCfg = Debug|x86
		{B8C62C83-1DC5-4715-9D5C-BB0637BDFF59}.Ad-Hoc|x86.Build.0 = Debug|x86
		{B8C62C83-1DC5-4715-9D5C-BB0637BDFF59}.Ad-Hoc|x86.Deploy.0 = Debug|x86
		{B8C62C83-1DC5-4715-9D5C-BB0637BDFF59}.AppStore|Any CPU.ActiveCfg = Debug|x86
		{B8C62C83-1DC5-4715-9D5C-BB0637BDFF59}.AppStore|Any CPU.Build.0 = Debug|x86
		{B8C62C83-1DC5-4715-9D5C-BB0637BDFF59}.AppStore|Any CPU.Deploy.0 = Debug|x86
		{B8C62C83-1DC5-4715-9D5C-BB0637BDFF59}.AppStore|ARM.ActiveCfg = Debug|ARM
		{B8C62C83-1DC5-4715-9D5C-BB0637BDFF59}.AppStore|ARM.Build.0 = Debug|ARM
		{B8C62C83-1DC5-4715-9D5C-BB0637BDFF59}.AppStore|ARM.Deploy.0 = Debug|ARM
		{B8C62C83-1DC5-4715-9D5C-BB0637BDFF59}.AppStore|iPhone.ActiveCfg = Debug|x86
		{B8C62C83-1DC5-4715-9D5C-BB0637BDFF59}.AppStore|iPhone.Build.0 = Debug|x86
		{B8C62C83-1DC5-4715-9D5C-BB0637BDFF59}.AppStore|iPhone.Deploy.0 = Debug|x86
		{B8C62C83-1DC5-4715-9D5C-BB0637BDFF59}.AppStore|iPhoneSimulator.ActiveCfg = Debug|x86
		{B8C62C83-1DC5-4715-9D5C-BB0637BDFF59}.AppStore|iPhoneSimulator.Build.0 = Debug|x86
		{B8C62C83-1DC5-4715-9D5C-BB0637BDFF59}.AppStore|iPhoneSimulator.Deploy.0 = Debug|x86
		{B8C62C83-1DC5-4715-9D5C-BB0637BDFF59}.AppStore|x64.ActiveCfg = Debug|x64
		{B8C62C83-1DC5-4715-9D5C-BB0637BDFF59}.AppStore|x64.Build.0 = Debug|x64
		{B8C62C83-1DC5-4715-9D5C-BB0637BDFF59}.AppStore|x64.Deploy.0 = Debug|x64
		{B8C62C83-1DC5-4715-9D5C-BB0637BDFF59}.AppStore|x86.ActiveCfg = Debug|x86
		{B8C62C83-1DC5-4715-9D5C-BB0637BDFF59}.AppStore|x86.Build.0 = Debug|x86
		{B8C62C83-1DC5-4715-9D5C-BB0637BDFF59}.AppStore|x86.Deploy.0 = Debug|x86
		{B8C62C83-1DC5-4715-9D5C-BB0637BDFF59}.Debug|Any CPU.ActiveCfg = Debug|x86
		{B8C62C83-1DC5-4715-9D5C-BB0637BDFF59}.Debug|ARM.ActiveCfg = Debug|ARM
		{B8C62C83-1DC5-4715-9D5C-BB0637BDFF59}.Debug|ARM.Build.0 = Debug|ARM
		{B8C62C83-1DC5-4715-9D5C-BB0637BDFF59}.Debug|ARM.Deploy.0 = Debug|ARM
		{B8C62C83-1DC5-4715-9D5C-BB0637BDFF59}.Debug|iPhone.ActiveCfg = Debug|x86
		{B8C62C83-1DC5-4715-9D5C-BB0637BDFF59}.Debug|iPhoneSimulator.ActiveCfg = Debug|x86
		{B8C62C83-1DC5-4715-9D5C-BB0637BDFF59}.Debug|x64.ActiveCfg = Debug|x64
		{B8C62C83-1DC5-4715-9D5C-BB0637BDFF59}.Debug|x64.Build.0 = Debug|x64
		{B8C62C83-1DC5-4715-9D5C-BB0637BDFF59}.Debug|x64.Deploy.0 = Debug|x64
		{B8C62C83-1DC5-4715-9D5C-BB0637BDFF59}.Debug|x86.ActiveCfg = Debug|x86
		{B8C62C83-1DC5-4715-9D5C-BB0637BDFF59}.Debug|x86.Build.0 = Debug|x86
		{B8C62C83-1DC5-4715-9D5C-BB0637BDFF59}.Debug|x86.Deploy.0 = Debug|x86
		{B8C62C83-1DC5-4715-9D5C-BB0637BDFF59}.Release|Any CPU.ActiveCfg = Release|x86
		{B8C62C83-1DC5-4715-9D5C-BB0637BDFF59}.Release|ARM.ActiveCfg = Release|ARM
		{B8C62C83-1DC5-4715-9D5C-BB0637BDFF59}.Release|ARM.Build.0 = Release|ARM
		{B8C62C83-1DC5-4715-9D5C-BB0637BDFF59}.Release|ARM.Deploy.0 = Release|ARM
		{B8C62C83-1DC5-4715-9D5C-BB0637BDFF59}.Release|iPhone.ActiveCfg = Release|x86
		{B8C62C83-1DC5-4715-9D5C-BB0637BDFF59}.Release|iPhoneSimulator.ActiveCfg = Release|x86
		{B8C62C83-1DC5-4715-9D5C-BB0637BDFF59}.Release|x64.ActiveCfg = Release|x64
		{B8C62C83-1DC5-4715-9D5C-BB0637BDFF59}.Release|x64.Build.0 = Release|x64
		{B8C62C83-1DC5-4715-9D5C-BB0637BDFF59}.Release|x64.Deploy.0 = Release|x64
		{B8C62C83-1DC5-4715-9D5C-BB0637BDFF59}.Release|x86.ActiveCfg = Release|x86
		{B8C62C83-1DC5-4715-9D5C-BB0637BDFF59}.Release|x86.Build.0 = Release|x86
		{B8C62C83-1DC5-4715-9D5C-BB0637BDFF59}.Release|x86.Deploy.0 = Release|x86
		{BCF1F410-46EB-4DD9-80BD-6D9787D81884}.Ad-Hoc|Any CPU.ActiveCfg = Release|Any CPU
		{BCF1F410-46EB-4DD9-80BD-6D9787D81884}.Ad-Hoc|Any CPU.Build.0 = Release|Any CPU
		{BCF1F410-46EB-4DD9-80BD-6D9787D81884}.Ad-Hoc|Any CPU.Deploy.0 = Release|Any CPU
		{BCF1F410-46EB-4DD9-80BD-6D9787D81884}.Ad-Hoc|ARM.ActiveCfg = Release|Any CPU
		{BCF1F410-46EB-4DD9-80BD-6D9787D81884}.Ad-Hoc|ARM.Build.0 = Release|Any CPU
		{BCF1F410-46EB-4DD9-80BD-6D9787D81884}.Ad-Hoc|ARM.Deploy.0 = Release|Any CPU
		{BCF1F410-46EB-4DD9-80BD-6D9787D81884}.Ad-Hoc|iPhone.ActiveCfg = Release|Any CPU
		{BCF1F410-46EB-4DD9-80BD-6D9787D81884}.Ad-Hoc|iPhone.Build.0 = Release|Any CPU
		{BCF1F410-46EB-4DD9-80BD-6D9787D81884}.Ad-Hoc|iPhone.Deploy.0 = Release|Any CPU
		{BCF1F410-46EB-4DD9-80BD-6D9787D81884}.Ad-Hoc|iPhoneSimulator.ActiveCfg = Release|Any CPU
		{BCF1F410-46EB-4DD9-80BD-6D9787D81884}.Ad-Hoc|iPhoneSimulator.Build.0 = Release|Any CPU
		{BCF1F410-46EB-4DD9-80BD-6D9787D81884}.Ad-Hoc|iPhoneSimulator.Deploy.0 = Release|Any CPU
		{BCF1F410-46EB-4DD9-80BD-6D9787D81884}.Ad-Hoc|x64.ActiveCfg = Release|Any CPU
		{BCF1F410-46EB-4DD9-80BD-6D9787D81884}.Ad-Hoc|x64.Build.0 = Release|Any CPU
		{BCF1F410-46EB-4DD9-80BD-6D9787D81884}.Ad-Hoc|x64.Deploy.0 = Release|Any CPU
		{BCF1F410-46EB-4DD9-80BD-6D9787D81884}.Ad-Hoc|x86.ActiveCfg = Release|Any CPU
		{BCF1F410-46EB-4DD9-80BD-6D9787D81884}.Ad-Hoc|x86.Build.0 = Release|Any CPU
		{BCF1F410-46EB-4DD9-80BD-6D9787D81884}.Ad-Hoc|x86.Deploy.0 = Release|Any CPU
		{BCF1F410-46EB-4DD9-80BD-6D9787D81884}.AppStore|Any CPU.ActiveCfg = Release|Any CPU
		{BCF1F410-46EB-4DD9-80BD-6D9787D81884}.AppStore|Any CPU.Build.0 = Release|Any CPU
		{BCF1F410-46EB-4DD9-80BD-6D9787D81884}.AppStore|Any CPU.Deploy.0 = Release|Any CPU
		{BCF1F410-46EB-4DD9-80BD-6D9787D81884}.AppStore|ARM.ActiveCfg = Release|Any CPU
		{BCF1F410-46EB-4DD9-80BD-6D9787D81884}.AppStore|ARM.Build.0 = Release|Any CPU
		{BCF1F410-46EB-4DD9-80BD-6D9787D81884}.AppStore|ARM.Deploy.0 = Release|Any CPU
		{BCF1F410-46EB-4DD9-80BD-6D9787D81884}.AppStore|iPhone.ActiveCfg = Release|Any CPU
		{BCF1F410-46EB-4DD9-80BD-6D9787D81884}.AppStore|iPhone.Build.0 = Release|Any CPU
		{BCF1F410-46EB-4DD9-80BD-6D9787D81884}.AppStore|iPhone.Deploy.0 = Release|Any CPU
		{BCF1F410-46EB-4DD9-80BD-6D9787D81884}.AppStore|iPhoneSimulator.ActiveCfg = Release|Any CPU
		{BCF1F410-46EB-4DD9-80BD-6D9787D81884}.AppStore|iPhoneSimulator.Build.0 = Release|Any CPU
		{BCF1F410-46EB-4DD9-80BD-6D9787D81884}.AppStore|iPhoneSimulator.Deploy.0 = Release|Any CPU
		{BCF1F410-46EB-4DD9-80BD-6D9787D81884}.AppStore|x64.ActiveCfg = Release|Any CPU
		{BCF1F410-46EB-4DD9-80BD-6D9787D81884}.AppStore|x64.Build.0 = Release|Any CPU
		{BCF1F410-46EB-4DD9-80BD-6D9787D81884}.AppStore|x64.Deploy.0 = Release|Any CPU
		{BCF1F410-46EB-4DD9-80BD-6D9787D81884}.AppStore|x86.ActiveCfg = Release|Any CPU
		{BCF1F410-46EB-4DD9-80BD-6D9787D81884}.AppStore|x86.Build.0 = Release|Any CPU
		{BCF1F410-46EB-4DD9-80BD-6D9787D81884}.AppStore|x86.Deploy.0 = Release|Any CPU
		{BCF1F410-46EB-4DD9-80BD-6D9787D81884}.Debug|Any CPU.ActiveCfg = Debug|Any CPU
		{BCF1F410-46EB-4DD9-80BD-6D9787D81884}.Debug|Any CPU.Build.0 = Debug|Any CPU
		{BCF1F410-46EB-4DD9-80BD-6D9787D81884}.Debug|Any CPU.Deploy.0 = Debug|Any CPU
		{BCF1F410-46EB-4DD9-80BD-6D9787D81884}.Debug|ARM.ActiveCfg = Debug|Any CPU
		{BCF1F410-46EB-4DD9-80BD-6D9787D81884}.Debug|ARM.Build.0 = Debug|Any CPU
		{BCF1F410-46EB-4DD9-80BD-6D9787D81884}.Debug|ARM.Deploy.0 = Debug|Any CPU
		{BCF1F410-46EB-4DD9-80BD-6D9787D81884}.Debug|iPhone.ActiveCfg = Debug|Any CPU
		{BCF1F410-46EB-4DD9-80BD-6D9787D81884}.Debug|iPhone.Build.0 = Debug|Any CPU
		{BCF1F410-46EB-4DD9-80BD-6D9787D81884}.Debug|iPhone.Deploy.0 = Debug|Any CPU
		{BCF1F410-46EB-4DD9-80BD-6D9787D81884}.Debug|iPhoneSimulator.ActiveCfg = Debug|Any CPU
		{BCF1F410-46EB-4DD9-80BD-6D9787D81884}.Debug|iPhoneSimulator.Build.0 = Debug|Any CPU
		{BCF1F410-46EB-4DD9-80BD-6D9787D81884}.Debug|iPhoneSimulator.Deploy.0 = Debug|Any CPU
		{BCF1F410-46EB-4DD9-80BD-6D9787D81884}.Debug|x64.ActiveCfg = Debug|Any CPU
		{BCF1F410-46EB-4DD9-80BD-6D9787D81884}.Debug|x64.Build.0 = Debug|Any CPU
		{BCF1F410-46EB-4DD9-80BD-6D9787D81884}.Debug|x64.Deploy.0 = Debug|Any CPU
		{BCF1F410-46EB-4DD9-80BD-6D9787D81884}.Debug|x86.ActiveCfg = Debug|Any CPU
		{BCF1F410-46EB-4DD9-80BD-6D9787D81884}.Debug|x86.Build.0 = Debug|Any CPU
		{BCF1F410-46EB-4DD9-80BD-6D9787D81884}.Debug|x86.Deploy.0 = Debug|Any CPU
		{BCF1F410-46EB-4DD9-80BD-6D9787D81884}.Release|Any CPU.ActiveCfg = Release|Any CPU
		{BCF1F410-46EB-4DD9-80BD-6D9787D81884}.Release|Any CPU.Build.0 = Release|Any CPU
		{BCF1F410-46EB-4DD9-80BD-6D9787D81884}.Release|Any CPU.Deploy.0 = Release|Any CPU
		{BCF1F410-46EB-4DD9-80BD-6D9787D81884}.Release|ARM.ActiveCfg = Release|Any CPU
		{BCF1F410-46EB-4DD9-80BD-6D9787D81884}.Release|ARM.Build.0 = Release|Any CPU
		{BCF1F410-46EB-4DD9-80BD-6D9787D81884}.Release|ARM.Deploy.0 = Release|Any CPU
		{BCF1F410-46EB-4DD9-80BD-6D9787D81884}.Release|iPhone.ActiveCfg = Release|Any CPU
		{BCF1F410-46EB-4DD9-80BD-6D9787D81884}.Release|iPhone.Build.0 = Release|Any CPU
		{BCF1F410-46EB-4DD9-80BD-6D9787D81884}.Release|iPhone.Deploy.0 = Release|Any CPU
		{BCF1F410-46EB-4DD9-80BD-6D9787D81884}.Release|iPhoneSimulator.ActiveCfg = Release|Any CPU
		{BCF1F410-46EB-4DD9-80BD-6D9787D81884}.Release|iPhoneSimulator.Build.0 = Release|Any CPU
		{BCF1F410-46EB-4DD9-80BD-6D9787D81884}.Release|iPhoneSimulator.Deploy.0 = Release|Any CPU
		{BCF1F410-46EB-4DD9-80BD-6D9787D81884}.Release|x64.ActiveCfg = Release|Any CPU
		{BCF1F410-46EB-4DD9-80BD-6D9787D81884}.Release|x64.Build.0 = Release|Any CPU
		{BCF1F410-46EB-4DD9-80BD-6D9787D81884}.Release|x64.Deploy.0 = Release|Any CPU
		{BCF1F410-46EB-4DD9-80BD-6D9787D81884}.Release|x86.ActiveCfg = Release|Any CPU
		{BCF1F410-46EB-4DD9-80BD-6D9787D81884}.Release|x86.Build.0 = Release|Any CPU
		{BCF1F410-46EB-4DD9-80BD-6D9787D81884}.Release|x86.Deploy.0 = Release|Any CPU
		{101E3060-8799-4119-8A7A-4F86A01C0C84}.Ad-Hoc|Any CPU.ActiveCfg = Release|iPhone
		{101E3060-8799-4119-8A7A-4F86A01C0C84}.Ad-Hoc|Any CPU.Build.0 = Release|iPhone
		{101E3060-8799-4119-8A7A-4F86A01C0C84}.Ad-Hoc|ARM.ActiveCfg = Release|iPhone
		{101E3060-8799-4119-8A7A-4F86A01C0C84}.Ad-Hoc|ARM.Build.0 = Release|iPhone
		{101E3060-8799-4119-8A7A-4F86A01C0C84}.Ad-Hoc|iPhone.ActiveCfg = Release|iPhone
		{101E3060-8799-4119-8A7A-4F86A01C0C84}.Ad-Hoc|iPhone.Build.0 = Release|iPhone
		{101E3060-8799-4119-8A7A-4F86A01C0C84}.Ad-Hoc|iPhoneSimulator.ActiveCfg = Release|iPhoneSimulator
		{101E3060-8799-4119-8A7A-4F86A01C0C84}.Ad-Hoc|iPhoneSimulator.Build.0 = Release|iPhoneSimulator
		{101E3060-8799-4119-8A7A-4F86A01C0C84}.Ad-Hoc|x64.ActiveCfg = Release|iPhone
		{101E3060-8799-4119-8A7A-4F86A01C0C84}.Ad-Hoc|x64.Build.0 = Release|iPhone
		{101E3060-8799-4119-8A7A-4F86A01C0C84}.Ad-Hoc|x86.ActiveCfg = Release|iPhone
		{101E3060-8799-4119-8A7A-4F86A01C0C84}.Ad-Hoc|x86.Build.0 = Release|iPhone
		{101E3060-8799-4119-8A7A-4F86A01C0C84}.AppStore|Any CPU.ActiveCfg = Release|iPhone
		{101E3060-8799-4119-8A7A-4F86A01C0C84}.AppStore|Any CPU.Build.0 = Release|iPhone
		{101E3060-8799-4119-8A7A-4F86A01C0C84}.AppStore|ARM.ActiveCfg = Release|iPhone
		{101E3060-8799-4119-8A7A-4F86A01C0C84}.AppStore|ARM.Build.0 = Release|iPhone
		{101E3060-8799-4119-8A7A-4F86A01C0C84}.AppStore|iPhone.ActiveCfg = Release|iPhone
		{101E3060-8799-4119-8A7A-4F86A01C0C84}.AppStore|iPhone.Build.0 = Release|iPhone
		{101E3060-8799-4119-8A7A-4F86A01C0C84}.AppStore|iPhoneSimulator.ActiveCfg = Release|iPhoneSimulator
		{101E3060-8799-4119-8A7A-4F86A01C0C84}.AppStore|iPhoneSimulator.Build.0 = Release|iPhoneSimulator
		{101E3060-8799-4119-8A7A-4F86A01C0C84}.AppStore|x64.ActiveCfg = Release|iPhone
		{101E3060-8799-4119-8A7A-4F86A01C0C84}.AppStore|x64.Build.0 = Release|iPhone
		{101E3060-8799-4119-8A7A-4F86A01C0C84}.AppStore|x86.ActiveCfg = Release|iPhone
		{101E3060-8799-4119-8A7A-4F86A01C0C84}.AppStore|x86.Build.0 = Release|iPhone
		{101E3060-8799-4119-8A7A-4F86A01C0C84}.Debug|Any CPU.ActiveCfg = Debug|iPhone
		{101E3060-8799-4119-8A7A-4F86A01C0C84}.Debug|ARM.ActiveCfg = Debug|iPhone
		{101E3060-8799-4119-8A7A-4F86A01C0C84}.Debug|iPhone.ActiveCfg = Debug|iPhone
		{101E3060-8799-4119-8A7A-4F86A01C0C84}.Debug|iPhone.Build.0 = Debug|iPhone
		{101E3060-8799-4119-8A7A-4F86A01C0C84}.Debug|iPhoneSimulator.ActiveCfg = Debug|iPhoneSimulator
		{101E3060-8799-4119-8A7A-4F86A01C0C84}.Debug|iPhoneSimulator.Build.0 = Debug|iPhoneSimulator
		{101E3060-8799-4119-8A7A-4F86A01C0C84}.Debug|x64.ActiveCfg = Debug|iPhone
		{101E3060-8799-4119-8A7A-4F86A01C0C84}.Debug|x86.ActiveCfg = Debug|iPhone
		{101E3060-8799-4119-8A7A-4F86A01C0C84}.Release|Any CPU.ActiveCfg = Release|iPhone
		{101E3060-8799-4119-8A7A-4F86A01C0C84}.Release|ARM.ActiveCfg = Release|iPhone
		{101E3060-8799-4119-8A7A-4F86A01C0C84}.Release|iPhone.ActiveCfg = Release|iPhone
		{101E3060-8799-4119-8A7A-4F86A01C0C84}.Release|iPhone.Build.0 = Release|iPhone
		{101E3060-8799-4119-8A7A-4F86A01C0C84}.Release|iPhoneSimulator.ActiveCfg = Release|iPhoneSimulator
		{101E3060-8799-4119-8A7A-4F86A01C0C84}.Release|iPhoneSimulator.Build.0 = Release|iPhoneSimulator
		{101E3060-8799-4119-8A7A-4F86A01C0C84}.Release|x64.ActiveCfg = Release|iPhone
		{101E3060-8799-4119-8A7A-4F86A01C0C84}.Release|x86.ActiveCfg = Release|iPhone
		{D0E892DC-9872-4549-8780-DACD78E54522}.Ad-Hoc|Any CPU.ActiveCfg = Debug|Any CPU
		{D0E892DC-9872-4549-8780-DACD78E54522}.Ad-Hoc|Any CPU.Build.0 = Debug|Any CPU
		{D0E892DC-9872-4549-8780-DACD78E54522}.Ad-Hoc|ARM.ActiveCfg = Debug|Any CPU
		{D0E892DC-9872-4549-8780-DACD78E54522}.Ad-Hoc|ARM.Build.0 = Debug|Any CPU
		{D0E892DC-9872-4549-8780-DACD78E54522}.Ad-Hoc|iPhone.ActiveCfg = Debug|Any CPU
		{D0E892DC-9872-4549-8780-DACD78E54522}.Ad-Hoc|iPhone.Build.0 = Debug|Any CPU
		{D0E892DC-9872-4549-8780-DACD78E54522}.Ad-Hoc|iPhoneSimulator.ActiveCfg = Debug|Any CPU
		{D0E892DC-9872-4549-8780-DACD78E54522}.Ad-Hoc|iPhoneSimulator.Build.0 = Debug|Any CPU
		{D0E892DC-9872-4549-8780-DACD78E54522}.Ad-Hoc|x64.ActiveCfg = Debug|Any CPU
		{D0E892DC-9872-4549-8780-DACD78E54522}.Ad-Hoc|x64.Build.0 = Debug|Any CPU
		{D0E892DC-9872-4549-8780-DACD78E54522}.Ad-Hoc|x86.ActiveCfg = Debug|Any CPU
		{D0E892DC-9872-4549-8780-DACD78E54522}.Ad-Hoc|x86.Build.0 = Debug|Any CPU
		{D0E892DC-9872-4549-8780-DACD78E54522}.AppStore|Any CPU.ActiveCfg = Debug|Any CPU
		{D0E892DC-9872-4549-8780-DACD78E54522}.AppStore|Any CPU.Build.0 = Debug|Any CPU
		{D0E892DC-9872-4549-8780-DACD78E54522}.AppStore|ARM.ActiveCfg = Debug|Any CPU
		{D0E892DC-9872-4549-8780-DACD78E54522}.AppStore|ARM.Build.0 = Debug|Any CPU
		{D0E892DC-9872-4549-8780-DACD78E54522}.AppStore|iPhone.ActiveCfg = Debug|Any CPU
		{D0E892DC-9872-4549-8780-DACD78E54522}.AppStore|iPhone.Build.0 = Debug|Any CPU
		{D0E892DC-9872-4549-8780-DACD78E54522}.AppStore|iPhoneSimulator.ActiveCfg = Debug|Any CPU
		{D0E892DC-9872-4549-8780-DACD78E54522}.AppStore|iPhoneSimulator.Build.0 = Debug|Any CPU
		{D0E892DC-9872-4549-8780-DACD78E54522}.AppStore|x64.ActiveCfg = Debug|Any CPU
		{D0E892DC-9872-4549-8780-DACD78E54522}.AppStore|x64.Build.0 = Debug|Any CPU
		{D0E892DC-9872-4549-8780-DACD78E54522}.AppStore|x86.ActiveCfg = Debug|Any CPU
		{D0E892DC-9872-4549-8780-DACD78E54522}.AppStore|x86.Build.0 = Debug|Any CPU
		{D0E892DC-9872-4549-8780-DACD78E54522}.Debug|Any CPU.ActiveCfg = Debug|Any CPU
		{D0E892DC-9872-4549-8780-DACD78E54522}.Debug|Any CPU.Build.0 = Debug|Any CPU
		{D0E892DC-9872-4549-8780-DACD78E54522}.Debug|ARM.ActiveCfg = Debug|Any CPU
		{D0E892DC-9872-4549-8780-DACD78E54522}.Debug|ARM.Build.0 = Debug|Any CPU
		{D0E892DC-9872-4549-8780-DACD78E54522}.Debug|iPhone.ActiveCfg = Debug|Any CPU
		{D0E892DC-9872-4549-8780-DACD78E54522}.Debug|iPhone.Build.0 = Debug|Any CPU
		{D0E892DC-9872-4549-8780-DACD78E54522}.Debug|iPhoneSimulator.ActiveCfg = Debug|Any CPU
		{D0E892DC-9872-4549-8780-DACD78E54522}.Debug|iPhoneSimulator.Build.0 = Debug|Any CPU
		{D0E892DC-9872-4549-8780-DACD78E54522}.Debug|x64.ActiveCfg = Debug|Any CPU
		{D0E892DC-9872-4549-8780-DACD78E54522}.Debug|x64.Build.0 = Debug|Any CPU
		{D0E892DC-9872-4549-8780-DACD78E54522}.Debug|x86.ActiveCfg = Debug|Any CPU
		{D0E892DC-9872-4549-8780-DACD78E54522}.Debug|x86.Build.0 = Debug|Any CPU
		{D0E892DC-9872-4549-8780-DACD78E54522}.Release|Any CPU.ActiveCfg = Release|Any CPU
		{D0E892DC-9872-4549-8780-DACD78E54522}.Release|Any CPU.Build.0 = Release|Any CPU
		{D0E892DC-9872-4549-8780-DACD78E54522}.Release|ARM.ActiveCfg = Release|Any CPU
		{D0E892DC-9872-4549-8780-DACD78E54522}.Release|ARM.Build.0 = Release|Any CPU
		{D0E892DC-9872-4549-8780-DACD78E54522}.Release|iPhone.ActiveCfg = Release|Any CPU
		{D0E892DC-9872-4549-8780-DACD78E54522}.Release|iPhone.Build.0 = Release|Any CPU
		{D0E892DC-9872-4549-8780-DACD78E54522}.Release|iPhoneSimulator.ActiveCfg = Release|Any CPU
		{D0E892DC-9872-4549-8780-DACD78E54522}.Release|iPhoneSimulator.Build.0 = Release|Any CPU
		{D0E892DC-9872-4549-8780-DACD78E54522}.Release|x64.ActiveCfg = Release|Any CPU
		{D0E892DC-9872-4549-8780-DACD78E54522}.Release|x64.Build.0 = Release|Any CPU
		{D0E892DC-9872-4549-8780-DACD78E54522}.Release|x86.ActiveCfg = Release|Any CPU
		{D0E892DC-9872-4549-8780-DACD78E54522}.Release|x86.Build.0 = Release|Any CPU
		{1D30DC76-3CDE-47B8-860D-5AEA8E620B92}.Ad-Hoc|Any CPU.ActiveCfg = Debug|Any CPU
		{1D30DC76-3CDE-47B8-860D-5AEA8E620B92}.Ad-Hoc|Any CPU.Build.0 = Debug|Any CPU
		{1D30DC76-3CDE-47B8-860D-5AEA8E620B92}.Ad-Hoc|ARM.ActiveCfg = Debug|Any CPU
		{1D30DC76-3CDE-47B8-860D-5AEA8E620B92}.Ad-Hoc|ARM.Build.0 = Debug|Any CPU
		{1D30DC76-3CDE-47B8-860D-5AEA8E620B92}.Ad-Hoc|iPhone.ActiveCfg = Debug|Any CPU
		{1D30DC76-3CDE-47B8-860D-5AEA8E620B92}.Ad-Hoc|iPhone.Build.0 = Debug|Any CPU
		{1D30DC76-3CDE-47B8-860D-5AEA8E620B92}.Ad-Hoc|iPhoneSimulator.ActiveCfg = Debug|Any CPU
		{1D30DC76-3CDE-47B8-860D-5AEA8E620B92}.Ad-Hoc|iPhoneSimulator.Build.0 = Debug|Any CPU
		{1D30DC76-3CDE-47B8-860D-5AEA8E620B92}.Ad-Hoc|x64.ActiveCfg = Debug|Any CPU
		{1D30DC76-3CDE-47B8-860D-5AEA8E620B92}.Ad-Hoc|x64.Build.0 = Debug|Any CPU
		{1D30DC76-3CDE-47B8-860D-5AEA8E620B92}.Ad-Hoc|x86.ActiveCfg = Debug|Any CPU
		{1D30DC76-3CDE-47B8-860D-5AEA8E620B92}.Ad-Hoc|x86.Build.0 = Debug|Any CPU
		{1D30DC76-3CDE-47B8-860D-5AEA8E620B92}.AppStore|Any CPU.ActiveCfg = Debug|Any CPU
		{1D30DC76-3CDE-47B8-860D-5AEA8E620B92}.AppStore|Any CPU.Build.0 = Debug|Any CPU
		{1D30DC76-3CDE-47B8-860D-5AEA8E620B92}.AppStore|ARM.ActiveCfg = Debug|Any CPU
		{1D30DC76-3CDE-47B8-860D-5AEA8E620B92}.AppStore|ARM.Build.0 = Debug|Any CPU
		{1D30DC76-3CDE-47B8-860D-5AEA8E620B92}.AppStore|iPhone.ActiveCfg = Debug|Any CPU
		{1D30DC76-3CDE-47B8-860D-5AEA8E620B92}.AppStore|iPhone.Build.0 = Debug|Any CPU
		{1D30DC76-3CDE-47B8-860D-5AEA8E620B92}.AppStore|iPhoneSimulator.ActiveCfg = Debug|Any CPU
		{1D30DC76-3CDE-47B8-860D-5AEA8E620B92}.AppStore|iPhoneSimulator.Build.0 = Debug|Any CPU
		{1D30DC76-3CDE-47B8-860D-5AEA8E620B92}.AppStore|x64.ActiveCfg = Debug|Any CPU
		{1D30DC76-3CDE-47B8-860D-5AEA8E620B92}.AppStore|x64.Build.0 = Debug|Any CPU
		{1D30DC76-3CDE-47B8-860D-5AEA8E620B92}.AppStore|x86.ActiveCfg = Debug|Any CPU
		{1D30DC76-3CDE-47B8-860D-5AEA8E620B92}.AppStore|x86.Build.0 = Debug|Any CPU
		{1D30DC76-3CDE-47B8-860D-5AEA8E620B92}.Debug|Any CPU.ActiveCfg = Debug|Any CPU
		{1D30DC76-3CDE-47B8-860D-5AEA8E620B92}.Debug|Any CPU.Build.0 = Debug|Any CPU
		{1D30DC76-3CDE-47B8-860D-5AEA8E620B92}.Debug|ARM.ActiveCfg = Debug|Any CPU
		{1D30DC76-3CDE-47B8-860D-5AEA8E620B92}.Debug|ARM.Build.0 = Debug|Any CPU
		{1D30DC76-3CDE-47B8-860D-5AEA8E620B92}.Debug|iPhone.ActiveCfg = Debug|Any CPU
		{1D30DC76-3CDE-47B8-860D-5AEA8E620B92}.Debug|iPhone.Build.0 = Debug|Any CPU
		{1D30DC76-3CDE-47B8-860D-5AEA8E620B92}.Debug|iPhoneSimulator.ActiveCfg = Debug|Any CPU
		{1D30DC76-3CDE-47B8-860D-5AEA8E620B92}.Debug|iPhoneSimulator.Build.0 = Debug|Any CPU
		{1D30DC76-3CDE-47B8-860D-5AEA8E620B92}.Debug|x64.ActiveCfg = Debug|Any CPU
		{1D30DC76-3CDE-47B8-860D-5AEA8E620B92}.Debug|x64.Build.0 = Debug|Any CPU
		{1D30DC76-3CDE-47B8-860D-5AEA8E620B92}.Debug|x86.ActiveCfg = Debug|Any CPU
		{1D30DC76-3CDE-47B8-860D-5AEA8E620B92}.Debug|x86.Build.0 = Debug|Any CPU
		{1D30DC76-3CDE-47B8-860D-5AEA8E620B92}.Release|Any CPU.ActiveCfg = Release|Any CPU
		{1D30DC76-3CDE-47B8-860D-5AEA8E620B92}.Release|Any CPU.Build.0 = Release|Any CPU
		{1D30DC76-3CDE-47B8-860D-5AEA8E620B92}.Release|ARM.ActiveCfg = Release|Any CPU
		{1D30DC76-3CDE-47B8-860D-5AEA8E620B92}.Release|ARM.Build.0 = Release|Any CPU
		{1D30DC76-3CDE-47B8-860D-5AEA8E620B92}.Release|iPhone.ActiveCfg = Release|Any CPU
		{1D30DC76-3CDE-47B8-860D-5AEA8E620B92}.Release|iPhone.Build.0 = Release|Any CPU
		{1D30DC76-3CDE-47B8-860D-5AEA8E620B92}.Release|iPhoneSimulator.ActiveCfg = Release|Any CPU
		{1D30DC76-3CDE-47B8-860D-5AEA8E620B92}.Release|iPhoneSimulator.Build.0 = Release|Any CPU
		{1D30DC76-3CDE-47B8-860D-5AEA8E620B92}.Release|x64.ActiveCfg = Release|Any CPU
		{1D30DC76-3CDE-47B8-860D-5AEA8E620B92}.Release|x64.Build.0 = Release|Any CPU
		{1D30DC76-3CDE-47B8-860D-5AEA8E620B92}.Release|x86.ActiveCfg = Release|Any CPU
		{1D30DC76-3CDE-47B8-860D-5AEA8E620B92}.Release|x86.Build.0 = Release|Any CPU
		{33ACE3B8-1E2F-49DE-8292-65E7AB49B5A5}.Ad-Hoc|Any CPU.ActiveCfg = Debug|Any CPU
		{33ACE3B8-1E2F-49DE-8292-65E7AB49B5A5}.Ad-Hoc|Any CPU.Build.0 = Debug|Any CPU
		{33ACE3B8-1E2F-49DE-8292-65E7AB49B5A5}.Ad-Hoc|ARM.ActiveCfg = Debug|Any CPU
		{33ACE3B8-1E2F-49DE-8292-65E7AB49B5A5}.Ad-Hoc|ARM.Build.0 = Debug|Any CPU
		{33ACE3B8-1E2F-49DE-8292-65E7AB49B5A5}.Ad-Hoc|iPhone.ActiveCfg = Debug|Any CPU
		{33ACE3B8-1E2F-49DE-8292-65E7AB49B5A5}.Ad-Hoc|iPhone.Build.0 = Debug|Any CPU
		{33ACE3B8-1E2F-49DE-8292-65E7AB49B5A5}.Ad-Hoc|iPhoneSimulator.ActiveCfg = Debug|Any CPU
		{33ACE3B8-1E2F-49DE-8292-65E7AB49B5A5}.Ad-Hoc|iPhoneSimulator.Build.0 = Debug|Any CPU
		{33ACE3B8-1E2F-49DE-8292-65E7AB49B5A5}.Ad-Hoc|x64.ActiveCfg = Debug|Any CPU
		{33ACE3B8-1E2F-49DE-8292-65E7AB49B5A5}.Ad-Hoc|x64.Build.0 = Debug|Any CPU
		{33ACE3B8-1E2F-49DE-8292-65E7AB49B5A5}.Ad-Hoc|x86.ActiveCfg = Debug|Any CPU
		{33ACE3B8-1E2F-49DE-8292-65E7AB49B5A5}.Ad-Hoc|x86.Build.0 = Debug|Any CPU
		{33ACE3B8-1E2F-49DE-8292-65E7AB49B5A5}.AppStore|Any CPU.ActiveCfg = Debug|Any CPU
		{33ACE3B8-1E2F-49DE-8292-65E7AB49B5A5}.AppStore|Any CPU.Build.0 = Debug|Any CPU
		{33ACE3B8-1E2F-49DE-8292-65E7AB49B5A5}.AppStore|ARM.ActiveCfg = Debug|Any CPU
		{33ACE3B8-1E2F-49DE-8292-65E7AB49B5A5}.AppStore|ARM.Build.0 = Debug|Any CPU
		{33ACE3B8-1E2F-49DE-8292-65E7AB49B5A5}.AppStore|iPhone.ActiveCfg = Debug|Any CPU
		{33ACE3B8-1E2F-49DE-8292-65E7AB49B5A5}.AppStore|iPhone.Build.0 = Debug|Any CPU
		{33ACE3B8-1E2F-49DE-8292-65E7AB49B5A5}.AppStore|iPhoneSimulator.ActiveCfg = Debug|Any CPU
		{33ACE3B8-1E2F-49DE-8292-65E7AB49B5A5}.AppStore|iPhoneSimulator.Build.0 = Debug|Any CPU
		{33ACE3B8-1E2F-49DE-8292-65E7AB49B5A5}.AppStore|x64.ActiveCfg = Debug|Any CPU
		{33ACE3B8-1E2F-49DE-8292-65E7AB49B5A5}.AppStore|x64.Build.0 = Debug|Any CPU
		{33ACE3B8-1E2F-49DE-8292-65E7AB49B5A5}.AppStore|x86.ActiveCfg = Debug|Any CPU
		{33ACE3B8-1E2F-49DE-8292-65E7AB49B5A5}.AppStore|x86.Build.0 = Debug|Any CPU
		{33ACE3B8-1E2F-49DE-8292-65E7AB49B5A5}.Debug|Any CPU.ActiveCfg = Debug|Any CPU
		{33ACE3B8-1E2F-49DE-8292-65E7AB49B5A5}.Debug|Any CPU.Build.0 = Debug|Any CPU
		{33ACE3B8-1E2F-49DE-8292-65E7AB49B5A5}.Debug|ARM.ActiveCfg = Debug|Any CPU
		{33ACE3B8-1E2F-49DE-8292-65E7AB49B5A5}.Debug|ARM.Build.0 = Debug|Any CPU
		{33ACE3B8-1E2F-49DE-8292-65E7AB49B5A5}.Debug|iPhone.ActiveCfg = Debug|Any CPU
		{33ACE3B8-1E2F-49DE-8292-65E7AB49B5A5}.Debug|iPhone.Build.0 = Debug|Any CPU
		{33ACE3B8-1E2F-49DE-8292-65E7AB49B5A5}.Debug|iPhoneSimulator.ActiveCfg = Debug|Any CPU
		{33ACE3B8-1E2F-49DE-8292-65E7AB49B5A5}.Debug|iPhoneSimulator.Build.0 = Debug|Any CPU
		{33ACE3B8-1E2F-49DE-8292-65E7AB49B5A5}.Debug|x64.ActiveCfg = Debug|Any CPU
		{33ACE3B8-1E2F-49DE-8292-65E7AB49B5A5}.Debug|x64.Build.0 = Debug|Any CPU
		{33ACE3B8-1E2F-49DE-8292-65E7AB49B5A5}.Debug|x86.ActiveCfg = Debug|Any CPU
		{33ACE3B8-1E2F-49DE-8292-65E7AB49B5A5}.Debug|x86.Build.0 = Debug|Any CPU
		{33ACE3B8-1E2F-49DE-8292-65E7AB49B5A5}.Release|Any CPU.ActiveCfg = Release|Any CPU
		{33ACE3B8-1E2F-49DE-8292-65E7AB49B5A5}.Release|Any CPU.Build.0 = Release|Any CPU
		{33ACE3B8-1E2F-49DE-8292-65E7AB49B5A5}.Release|ARM.ActiveCfg = Release|Any CPU
		{33ACE3B8-1E2F-49DE-8292-65E7AB49B5A5}.Release|ARM.Build.0 = Release|Any CPU
		{33ACE3B8-1E2F-49DE-8292-65E7AB49B5A5}.Release|iPhone.ActiveCfg = Release|Any CPU
		{33ACE3B8-1E2F-49DE-8292-65E7AB49B5A5}.Release|iPhone.Build.0 = Release|Any CPU
		{33ACE3B8-1E2F-49DE-8292-65E7AB49B5A5}.Release|iPhoneSimulator.ActiveCfg = Release|Any CPU
		{33ACE3B8-1E2F-49DE-8292-65E7AB49B5A5}.Release|iPhoneSimulator.Build.0 = Release|Any CPU
		{33ACE3B8-1E2F-49DE-8292-65E7AB49B5A5}.Release|x64.ActiveCfg = Release|Any CPU
		{33ACE3B8-1E2F-49DE-8292-65E7AB49B5A5}.Release|x64.Build.0 = Release|Any CPU
		{33ACE3B8-1E2F-49DE-8292-65E7AB49B5A5}.Release|x86.ActiveCfg = Release|Any CPU
		{33ACE3B8-1E2F-49DE-8292-65E7AB49B5A5}.Release|x86.Build.0 = Release|Any CPU
		{79BFCFE4-0E39-488F-A909-F72A999FA046}.Ad-Hoc|Any CPU.ActiveCfg = Debug|Any CPU
		{79BFCFE4-0E39-488F-A909-F72A999FA046}.Ad-Hoc|Any CPU.Build.0 = Debug|Any CPU
		{79BFCFE4-0E39-488F-A909-F72A999FA046}.Ad-Hoc|ARM.ActiveCfg = Debug|Any CPU
		{79BFCFE4-0E39-488F-A909-F72A999FA046}.Ad-Hoc|ARM.Build.0 = Debug|Any CPU
		{79BFCFE4-0E39-488F-A909-F72A999FA046}.Ad-Hoc|iPhone.ActiveCfg = Debug|Any CPU
		{79BFCFE4-0E39-488F-A909-F72A999FA046}.Ad-Hoc|iPhone.Build.0 = Debug|Any CPU
		{79BFCFE4-0E39-488F-A909-F72A999FA046}.Ad-Hoc|iPhoneSimulator.ActiveCfg = Debug|Any CPU
		{79BFCFE4-0E39-488F-A909-F72A999FA046}.Ad-Hoc|iPhoneSimulator.Build.0 = Debug|Any CPU
		{79BFCFE4-0E39-488F-A909-F72A999FA046}.Ad-Hoc|x64.ActiveCfg = Debug|Any CPU
		{79BFCFE4-0E39-488F-A909-F72A999FA046}.Ad-Hoc|x64.Build.0 = Debug|Any CPU
		{79BFCFE4-0E39-488F-A909-F72A999FA046}.Ad-Hoc|x86.ActiveCfg = Debug|Any CPU
		{79BFCFE4-0E39-488F-A909-F72A999FA046}.Ad-Hoc|x86.Build.0 = Debug|Any CPU
		{79BFCFE4-0E39-488F-A909-F72A999FA046}.AppStore|Any CPU.ActiveCfg = Debug|Any CPU
		{79BFCFE4-0E39-488F-A909-F72A999FA046}.AppStore|Any CPU.Build.0 = Debug|Any CPU
		{79BFCFE4-0E39-488F-A909-F72A999FA046}.AppStore|ARM.ActiveCfg = Debug|Any CPU
		{79BFCFE4-0E39-488F-A909-F72A999FA046}.AppStore|ARM.Build.0 = Debug|Any CPU
		{79BFCFE4-0E39-488F-A909-F72A999FA046}.AppStore|iPhone.ActiveCfg = Debug|Any CPU
		{79BFCFE4-0E39-488F-A909-F72A999FA046}.AppStore|iPhone.Build.0 = Debug|Any CPU
		{79BFCFE4-0E39-488F-A909-F72A999FA046}.AppStore|iPhoneSimulator.ActiveCfg = Debug|Any CPU
		{79BFCFE4-0E39-488F-A909-F72A999FA046}.AppStore|iPhoneSimulator.Build.0 = Debug|Any CPU
		{79BFCFE4-0E39-488F-A909-F72A999FA046}.AppStore|x64.ActiveCfg = Debug|Any CPU
		{79BFCFE4-0E39-488F-A909-F72A999FA046}.AppStore|x64.Build.0 = Debug|Any CPU
		{79BFCFE4-0E39-488F-A909-F72A999FA046}.AppStore|x86.ActiveCfg = Debug|Any CPU
		{79BFCFE4-0E39-488F-A909-F72A999FA046}.AppStore|x86.Build.0 = Debug|Any CPU
		{79BFCFE4-0E39-488F-A909-F72A999FA046}.Debug|Any CPU.ActiveCfg = Debug|Any CPU
		{79BFCFE4-0E39-488F-A909-F72A999FA046}.Debug|Any CPU.Build.0 = Debug|Any CPU
		{79BFCFE4-0E39-488F-A909-F72A999FA046}.Debug|ARM.ActiveCfg = Debug|Any CPU
		{79BFCFE4-0E39-488F-A909-F72A999FA046}.Debug|ARM.Build.0 = Debug|Any CPU
		{79BFCFE4-0E39-488F-A909-F72A999FA046}.Debug|iPhone.ActiveCfg = Debug|Any CPU
		{79BFCFE4-0E39-488F-A909-F72A999FA046}.Debug|iPhone.Build.0 = Debug|Any CPU
		{79BFCFE4-0E39-488F-A909-F72A999FA046}.Debug|iPhoneSimulator.ActiveCfg = Debug|Any CPU
		{79BFCFE4-0E39-488F-A909-F72A999FA046}.Debug|iPhoneSimulator.Build.0 = Debug|Any CPU
		{79BFCFE4-0E39-488F-A909-F72A999FA046}.Debug|x64.ActiveCfg = Debug|Any CPU
		{79BFCFE4-0E39-488F-A909-F72A999FA046}.Debug|x64.Build.0 = Debug|Any CPU
		{79BFCFE4-0E39-488F-A909-F72A999FA046}.Debug|x86.ActiveCfg = Debug|Any CPU
		{79BFCFE4-0E39-488F-A909-F72A999FA046}.Debug|x86.Build.0 = Debug|Any CPU
		{79BFCFE4-0E39-488F-A909-F72A999FA046}.Release|Any CPU.ActiveCfg = Release|Any CPU
		{79BFCFE4-0E39-488F-A909-F72A999FA046}.Release|Any CPU.Build.0 = Release|Any CPU
		{79BFCFE4-0E39-488F-A909-F72A999FA046}.Release|ARM.ActiveCfg = Release|Any CPU
		{79BFCFE4-0E39-488F-A909-F72A999FA046}.Release|ARM.Build.0 = Release|Any CPU
		{79BFCFE4-0E39-488F-A909-F72A999FA046}.Release|iPhone.ActiveCfg = Release|Any CPU
		{79BFCFE4-0E39-488F-A909-F72A999FA046}.Release|iPhone.Build.0 = Release|Any CPU
		{79BFCFE4-0E39-488F-A909-F72A999FA046}.Release|iPhoneSimulator.ActiveCfg = Release|Any CPU
		{79BFCFE4-0E39-488F-A909-F72A999FA046}.Release|iPhoneSimulator.Build.0 = Release|Any CPU
		{79BFCFE4-0E39-488F-A909-F72A999FA046}.Release|x64.ActiveCfg = Release|Any CPU
		{79BFCFE4-0E39-488F-A909-F72A999FA046}.Release|x64.Build.0 = Release|Any CPU
		{79BFCFE4-0E39-488F-A909-F72A999FA046}.Release|x86.ActiveCfg = Release|Any CPU
		{79BFCFE4-0E39-488F-A909-F72A999FA046}.Release|x86.Build.0 = Release|Any CPU
	EndGlobalSection
	GlobalSection(SolutionProperties) = preSolution
		HideSolutionNode = FALSE
	EndGlobalSection
	GlobalSection(NestedProjects) = preSolution
		{A294EDED-C071-4BD3-BAA5-AFBB9E570CE1} = {AFEDBBAD-3845-4B1A-BD62-67081E57FC8C}
		{BB9ED461-5E9E-46E4-93F3-E34D65D61FF5} = {AFEDBBAD-3845-4B1A-BD62-67081E57FC8C}
		{B7ED1635-49A4-41E3-83C8-A8F2EC6E0F1E} = {AFEDBBAD-3845-4B1A-BD62-67081E57FC8C}
		{B8C62C83-1DC5-4715-9D5C-BB0637BDFF59} = {AFEDBBAD-3845-4B1A-BD62-67081E57FC8C}
		{BCF1F410-46EB-4DD9-80BD-6D9787D81884} = {AFEDBBAD-3845-4B1A-BD62-67081E57FC8C}
		{101E3060-8799-4119-8A7A-4F86A01C0C84} = {AFEDBBAD-3845-4B1A-BD62-67081E57FC8C}
		{D0E892DC-9872-4549-8780-DACD78E54522} = {A607C2F9-3B06-40E8-AE50-1F88D4AC03D0}
		{1D30DC76-3CDE-47B8-860D-5AEA8E620B92} = {A607C2F9-3B06-40E8-AE50-1F88D4AC03D0}
		{33ACE3B8-1E2F-49DE-8292-65E7AB49B5A5} = {A607C2F9-3B06-40E8-AE50-1F88D4AC03D0}
		{79BFCFE4-0E39-488F-A909-F72A999FA046} = {A607C2F9-3B06-40E8-AE50-1F88D4AC03D0}
	EndGlobalSection
	GlobalSection(ExtensibilityGlobals) = postSolution
		SolutionGuid = {9A10EFF4-77D5-4545-BD06-2A7F7DBF3673}
	EndGlobalSection
EndGlobal
