
Microsoft Visual Studio Solution File, Format Version 12.00
# Visual Studio 15
VisualStudioVersion = 15.0.26621.2
MinimumVisualStudioVersion = 10.0.40219.1
Project("{9A19103F-16F7-4668-BE54-9A1E7A4F7556}") = "BuildIt.CognitiveServices", "BuildIt.CognitiveServices\BuildIt.CognitiveServices\BuildIt.CognitiveServices.csproj", "{94BC79A7-6D56-4A50-A9E3-9B452EC3011C}"
EndProject
Project("{2150E333-8FDC-42A3-9474-1A3956D46DE8}") = "Samples", "Samples", "{A3631FEB-C006-4B47-8B7D-7DCC8351414B}"
EndProject
Project("{9A19103F-16F7-4668-BE54-9A1E7A4F7556}") = "BuildIt.CognitiveServices.XForms", "BuildIt.CognitiveServices\BuildIt.CognitiveServices.XForms\BuildIt.CognitiveServices.XForms.csproj", "{8B988DEF-DBE9-4C4E-9FD6-8DC9A022D722}"
EndProject
Project("{FAE04EC0-301F-11D3-BF4B-00C04F79EFBC}") = "CognitiveServicesDemo", "BuildIt.CognitiveServices\Samples\CognitiveServicesDemo\CognitiveServicesDemo.csproj", "{72ADAAA9-F6E1-4A42-B322-4665C46E7D34}"
EndProject
Project("{FAE04EC0-301F-11D3-BF4B-00C04F79EFBC}") = "CognitiveServicesDemo.Droid", "BuildIt.CognitiveServices\Samples\CognitiveServicesDemo.Droid\CognitiveServicesDemo.Droid.csproj", "{A44AFD97-BEFD-4A70-B7CF-CA56CCB28824}"
EndProject
Project("{FAE04EC0-301F-11D3-BF4B-00C04F79EFBC}") = "CognitiveServicesDemo.iOS", "BuildIt.CognitiveServices\Samples\CognitiveServicesDemo.iOS\CognitiveServicesDemo.iOS.csproj", "{56DC67D6-E342-4904-93D4-5A9937670617}"
EndProject
Project("{FAE04EC0-301F-11D3-BF4B-00C04F79EFBC}") = "CognitiveServicesDemo.UWP", "BuildIt.CognitiveServices\Samples\CognitiveServicesDemo.UWP\CognitiveServicesDemo.UWP.csproj", "{CFEA158E-DD1F-428B-A0EA-464ABBD5A613}"
EndProject
Project("{2150E333-8FDC-42A3-9474-1A3956D46DE8}") = "Nuget", "Nuget", "{9D91A171-24BF-471B-8284-0D2654DCFB9F}"
	ProjectSection(SolutionItems) = preProject
		BuildIt.CognitiveServices\BuildIt.CognitiveServices.nuspec = BuildIt.CognitiveServices\BuildIt.CognitiveServices.nuspec
		BuildIt.CognitiveServices\BuildIt.CognitiveServices.XForms.nuspec = BuildIt.CognitiveServices\BuildIt.CognitiveServices.XForms.nuspec
	EndProjectSection
EndProject
Project("{D954291E-2A0B-460D-934E-DC6B0785DB48}") = "BuildIt.Shared", "BuildIt.Shared\BuildIt.Shared.shproj", "{CC9E2FC1-2EB0-4352-8EF1-805709B77466}"
EndProject
Global
	GlobalSection(SharedMSBuildProjectFiles) = preSolution
		BuildIt.Shared\BuildIt.Shared.projitems*{94bc79a7-6d56-4a50-a9e3-9b452ec3011c}*SharedItemsImports = 4
		BuildIt.Shared\BuildIt.Shared.projitems*{cc9e2fc1-2eb0-4352-8ef1-805709b77466}*SharedItemsImports = 13
	EndGlobalSection
	GlobalSection(SolutionConfigurationPlatforms) = preSolution
		Ad-Hoc|Any CPU = Ad-Hoc|Any CPU
		Ad-Hoc|ARM = Ad-Hoc|ARM
		Ad-Hoc|iPhone = Ad-Hoc|iPhone
		Ad-Hoc|iPhoneSimulator = Ad-Hoc|iPhoneSimulator
		Ad-Hoc|x64 = Ad-Hoc|x64
		Ad-Hoc|x86 = Ad-Hoc|x86
		AppStore|Any CPU = AppStore|Any CPU
		AppStore|ARM = AppStore|ARM
		AppStore|iPhone = AppStore|iPhone
		AppStore|iPhoneSimulator = AppStore|iPhoneSimulator
		AppStore|x64 = AppStore|x64
		AppStore|x86 = AppStore|x86
		Debug|Any CPU = Debug|Any CPU
		Debug|ARM = Debug|ARM
		Debug|iPhone = Debug|iPhone
		Debug|iPhoneSimulator = Debug|iPhoneSimulator
		Debug|x64 = Debug|x64
		Debug|x86 = Debug|x86
		Release|Any CPU = Release|Any CPU
		Release|ARM = Release|ARM
		Release|iPhone = Release|iPhone
		Release|iPhoneSimulator = Release|iPhoneSimulator
		Release|x64 = Release|x64
		Release|x86 = Release|x86
	EndGlobalSection
	GlobalSection(ProjectConfigurationPlatforms) = postSolution
		{94BC79A7-6D56-4A50-A9E3-9B452EC3011C}.Ad-Hoc|Any CPU.ActiveCfg = Release|Any CPU
		{94BC79A7-6D56-4A50-A9E3-9B452EC3011C}.Ad-Hoc|Any CPU.Build.0 = Release|Any CPU
		{94BC79A7-6D56-4A50-A9E3-9B452EC3011C}.Ad-Hoc|ARM.ActiveCfg = Release|Any CPU
		{94BC79A7-6D56-4A50-A9E3-9B452EC3011C}.Ad-Hoc|ARM.Build.0 = Release|Any CPU
		{94BC79A7-6D56-4A50-A9E3-9B452EC3011C}.Ad-Hoc|iPhone.ActiveCfg = Release|Any CPU
		{94BC79A7-6D56-4A50-A9E3-9B452EC3011C}.Ad-Hoc|iPhone.Build.0 = Release|Any CPU
		{94BC79A7-6D56-4A50-A9E3-9B452EC3011C}.Ad-Hoc|iPhoneSimulator.ActiveCfg = Release|Any CPU
		{94BC79A7-6D56-4A50-A9E3-9B452EC3011C}.Ad-Hoc|iPhoneSimulator.Build.0 = Release|Any CPU
		{94BC79A7-6D56-4A50-A9E3-9B452EC3011C}.Ad-Hoc|x64.ActiveCfg = Release|Any CPU
		{94BC79A7-6D56-4A50-A9E3-9B452EC3011C}.Ad-Hoc|x64.Build.0 = Release|Any CPU
		{94BC79A7-6D56-4A50-A9E3-9B452EC3011C}.Ad-Hoc|x86.ActiveCfg = Release|Any CPU
		{94BC79A7-6D56-4A50-A9E3-9B452EC3011C}.Ad-Hoc|x86.Build.0 = Release|Any CPU
		{94BC79A7-6D56-4A50-A9E3-9B452EC3011C}.AppStore|Any CPU.ActiveCfg = Release|Any CPU
		{94BC79A7-6D56-4A50-A9E3-9B452EC3011C}.AppStore|Any CPU.Build.0 = Release|Any CPU
		{94BC79A7-6D56-4A50-A9E3-9B452EC3011C}.AppStore|ARM.ActiveCfg = Release|Any CPU
		{94BC79A7-6D56-4A50-A9E3-9B452EC3011C}.AppStore|ARM.Build.0 = Release|Any CPU
		{94BC79A7-6D56-4A50-A9E3-9B452EC3011C}.AppStore|iPhone.ActiveCfg = Release|Any CPU
		{94BC79A7-6D56-4A50-A9E3-9B452EC3011C}.AppStore|iPhone.Build.0 = Release|Any CPU
		{94BC79A7-6D56-4A50-A9E3-9B452EC3011C}.AppStore|iPhoneSimulator.ActiveCfg = Release|Any CPU
		{94BC79A7-6D56-4A50-A9E3-9B452EC3011C}.AppStore|iPhoneSimulator.Build.0 = Release|Any CPU
		{94BC79A7-6D56-4A50-A9E3-9B452EC3011C}.AppStore|x64.ActiveCfg = Release|Any CPU
		{94BC79A7-6D56-4A50-A9E3-9B452EC3011C}.AppStore|x64.Build.0 = Release|Any CPU
		{94BC79A7-6D56-4A50-A9E3-9B452EC3011C}.AppStore|x86.ActiveCfg = Release|Any CPU
		{94BC79A7-6D56-4A50-A9E3-9B452EC3011C}.AppStore|x86.Build.0 = Release|Any CPU
		{94BC79A7-6D56-4A50-A9E3-9B452EC3011C}.Debug|Any CPU.ActiveCfg = Debug|Any CPU
		{94BC79A7-6D56-4A50-A9E3-9B452EC3011C}.Debug|Any CPU.Build.0 = Debug|Any CPU
		{94BC79A7-6D56-4A50-A9E3-9B452EC3011C}.Debug|ARM.ActiveCfg = Debug|Any CPU
		{94BC79A7-6D56-4A50-A9E3-9B452EC3011C}.Debug|ARM.Build.0 = Debug|Any CPU
		{94BC79A7-6D56-4A50-A9E3-9B452EC3011C}.Debug|iPhone.ActiveCfg = Debug|Any CPU
		{94BC79A7-6D56-4A50-A9E3-9B452EC3011C}.Debug|iPhone.Build.0 = Debug|Any CPU
		{94BC79A7-6D56-4A50-A9E3-9B452EC3011C}.Debug|iPhoneSimulator.ActiveCfg = Debug|Any CPU
		{94BC79A7-6D56-4A50-A9E3-9B452EC3011C}.Debug|iPhoneSimulator.Build.0 = Debug|Any CPU
		{94BC79A7-6D56-4A50-A9E3-9B452EC3011C}.Debug|x64.ActiveCfg = Debug|Any CPU
		{94BC79A7-6D56-4A50-A9E3-9B452EC3011C}.Debug|x64.Build.0 = Debug|Any CPU
		{94BC79A7-6D56-4A50-A9E3-9B452EC3011C}.Debug|x86.ActiveCfg = Debug|Any CPU
		{94BC79A7-6D56-4A50-A9E3-9B452EC3011C}.Debug|x86.Build.0 = Debug|Any CPU
		{94BC79A7-6D56-4A50-A9E3-9B452EC3011C}.Release|Any CPU.ActiveCfg = Release|Any CPU
		{94BC79A7-6D56-4A50-A9E3-9B452EC3011C}.Release|Any CPU.Build.0 = Release|Any CPU
		{94BC79A7-6D56-4A50-A9E3-9B452EC3011C}.Release|ARM.ActiveCfg = Release|Any CPU
		{94BC79A7-6D56-4A50-A9E3-9B452EC3011C}.Release|ARM.Build.0 = Release|Any CPU
		{94BC79A7-6D56-4A50-A9E3-9B452EC3011C}.Release|iPhone.ActiveCfg = Release|Any CPU
		{94BC79A7-6D56-4A50-A9E3-9B452EC3011C}.Release|iPhone.Build.0 = Release|Any CPU
		{94BC79A7-6D56-4A50-A9E3-9B452EC3011C}.Release|iPhoneSimulator.ActiveCfg = Release|Any CPU
		{94BC79A7-6D56-4A50-A9E3-9B452EC3011C}.Release|iPhoneSimulator.Build.0 = Release|Any CPU
		{94BC79A7-6D56-4A50-A9E3-9B452EC3011C}.Release|x64.ActiveCfg = Release|Any CPU
		{94BC79A7-6D56-4A50-A9E3-9B452EC3011C}.Release|x64.Build.0 = Release|Any CPU
		{94BC79A7-6D56-4A50-A9E3-9B452EC3011C}.Release|x86.ActiveCfg = Release|Any CPU
		{94BC79A7-6D56-4A50-A9E3-9B452EC3011C}.Release|x86.Build.0 = Release|Any CPU
		{8B988DEF-DBE9-4C4E-9FD6-8DC9A022D722}.Ad-Hoc|Any CPU.ActiveCfg = Release|Any CPU
		{8B988DEF-DBE9-4C4E-9FD6-8DC9A022D722}.Ad-Hoc|Any CPU.Build.0 = Release|Any CPU
		{8B988DEF-DBE9-4C4E-9FD6-8DC9A022D722}.Ad-Hoc|ARM.ActiveCfg = Release|Any CPU
		{8B988DEF-DBE9-4C4E-9FD6-8DC9A022D722}.Ad-Hoc|ARM.Build.0 = Release|Any CPU
		{8B988DEF-DBE9-4C4E-9FD6-8DC9A022D722}.Ad-Hoc|iPhone.ActiveCfg = Release|Any CPU
		{8B988DEF-DBE9-4C4E-9FD6-8DC9A022D722}.Ad-Hoc|iPhone.Build.0 = Release|Any CPU
		{8B988DEF-DBE9-4C4E-9FD6-8DC9A022D722}.Ad-Hoc|iPhoneSimulator.ActiveCfg = Release|Any CPU
		{8B988DEF-DBE9-4C4E-9FD6-8DC9A022D722}.Ad-Hoc|iPhoneSimulator.Build.0 = Release|Any CPU
		{8B988DEF-DBE9-4C4E-9FD6-8DC9A022D722}.Ad-Hoc|x64.ActiveCfg = Release|Any CPU
		{8B988DEF-DBE9-4C4E-9FD6-8DC9A022D722}.Ad-Hoc|x64.Build.0 = Release|Any CPU
		{8B988DEF-DBE9-4C4E-9FD6-8DC9A022D722}.Ad-Hoc|x86.ActiveCfg = Release|Any CPU
		{8B988DEF-DBE9-4C4E-9FD6-8DC9A022D722}.Ad-Hoc|x86.Build.0 = Release|Any CPU
		{8B988DEF-DBE9-4C4E-9FD6-8DC9A022D722}.AppStore|Any CPU.ActiveCfg = Release|Any CPU
		{8B988DEF-DBE9-4C4E-9FD6-8DC9A022D722}.AppStore|Any CPU.Build.0 = Release|Any CPU
		{8B988DEF-DBE9-4C4E-9FD6-8DC9A022D722}.AppStore|ARM.ActiveCfg = Release|Any CPU
		{8B988DEF-DBE9-4C4E-9FD6-8DC9A022D722}.AppStore|ARM.Build.0 = Release|Any CPU
		{8B988DEF-DBE9-4C4E-9FD6-8DC9A022D722}.AppStore|iPhone.ActiveCfg = Release|Any CPU
		{8B988DEF-DBE9-4C4E-9FD6-8DC9A022D722}.AppStore|iPhone.Build.0 = Release|Any CPU
		{8B988DEF-DBE9-4C4E-9FD6-8DC9A022D722}.AppStore|iPhoneSimulator.ActiveCfg = Release|Any CPU
		{8B988DEF-DBE9-4C4E-9FD6-8DC9A022D722}.AppStore|iPhoneSimulator.Build.0 = Release|Any CPU
		{8B988DEF-DBE9-4C4E-9FD6-8DC9A022D722}.AppStore|x64.ActiveCfg = Release|Any CPU
		{8B988DEF-DBE9-4C4E-9FD6-8DC9A022D722}.AppStore|x64.Build.0 = Release|Any CPU
		{8B988DEF-DBE9-4C4E-9FD6-8DC9A022D722}.AppStore|x86.ActiveCfg = Release|Any CPU
		{8B988DEF-DBE9-4C4E-9FD6-8DC9A022D722}.AppStore|x86.Build.0 = Release|Any CPU
		{8B988DEF-DBE9-4C4E-9FD6-8DC9A022D722}.Debug|Any CPU.ActiveCfg = Debug|Any CPU
		{8B988DEF-DBE9-4C4E-9FD6-8DC9A022D722}.Debug|Any CPU.Build.0 = Debug|Any CPU
		{8B988DEF-DBE9-4C4E-9FD6-8DC9A022D722}.Debug|ARM.ActiveCfg = Debug|Any CPU
		{8B988DEF-DBE9-4C4E-9FD6-8DC9A022D722}.Debug|ARM.Build.0 = Debug|Any CPU
		{8B988DEF-DBE9-4C4E-9FD6-8DC9A022D722}.Debug|iPhone.ActiveCfg = Debug|Any CPU
		{8B988DEF-DBE9-4C4E-9FD6-8DC9A022D722}.Debug|iPhone.Build.0 = Debug|Any CPU
		{8B988DEF-DBE9-4C4E-9FD6-8DC9A022D722}.Debug|iPhoneSimulator.ActiveCfg = Debug|Any CPU
		{8B988DEF-DBE9-4C4E-9FD6-8DC9A022D722}.Debug|iPhoneSimulator.Build.0 = Debug|Any CPU
		{8B988DEF-DBE9-4C4E-9FD6-8DC9A022D722}.Debug|x64.ActiveCfg = Debug|Any CPU
		{8B988DEF-DBE9-4C4E-9FD6-8DC9A022D722}.Debug|x64.Build.0 = Debug|Any CPU
		{8B988DEF-DBE9-4C4E-9FD6-8DC9A022D722}.Debug|x86.ActiveCfg = Debug|Any CPU
		{8B988DEF-DBE9-4C4E-9FD6-8DC9A022D722}.Debug|x86.Build.0 = Debug|Any CPU
		{8B988DEF-DBE9-4C4E-9FD6-8DC9A022D722}.Release|Any CPU.ActiveCfg = Release|Any CPU
		{8B988DEF-DBE9-4C4E-9FD6-8DC9A022D722}.Release|Any CPU.Build.0 = Release|Any CPU
		{8B988DEF-DBE9-4C4E-9FD6-8DC9A022D722}.Release|ARM.ActiveCfg = Release|Any CPU
		{8B988DEF-DBE9-4C4E-9FD6-8DC9A022D722}.Release|ARM.Build.0 = Release|Any CPU
		{8B988DEF-DBE9-4C4E-9FD6-8DC9A022D722}.Release|iPhone.ActiveCfg = Release|Any CPU
		{8B988DEF-DBE9-4C4E-9FD6-8DC9A022D722}.Release|iPhone.Build.0 = Release|Any CPU
		{8B988DEF-DBE9-4C4E-9FD6-8DC9A022D722}.Release|iPhoneSimulator.ActiveCfg = Release|Any CPU
		{8B988DEF-DBE9-4C4E-9FD6-8DC9A022D722}.Release|iPhoneSimulator.Build.0 = Release|Any CPU
		{8B988DEF-DBE9-4C4E-9FD6-8DC9A022D722}.Release|x64.ActiveCfg = Release|Any CPU
		{8B988DEF-DBE9-4C4E-9FD6-8DC9A022D722}.Release|x64.Build.0 = Release|Any CPU
		{8B988DEF-DBE9-4C4E-9FD6-8DC9A022D722}.Release|x86.ActiveCfg = Release|Any CPU
		{8B988DEF-DBE9-4C4E-9FD6-8DC9A022D722}.Release|x86.Build.0 = Release|Any CPU
		{72ADAAA9-F6E1-4A42-B322-4665C46E7D34}.Ad-Hoc|Any CPU.ActiveCfg = Release|Any CPU
		{72ADAAA9-F6E1-4A42-B322-4665C46E7D34}.Ad-Hoc|Any CPU.Build.0 = Release|Any CPU
		{72ADAAA9-F6E1-4A42-B322-4665C46E7D34}.Ad-Hoc|ARM.ActiveCfg = Debug|Any CPU
		{72ADAAA9-F6E1-4A42-B322-4665C46E7D34}.Ad-Hoc|ARM.Build.0 = Debug|Any CPU
		{72ADAAA9-F6E1-4A42-B322-4665C46E7D34}.Ad-Hoc|iPhone.ActiveCfg = Release|Any CPU
		{72ADAAA9-F6E1-4A42-B322-4665C46E7D34}.Ad-Hoc|iPhone.Build.0 = Release|Any CPU
		{72ADAAA9-F6E1-4A42-B322-4665C46E7D34}.Ad-Hoc|iPhoneSimulator.ActiveCfg = Release|Any CPU
		{72ADAAA9-F6E1-4A42-B322-4665C46E7D34}.Ad-Hoc|iPhoneSimulator.Build.0 = Release|Any CPU
		{72ADAAA9-F6E1-4A42-B322-4665C46E7D34}.Ad-Hoc|x64.ActiveCfg = Debug|Any CPU
		{72ADAAA9-F6E1-4A42-B322-4665C46E7D34}.Ad-Hoc|x64.Build.0 = Debug|Any CPU
		{72ADAAA9-F6E1-4A42-B322-4665C46E7D34}.Ad-Hoc|x86.ActiveCfg = Debug|Any CPU
		{72ADAAA9-F6E1-4A42-B322-4665C46E7D34}.Ad-Hoc|x86.Build.0 = Debug|Any CPU
		{72ADAAA9-F6E1-4A42-B322-4665C46E7D34}.AppStore|Any CPU.ActiveCfg = Release|Any CPU
		{72ADAAA9-F6E1-4A42-B322-4665C46E7D34}.AppStore|Any CPU.Build.0 = Release|Any CPU
		{72ADAAA9-F6E1-4A42-B322-4665C46E7D34}.AppStore|ARM.ActiveCfg = Debug|Any CPU
		{72ADAAA9-F6E1-4A42-B322-4665C46E7D34}.AppStore|ARM.Build.0 = Debug|Any CPU
		{72ADAAA9-F6E1-4A42-B322-4665C46E7D34}.AppStore|iPhone.ActiveCfg = Release|Any CPU
		{72ADAAA9-F6E1-4A42-B322-4665C46E7D34}.AppStore|iPhone.Build.0 = Release|Any CPU
		{72ADAAA9-F6E1-4A42-B322-4665C46E7D34}.AppStore|iPhoneSimulator.ActiveCfg = Release|Any CPU
		{72ADAAA9-F6E1-4A42-B322-4665C46E7D34}.AppStore|iPhoneSimulator.Build.0 = Release|Any CPU
		{72ADAAA9-F6E1-4A42-B322-4665C46E7D34}.AppStore|x64.ActiveCfg = Debug|Any CPU
		{72ADAAA9-F6E1-4A42-B322-4665C46E7D34}.AppStore|x64.Build.0 = Debug|Any CPU
		{72ADAAA9-F6E1-4A42-B322-4665C46E7D34}.AppStore|x86.ActiveCfg = Debug|Any CPU
		{72ADAAA9-F6E1-4A42-B322-4665C46E7D34}.AppStore|x86.Build.0 = Debug|Any CPU
		{72ADAAA9-F6E1-4A42-B322-4665C46E7D34}.Debug|Any CPU.ActiveCfg = Debug|Any CPU
		{72ADAAA9-F6E1-4A42-B322-4665C46E7D34}.Debug|Any CPU.Build.0 = Debug|Any CPU
		{72ADAAA9-F6E1-4A42-B322-4665C46E7D34}.Debug|ARM.ActiveCfg = Debug|Any CPU
		{72ADAAA9-F6E1-4A42-B322-4665C46E7D34}.Debug|ARM.Build.0 = Debug|Any CPU
		{72ADAAA9-F6E1-4A42-B322-4665C46E7D34}.Debug|iPhone.ActiveCfg = Debug|Any CPU
		{72ADAAA9-F6E1-4A42-B322-4665C46E7D34}.Debug|iPhone.Build.0 = Debug|Any CPU
		{72ADAAA9-F6E1-4A42-B322-4665C46E7D34}.Debug|iPhoneSimulator.ActiveCfg = Debug|Any CPU
		{72ADAAA9-F6E1-4A42-B322-4665C46E7D34}.Debug|iPhoneSimulator.Build.0 = Debug|Any CPU
		{72ADAAA9-F6E1-4A42-B322-4665C46E7D34}.Debug|x64.ActiveCfg = Debug|Any CPU
		{72ADAAA9-F6E1-4A42-B322-4665C46E7D34}.Debug|x64.Build.0 = Debug|Any CPU
		{72ADAAA9-F6E1-4A42-B322-4665C46E7D34}.Debug|x86.ActiveCfg = Debug|Any CPU
		{72ADAAA9-F6E1-4A42-B322-4665C46E7D34}.Debug|x86.Build.0 = Debug|Any CPU
		{72ADAAA9-F6E1-4A42-B322-4665C46E7D34}.Release|Any CPU.ActiveCfg = Release|Any CPU
		{72ADAAA9-F6E1-4A42-B322-4665C46E7D34}.Release|Any CPU.Build.0 = Release|Any CPU
		{72ADAAA9-F6E1-4A42-B322-4665C46E7D34}.Release|ARM.ActiveCfg = Release|Any CPU
		{72ADAAA9-F6E1-4A42-B322-4665C46E7D34}.Release|ARM.Build.0 = Release|Any CPU
		{72ADAAA9-F6E1-4A42-B322-4665C46E7D34}.Release|iPhone.ActiveCfg = Release|Any CPU
		{72ADAAA9-F6E1-4A42-B322-4665C46E7D34}.Release|iPhone.Build.0 = Release|Any CPU
		{72ADAAA9-F6E1-4A42-B322-4665C46E7D34}.Release|iPhoneSimulator.ActiveCfg = Release|Any CPU
		{72ADAAA9-F6E1-4A42-B322-4665C46E7D34}.Release|iPhoneSimulator.Build.0 = Release|Any CPU
		{72ADAAA9-F6E1-4A42-B322-4665C46E7D34}.Release|x64.ActiveCfg = Release|Any CPU
		{72ADAAA9-F6E1-4A42-B322-4665C46E7D34}.Release|x64.Build.0 = Release|Any CPU
		{72ADAAA9-F6E1-4A42-B322-4665C46E7D34}.Release|x86.ActiveCfg = Release|Any CPU
		{72ADAAA9-F6E1-4A42-B322-4665C46E7D34}.Release|x86.Build.0 = Release|Any CPU
		{A44AFD97-BEFD-4A70-B7CF-CA56CCB28824}.Ad-Hoc|Any CPU.ActiveCfg = Release|Any CPU
		{A44AFD97-BEFD-4A70-B7CF-CA56CCB28824}.Ad-Hoc|Any CPU.Build.0 = Release|Any CPU
		{A44AFD97-BEFD-4A70-B7CF-CA56CCB28824}.Ad-Hoc|Any CPU.Deploy.0 = Release|Any CPU
		{A44AFD97-BEFD-4A70-B7CF-CA56CCB28824}.Ad-Hoc|ARM.ActiveCfg = Release|Any CPU
		{A44AFD97-BEFD-4A70-B7CF-CA56CCB28824}.Ad-Hoc|ARM.Build.0 = Release|Any CPU
		{A44AFD97-BEFD-4A70-B7CF-CA56CCB28824}.Ad-Hoc|ARM.Deploy.0 = Release|Any CPU
		{A44AFD97-BEFD-4A70-B7CF-CA56CCB28824}.Ad-Hoc|iPhone.ActiveCfg = Release|Any CPU
		{A44AFD97-BEFD-4A70-B7CF-CA56CCB28824}.Ad-Hoc|iPhone.Build.0 = Release|Any CPU
		{A44AFD97-BEFD-4A70-B7CF-CA56CCB28824}.Ad-Hoc|iPhone.Deploy.0 = Release|Any CPU
		{A44AFD97-BEFD-4A70-B7CF-CA56CCB28824}.Ad-Hoc|iPhoneSimulator.ActiveCfg = Release|Any CPU
		{A44AFD97-BEFD-4A70-B7CF-CA56CCB28824}.Ad-Hoc|iPhoneSimulator.Build.0 = Release|Any CPU
		{A44AFD97-BEFD-4A70-B7CF-CA56CCB28824}.Ad-Hoc|iPhoneSimulator.Deploy.0 = Release|Any CPU
		{A44AFD97-BEFD-4A70-B7CF-CA56CCB28824}.Ad-Hoc|x64.ActiveCfg = Release|x64
		{A44AFD97-BEFD-4A70-B7CF-CA56CCB28824}.Ad-Hoc|x64.Build.0 = Release|x64
		{A44AFD97-BEFD-4A70-B7CF-CA56CCB28824}.Ad-Hoc|x64.Deploy.0 = Release|x64
		{A44AFD97-BEFD-4A70-B7CF-CA56CCB28824}.Ad-Hoc|x86.ActiveCfg = Release|x86
		{A44AFD97-BEFD-4A70-B7CF-CA56CCB28824}.Ad-Hoc|x86.Build.0 = Release|x86
		{A44AFD97-BEFD-4A70-B7CF-CA56CCB28824}.Ad-Hoc|x86.Deploy.0 = Release|x86
		{A44AFD97-BEFD-4A70-B7CF-CA56CCB28824}.AppStore|Any CPU.ActiveCfg = Release|Any CPU
		{A44AFD97-BEFD-4A70-B7CF-CA56CCB28824}.AppStore|Any CPU.Build.0 = Release|Any CPU
		{A44AFD97-BEFD-4A70-B7CF-CA56CCB28824}.AppStore|Any CPU.Deploy.0 = Release|Any CPU
		{A44AFD97-BEFD-4A70-B7CF-CA56CCB28824}.AppStore|ARM.ActiveCfg = Release|Any CPU
		{A44AFD97-BEFD-4A70-B7CF-CA56CCB28824}.AppStore|ARM.Build.0 = Release|Any CPU
		{A44AFD97-BEFD-4A70-B7CF-CA56CCB28824}.AppStore|ARM.Deploy.0 = Release|Any CPU
		{A44AFD97-BEFD-4A70-B7CF-CA56CCB28824}.AppStore|iPhone.ActiveCfg = Release|Any CPU
		{A44AFD97-BEFD-4A70-B7CF-CA56CCB28824}.AppStore|iPhone.Build.0 = Release|Any CPU
		{A44AFD97-BEFD-4A70-B7CF-CA56CCB28824}.AppStore|iPhone.Deploy.0 = Release|Any CPU
		{A44AFD97-BEFD-4A70-B7CF-CA56CCB28824}.AppStore|iPhoneSimulator.ActiveCfg = Release|Any CPU
		{A44AFD97-BEFD-4A70-B7CF-CA56CCB28824}.AppStore|iPhoneSimulator.Build.0 = Release|Any CPU
		{A44AFD97-BEFD-4A70-B7CF-CA56CCB28824}.AppStore|iPhoneSimulator.Deploy.0 = Release|Any CPU
		{A44AFD97-BEFD-4A70-B7CF-CA56CCB28824}.AppStore|x64.ActiveCfg = Release|x64
		{A44AFD97-BEFD-4A70-B7CF-CA56CCB28824}.AppStore|x64.Build.0 = Release|x64
		{A44AFD97-BEFD-4A70-B7CF-CA56CCB28824}.AppStore|x64.Deploy.0 = Release|x64
		{A44AFD97-BEFD-4A70-B7CF-CA56CCB28824}.AppStore|x86.ActiveCfg = Release|x86
		{A44AFD97-BEFD-4A70-B7CF-CA56CCB28824}.AppStore|x86.Build.0 = Release|x86
		{A44AFD97-BEFD-4A70-B7CF-CA56CCB28824}.AppStore|x86.Deploy.0 = Release|x86
		{A44AFD97-BEFD-4A70-B7CF-CA56CCB28824}.Debug|Any CPU.ActiveCfg = Debug|Any CPU
		{A44AFD97-BEFD-4A70-B7CF-CA56CCB28824}.Debug|Any CPU.Build.0 = Debug|Any CPU
		{A44AFD97-BEFD-4A70-B7CF-CA56CCB28824}.Debug|Any CPU.Deploy.0 = Debug|Any CPU
		{A44AFD97-BEFD-4A70-B7CF-CA56CCB28824}.Debug|ARM.ActiveCfg = Debug|Any CPU
		{A44AFD97-BEFD-4A70-B7CF-CA56CCB28824}.Debug|ARM.Build.0 = Debug|Any CPU
		{A44AFD97-BEFD-4A70-B7CF-CA56CCB28824}.Debug|ARM.Deploy.0 = Debug|Any CPU
		{A44AFD97-BEFD-4A70-B7CF-CA56CCB28824}.Debug|iPhone.ActiveCfg = Debug|Any CPU
		{A44AFD97-BEFD-4A70-B7CF-CA56CCB28824}.Debug|iPhone.Build.0 = Debug|Any CPU
		{A44AFD97-BEFD-4A70-B7CF-CA56CCB28824}.Debug|iPhone.Deploy.0 = Debug|Any CPU
		{A44AFD97-BEFD-4A70-B7CF-CA56CCB28824}.Debug|iPhoneSimulator.ActiveCfg = Debug|Any CPU
		{A44AFD97-BEFD-4A70-B7CF-CA56CCB28824}.Debug|iPhoneSimulator.Build.0 = Debug|Any CPU
		{A44AFD97-BEFD-4A70-B7CF-CA56CCB28824}.Debug|iPhoneSimulator.Deploy.0 = Debug|Any CPU
		{A44AFD97-BEFD-4A70-B7CF-CA56CCB28824}.Debug|x64.ActiveCfg = Debug|x64
		{A44AFD97-BEFD-4A70-B7CF-CA56CCB28824}.Debug|x64.Build.0 = Debug|x64
		{A44AFD97-BEFD-4A70-B7CF-CA56CCB28824}.Debug|x64.Deploy.0 = Debug|x64
		{A44AFD97-BEFD-4A70-B7CF-CA56CCB28824}.Debug|x86.ActiveCfg = Debug|x86
		{A44AFD97-BEFD-4A70-B7CF-CA56CCB28824}.Debug|x86.Build.0 = Debug|x86
		{A44AFD97-BEFD-4A70-B7CF-CA56CCB28824}.Debug|x86.Deploy.0 = Debug|x86
		{A44AFD97-BEFD-4A70-B7CF-CA56CCB28824}.Release|Any CPU.ActiveCfg = Release|Any CPU
		{A44AFD97-BEFD-4A70-B7CF-CA56CCB28824}.Release|Any CPU.Build.0 = Release|Any CPU
		{A44AFD97-BEFD-4A70-B7CF-CA56CCB28824}.Release|Any CPU.Deploy.0 = Release|Any CPU
		{A44AFD97-BEFD-4A70-B7CF-CA56CCB28824}.Release|ARM.ActiveCfg = Release|Any CPU
		{A44AFD97-BEFD-4A70-B7CF-CA56CCB28824}.Release|ARM.Build.0 = Release|Any CPU
		{A44AFD97-BEFD-4A70-B7CF-CA56CCB28824}.Release|ARM.Deploy.0 = Release|Any CPU
		{A44AFD97-BEFD-4A70-B7CF-CA56CCB28824}.Release|iPhone.ActiveCfg = Release|Any CPU
		{A44AFD97-BEFD-4A70-B7CF-CA56CCB28824}.Release|iPhone.Build.0 = Release|Any CPU
		{A44AFD97-BEFD-4A70-B7CF-CA56CCB28824}.Release|iPhone.Deploy.0 = Release|Any CPU
		{A44AFD97-BEFD-4A70-B7CF-CA56CCB28824}.Release|iPhoneSimulator.ActiveCfg = Release|Any CPU
		{A44AFD97-BEFD-4A70-B7CF-CA56CCB28824}.Release|iPhoneSimulator.Build.0 = Release|Any CPU
		{A44AFD97-BEFD-4A70-B7CF-CA56CCB28824}.Release|iPhoneSimulator.Deploy.0 = Release|Any CPU
		{A44AFD97-BEFD-4A70-B7CF-CA56CCB28824}.Release|x64.ActiveCfg = Release|x64
		{A44AFD97-BEFD-4A70-B7CF-CA56CCB28824}.Release|x64.Build.0 = Release|x64
		{A44AFD97-BEFD-4A70-B7CF-CA56CCB28824}.Release|x64.Deploy.0 = Release|x64
		{A44AFD97-BEFD-4A70-B7CF-CA56CCB28824}.Release|x86.ActiveCfg = Release|x86
		{A44AFD97-BEFD-4A70-B7CF-CA56CCB28824}.Release|x86.Build.0 = Release|x86
		{A44AFD97-BEFD-4A70-B7CF-CA56CCB28824}.Release|x86.Deploy.0 = Release|x86
		{56DC67D6-E342-4904-93D4-5A9937670617}.Ad-Hoc|Any CPU.ActiveCfg = Ad-Hoc|x86
		{56DC67D6-E342-4904-93D4-5A9937670617}.Ad-Hoc|ARM.ActiveCfg = Ad-Hoc|x86
		{56DC67D6-E342-4904-93D4-5A9937670617}.Ad-Hoc|iPhone.ActiveCfg = Ad-Hoc|iPhone
		{56DC67D6-E342-4904-93D4-5A9937670617}.Ad-Hoc|iPhone.Build.0 = Ad-Hoc|iPhone
		{56DC67D6-E342-4904-93D4-5A9937670617}.Ad-Hoc|iPhoneSimulator.ActiveCfg = Ad-Hoc|iPhoneSimulator
		{56DC67D6-E342-4904-93D4-5A9937670617}.Ad-Hoc|iPhoneSimulator.Build.0 = Ad-Hoc|iPhoneSimulator
		{56DC67D6-E342-4904-93D4-5A9937670617}.Ad-Hoc|x64.ActiveCfg = Ad-Hoc|x64
		{56DC67D6-E342-4904-93D4-5A9937670617}.Ad-Hoc|x64.Build.0 = Ad-Hoc|x64
		{56DC67D6-E342-4904-93D4-5A9937670617}.Ad-Hoc|x86.ActiveCfg = Ad-Hoc|x86
		{56DC67D6-E342-4904-93D4-5A9937670617}.Ad-Hoc|x86.Build.0 = Ad-Hoc|x86
		{56DC67D6-E342-4904-93D4-5A9937670617}.AppStore|Any CPU.ActiveCfg = AppStore|x86
		{56DC67D6-E342-4904-93D4-5A9937670617}.AppStore|ARM.ActiveCfg = AppStore|x86
		{56DC67D6-E342-4904-93D4-5A9937670617}.AppStore|iPhone.ActiveCfg = AppStore|iPhone
		{56DC67D6-E342-4904-93D4-5A9937670617}.AppStore|iPhone.Build.0 = AppStore|iPhone
		{56DC67D6-E342-4904-93D4-5A9937670617}.AppStore|iPhoneSimulator.ActiveCfg = AppStore|iPhoneSimulator
		{56DC67D6-E342-4904-93D4-5A9937670617}.AppStore|iPhoneSimulator.Build.0 = AppStore|iPhoneSimulator
		{56DC67D6-E342-4904-93D4-5A9937670617}.AppStore|x64.ActiveCfg = AppStore|x64
		{56DC67D6-E342-4904-93D4-5A9937670617}.AppStore|x64.Build.0 = AppStore|x64
		{56DC67D6-E342-4904-93D4-5A9937670617}.AppStore|x86.ActiveCfg = AppStore|x86
		{56DC67D6-E342-4904-93D4-5A9937670617}.AppStore|x86.Build.0 = AppStore|x86
		{56DC67D6-E342-4904-93D4-5A9937670617}.Debug|Any CPU.ActiveCfg = Debug|x86
		{56DC67D6-E342-4904-93D4-5A9937670617}.Debug|ARM.ActiveCfg = Debug|x86
		{56DC67D6-E342-4904-93D4-5A9937670617}.Debug|iPhone.ActiveCfg = Debug|iPhone
		{56DC67D6-E342-4904-93D4-5A9937670617}.Debug|iPhone.Build.0 = Debug|iPhone
		{56DC67D6-E342-4904-93D4-5A9937670617}.Debug|iPhoneSimulator.ActiveCfg = Debug|iPhoneSimulator
		{56DC67D6-E342-4904-93D4-5A9937670617}.Debug|iPhoneSimulator.Build.0 = Debug|iPhoneSimulator
		{56DC67D6-E342-4904-93D4-5A9937670617}.Debug|x64.ActiveCfg = Debug|x64
		{56DC67D6-E342-4904-93D4-5A9937670617}.Debug|x64.Build.0 = Debug|x64
		{56DC67D6-E342-4904-93D4-5A9937670617}.Debug|x86.ActiveCfg = Debug|x86
		{56DC67D6-E342-4904-93D4-5A9937670617}.Debug|x86.Build.0 = Debug|x86
		{56DC67D6-E342-4904-93D4-5A9937670617}.Release|Any CPU.ActiveCfg = Release|x86
		{56DC67D6-E342-4904-93D4-5A9937670617}.Release|ARM.ActiveCfg = Release|x86
		{56DC67D6-E342-4904-93D4-5A9937670617}.Release|iPhone.ActiveCfg = Release|iPhone
		{56DC67D6-E342-4904-93D4-5A9937670617}.Release|iPhone.Build.0 = Release|iPhone
		{56DC67D6-E342-4904-93D4-5A9937670617}.Release|iPhoneSimulator.ActiveCfg = Release|iPhoneSimulator
		{56DC67D6-E342-4904-93D4-5A9937670617}.Release|iPhoneSimulator.Build.0 = Release|iPhoneSimulator
		{56DC67D6-E342-4904-93D4-5A9937670617}.Release|x64.ActiveCfg = Release|x64
		{56DC67D6-E342-4904-93D4-5A9937670617}.Release|x64.Build.0 = Release|x64
		{56DC67D6-E342-4904-93D4-5A9937670617}.Release|x86.ActiveCfg = Release|x86
		{56DC67D6-E342-4904-93D4-5A9937670617}.Release|x86.Build.0 = Release|x86
		{CFEA158E-DD1F-428B-A0EA-464ABBD5A613}.Ad-Hoc|Any CPU.ActiveCfg = Release|x86
		{CFEA158E-DD1F-428B-A0EA-464ABBD5A613}.Ad-Hoc|Any CPU.Build.0 = Release|x86
		{CFEA158E-DD1F-428B-A0EA-464ABBD5A613}.Ad-Hoc|Any CPU.Deploy.0 = Release|x86
		{CFEA158E-DD1F-428B-A0EA-464ABBD5A613}.Ad-Hoc|ARM.ActiveCfg = Release|ARM
		{CFEA158E-DD1F-428B-A0EA-464ABBD5A613}.Ad-Hoc|ARM.Build.0 = Release|ARM
		{CFEA158E-DD1F-428B-A0EA-464ABBD5A613}.Ad-Hoc|ARM.Deploy.0 = Release|ARM
		{CFEA158E-DD1F-428B-A0EA-464ABBD5A613}.Ad-Hoc|iPhone.ActiveCfg = Release|x86
		{CFEA158E-DD1F-428B-A0EA-464ABBD5A613}.Ad-Hoc|iPhone.Build.0 = Release|x86
		{CFEA158E-DD1F-428B-A0EA-464ABBD5A613}.Ad-Hoc|iPhone.Deploy.0 = Release|x86
		{CFEA158E-DD1F-428B-A0EA-464ABBD5A613}.Ad-Hoc|iPhoneSimulator.ActiveCfg = Release|x86
		{CFEA158E-DD1F-428B-A0EA-464ABBD5A613}.Ad-Hoc|iPhoneSimulator.Build.0 = Release|x86
		{CFEA158E-DD1F-428B-A0EA-464ABBD5A613}.Ad-Hoc|iPhoneSimulator.Deploy.0 = Release|x86
		{CFEA158E-DD1F-428B-A0EA-464ABBD5A613}.Ad-Hoc|x64.ActiveCfg = Release|x64
		{CFEA158E-DD1F-428B-A0EA-464ABBD5A613}.Ad-Hoc|x64.Build.0 = Release|x64
		{CFEA158E-DD1F-428B-A0EA-464ABBD5A613}.Ad-Hoc|x64.Deploy.0 = Release|x64
		{CFEA158E-DD1F-428B-A0EA-464ABBD5A613}.Ad-Hoc|x86.ActiveCfg = Release|x86
		{CFEA158E-DD1F-428B-A0EA-464ABBD5A613}.Ad-Hoc|x86.Build.0 = Release|x86
		{CFEA158E-DD1F-428B-A0EA-464ABBD5A613}.Ad-Hoc|x86.Deploy.0 = Release|x86
		{CFEA158E-DD1F-428B-A0EA-464ABBD5A613}.AppStore|Any CPU.ActiveCfg = Release|x86
		{CFEA158E-DD1F-428B-A0EA-464ABBD5A613}.AppStore|Any CPU.Build.0 = Release|x86
		{CFEA158E-DD1F-428B-A0EA-464ABBD5A613}.AppStore|Any CPU.Deploy.0 = Release|x86
		{CFEA158E-DD1F-428B-A0EA-464ABBD5A613}.AppStore|ARM.ActiveCfg = Release|ARM
		{CFEA158E-DD1F-428B-A0EA-464ABBD5A613}.AppStore|ARM.Build.0 = Release|ARM
		{CFEA158E-DD1F-428B-A0EA-464ABBD5A613}.AppStore|ARM.Deploy.0 = Release|ARM
		{CFEA158E-DD1F-428B-A0EA-464ABBD5A613}.AppStore|iPhone.ActiveCfg = Release|x86
		{CFEA158E-DD1F-428B-A0EA-464ABBD5A613}.AppStore|iPhone.Build.0 = Release|x86
		{CFEA158E-DD1F-428B-A0EA-464ABBD5A613}.AppStore|iPhone.Deploy.0 = Release|x86
		{CFEA158E-DD1F-428B-A0EA-464ABBD5A613}.AppStore|iPhoneSimulator.ActiveCfg = Release|x86
		{CFEA158E-DD1F-428B-A0EA-464ABBD5A613}.AppStore|iPhoneSimulator.Build.0 = Release|x86
		{CFEA158E-DD1F-428B-A0EA-464ABBD5A613}.AppStore|iPhoneSimulator.Deploy.0 = Release|x86
		{CFEA158E-DD1F-428B-A0EA-464ABBD5A613}.AppStore|x64.ActiveCfg = Release|x64
		{CFEA158E-DD1F-428B-A0EA-464ABBD5A613}.AppStore|x64.Build.0 = Release|x64
		{CFEA158E-DD1F-428B-A0EA-464ABBD5A613}.AppStore|x64.Deploy.0 = Release|x64
		{CFEA158E-DD1F-428B-A0EA-464ABBD5A613}.AppStore|x86.ActiveCfg = Release|x86
		{CFEA158E-DD1F-428B-A0EA-464ABBD5A613}.AppStore|x86.Build.0 = Release|x86
		{CFEA158E-DD1F-428B-A0EA-464ABBD5A613}.AppStore|x86.Deploy.0 = Release|x86
		{CFEA158E-DD1F-428B-A0EA-464ABBD5A613}.Debug|Any CPU.ActiveCfg = Debug|x86
		{CFEA158E-DD1F-428B-A0EA-464ABBD5A613}.Debug|ARM.ActiveCfg = Debug|ARM
		{CFEA158E-DD1F-428B-A0EA-464ABBD5A613}.Debug|ARM.Build.0 = Debug|ARM
		{CFEA158E-DD1F-428B-A0EA-464ABBD5A613}.Debug|ARM.Deploy.0 = Debug|ARM
		{CFEA158E-DD1F-428B-A0EA-464ABBD5A613}.Debug|iPhone.ActiveCfg = Debug|x86
		{CFEA158E-DD1F-428B-A0EA-464ABBD5A613}.Debug|iPhoneSimulator.ActiveCfg = Debug|x86
		{CFEA158E-DD1F-428B-A0EA-464ABBD5A613}.Debug|x64.ActiveCfg = Debug|x64
		{CFEA158E-DD1F-428B-A0EA-464ABBD5A613}.Debug|x64.Build.0 = Debug|x64
		{CFEA158E-DD1F-428B-A0EA-464ABBD5A613}.Debug|x64.Deploy.0 = Debug|x64
		{CFEA158E-DD1F-428B-A0EA-464ABBD5A613}.Debug|x86.ActiveCfg = Debug|x86
		{CFEA158E-DD1F-428B-A0EA-464ABBD5A613}.Debug|x86.Build.0 = Debug|x86
		{CFEA158E-DD1F-428B-A0EA-464ABBD5A613}.Debug|x86.Deploy.0 = Debug|x86
		{CFEA158E-DD1F-428B-A0EA-464ABBD5A613}.Release|Any CPU.ActiveCfg = Release|x86
		{CFEA158E-DD1F-428B-A0EA-464ABBD5A613}.Release|ARM.ActiveCfg = Release|ARM
		{CFEA158E-DD1F-428B-A0EA-464ABBD5A613}.Release|ARM.Build.0 = Release|ARM
		{CFEA158E-DD1F-428B-A0EA-464ABBD5A613}.Release|ARM.Deploy.0 = Release|ARM
		{CFEA158E-DD1F-428B-A0EA-464ABBD5A613}.Release|iPhone.ActiveCfg = Release|x86
		{CFEA158E-DD1F-428B-A0EA-464ABBD5A613}.Release|iPhoneSimulator.ActiveCfg = Release|x86
		{CFEA158E-DD1F-428B-A0EA-464ABBD5A613}.Release|x64.ActiveCfg = Release|x64
		{CFEA158E-DD1F-428B-A0EA-464ABBD5A613}.Release|x64.Build.0 = Release|x64
		{CFEA158E-DD1F-428B-A0EA-464ABBD5A613}.Release|x64.Deploy.0 = Release|x64
		{CFEA158E-DD1F-428B-A0EA-464ABBD5A613}.Release|x86.ActiveCfg = Release|x86
		{CFEA158E-DD1F-428B-A0EA-464ABBD5A613}.Release|x86.Build.0 = Release|x86
		{CFEA158E-DD1F-428B-A0EA-464ABBD5A613}.Release|x86.Deploy.0 = Release|x86
	EndGlobalSection
	GlobalSection(SolutionProperties) = preSolution
		HideSolutionNode = FALSE
	EndGlobalSection
	GlobalSection(NestedProjects) = preSolution
		{72ADAAA9-F6E1-4A42-B322-4665C46E7D34} = {A3631FEB-C006-4B47-8B7D-7DCC8351414B}
		{A44AFD97-BEFD-4A70-B7CF-CA56CCB28824} = {A3631FEB-C006-4B47-8B7D-7DCC8351414B}
		{56DC67D6-E342-4904-93D4-5A9937670617} = {A3631FEB-C006-4B47-8B7D-7DCC8351414B}
		{CFEA158E-DD1F-428B-A0EA-464ABBD5A613} = {A3631FEB-C006-4B47-8B7D-7DCC8351414B}
	EndGlobalSection
	GlobalSection(ExtensibilityGlobals) = postSolution
		SolutionGuid = {BA2DDDB1-5A10-424A-B2E5-A6AB97D1906F}
	EndGlobalSection
EndGlobal
