
Microsoft Visual Studio Solution File, Format Version 12.00
# Visual Studio 14
VisualStudioVersion = 14.0.24720.0
MinimumVisualStudioVersion = 10.0.40219.1
Project("{FAE04EC0-301F-11D3-BF4B-00C04F79EFBC}") = "BuildIt.General", "BuildIt.General\BuildIt.General.csproj", "{FD17AD8E-6A3F-4C1D-A7CB-DCBF6A125897}"
EndProject
Project("{FAE04EC0-301F-11D3-BF4B-00C04F79EFBC}") = "BuildIt.General.Tests", "BuildIt.General.Tests\BuildIt.General.Tests.csproj", "{18F7DCCA-467D-4B0E-B7B8-9FB19A023CF2}"
EndProject
Project("{FAE04EC0-301F-11D3-BF4B-00C04F79EFBC}") = "BuildIt.Lifecycle", "BuildIt.Lifecycle\BuildIt.Lifecycle.csproj", "{FA40C3D1-C786-4A96-89D3-78D3AF17A437}"
EndProject
Project("{D954291E-2A0B-460D-934E-DC6B0785DB48}") = "BuildIt.Shared", "BuildIt.Shared\BuildIt.Shared.shproj", "{CC9E2FC1-2EB0-4352-8EF1-805709B77466}"
EndProject
Project("{FAE04EC0-301F-11D3-BF4B-00C04F79EFBC}") = "BuildIt.Lifecycle.Tests", "BuildIt.Lifecycle.Tests\BuildIt.Lifecycle.Tests.csproj", "{1B35CBB6-69F6-49F4-AF75-5C66F202B88D}"
EndProject
Project("{FAE04EC0-301F-11D3-BF4B-00C04F79EFBC}") = "BuildIt.Synchronization", "BuildIt.Synchronization\BuildIt.Synchronization.csproj", "{CC098E36-DBA0-45A7-BF77-B8DD282937F6}"
EndProject
Project("{FAE04EC0-301F-11D3-BF4B-00C04F79EFBC}") = "BuildIt.Synchronization.Tests", "BuildIt.Synchronization.Tests\BuildIt.Synchronization.Tests.csproj", "{911CB710-7F03-4774-8115-3747085F6DC2}"
EndProject
Project("{D954291E-2A0B-460D-934E-DC6B0785DB48}") = "BuildIt.Lifecycle.Shared", "BuildIt.Lifecycle.Shared\BuildIt.Lifecycle.Shared.shproj", "{A0E34142-1554-469E-8F66-0CD7D656BEAE}"
EndProject
Project("{FAE04EC0-301F-11D3-BF4B-00C04F79EFBC}") = "BuildIt.Lifecycle.UWP", "BuildIt.Lifecycle.UWP\BuildIt.Lifecycle.UWP.csproj", "{0959F4B6-D9E4-4947-8889-D913A26F4788}"
EndProject
Project("{FAE04EC0-301F-11D3-BF4B-00C04F79EFBC}") = "BuildIt.Lifecycle.Win8x", "BuildIt.Lifecycle.Win8x\BuildIt.Lifecycle.Win8x.csproj", "{B3B5BEAF-E04D-4113-B8F0-659DF433ECAA}"
EndProject
Project("{FAE04EC0-301F-11D3-BF4B-00C04F79EFBC}") = "BuildIt.MvvmCross", "BuildIt.MvvmCross\BuildIt.MvvmCross.csproj", "{EE72434B-CB9D-41F4-B6B7-3BB60B2E7218}"
EndProject
Project("{D954291E-2A0B-460D-934E-DC6B0785DB48}") = "BuildIt.UI.Shared", "BuildIt.UI.Shared\BuildIt.UI.Shared.shproj", "{9C859F27-080A-4E23-8154-C736C5C09225}"
EndProject
Project("{FAE04EC0-301F-11D3-BF4B-00C04F79EFBC}") = "BuildIt.MvvmCross.UI.UWP", "BuildIt.MvvmCross.UI.UWP\BuildIt.MvvmCross.UI.UWP.csproj", "{745261C8-2FB3-40BE-997F-C24E29F09CB1}"
EndProject
Project("{2150E333-8FDC-42A3-9474-1A3956D46DE8}") = "Samples", "Samples", "{22A673E6-DF53-46B7-AD66-9622028BE75A}"
EndProject
Project("{2150E333-8FDC-42A3-9474-1A3956D46DE8}") = "StateByState", "StateByState", "{35BDA067-E25D-4AAB-BAFB-17806BFADE9E}"
EndProject
Project("{FAE04EC0-301F-11D3-BF4B-00C04F79EFBC}") = "StateByState.Core", "Samples\StateByState\StateByState.Core\StateByState.Core.csproj", "{B03072FE-40A3-4507-BFD1-C904BB0FE1FA}"
EndProject
Project("{FAE04EC0-301F-11D3-BF4B-00C04F79EFBC}") = "StateByState.UWP", "Samples\StateByState\StateByState.UWP\StateByState.UWP.csproj", "{24B24FF9-10FC-4B8D-89A1-6C16AC1086D5}"
EndProject
Project("{FAE04EC0-301F-11D3-BF4B-00C04F79EFBC}") = "StateByState.Win8x.Windows", "Samples\StateByState\StateByState.Win8x\StateByState.Win8x.Windows\StateByState.Win8x.Windows.csproj", "{A6FE3A2E-193B-4AE8-87BA-EB12CE681A33}"
EndProject
Project("{FAE04EC0-301F-11D3-BF4B-00C04F79EFBC}") = "StateByState.Win8x.WindowsPhone", "Samples\StateByState\StateByState.Win8x\StateByState.Win8x.WindowsPhone\StateByState.Win8x.WindowsPhone.csproj", "{CC00825A-A657-4148-BDC8-EEB5E78A89AB}"
EndProject
Project("{FAE04EC0-301F-11D3-BF4B-00C04F79EFBC}") = "StateByState.Android", "Samples\StateByState\StateByState.Android\StateByState.Android.csproj", "{45C05832-2CDD-4E21-B592-D2FDDC3CCF5E}"
EndProject
Project("{D954291E-2A0B-460D-934E-DC6B0785DB48}") = "StateByState.Shared", "Samples\StateByState\StateByState.Shared\StateByState.Shared.shproj", "{0914A06A-1A69-455F-8D93-2273C08A9143}"
EndProject
Project("{FAE04EC0-301F-11D3-BF4B-00C04F79EFBC}") = "StateByState.XForms", "Samples\StateByState\StateByState.XForms\StateByState.XForms\StateByState.XForms.csproj", "{3547BD44-1607-4AD4-B5A0-2B29D2736749}"
EndProject
Project("{FAE04EC0-301F-11D3-BF4B-00C04F79EFBC}") = "StateByState.XForms.Droid", "Samples\StateByState\StateByState.XForms\Droid\StateByState.XForms.Droid.csproj", "{2991D261-DF81-421A-B6BA-05D13A3A7CB8}"
EndProject
Project("{FAE04EC0-301F-11D3-BF4B-00C04F79EFBC}") = "StateByState.XForms.UWP", "Samples\StateByState\StateByState.XForms\UWP\StateByState.XForms.UWP.csproj", "{EEEBC901-56E1-47CC-B83D-DA70716FF20F}"
EndProject
Project("{FAE04EC0-301F-11D3-BF4B-00C04F79EFBC}") = "BuildIt.Lifecycle.XForms", "BuildIt.Lifecycle.XForms\BuildIt.Lifecycle.XForms.csproj", "{67F9D3A8-F71E-4428-913F-C37AE82CDB24}"
EndProject
Global
	GlobalSection(SharedMSBuildProjectFiles) = preSolution
		BuildIt.UI.Shared\BuildIt.UI.Shared.projitems*{745261c8-2fb3-40be-997f-c24e29f09cb1}*SharedItemsImports = 4
		BuildIt.Shared\BuildIt.Shared.projitems*{745261c8-2fb3-40be-997f-c24e29f09cb1}*SharedItemsImports = 4
		BuildIt.Shared\BuildIt.Shared.projitems*{cc098e36-dba0-45a7-bf77-b8dd282937f6}*SharedItemsImports = 4
		BuildIt.Lifecycle.Shared\BuildIt.Lifecycle.Shared.projitems*{a0e34142-1554-469e-8f66-0cd7d656beae}*SharedItemsImports = 13
		BuildIt.UI.Shared\BuildIt.UI.Shared.projitems*{0959f4b6-d9e4-4947-8889-d913a26f4788}*SharedItemsImports = 4
		BuildIt.Shared\BuildIt.Shared.projitems*{0959f4b6-d9e4-4947-8889-d913a26f4788}*SharedItemsImports = 4
		BuildIt.Lifecycle.Shared\BuildIt.Lifecycle.Shared.projitems*{0959f4b6-d9e4-4947-8889-d913a26f4788}*SharedItemsImports = 4
		BuildIt.Shared\BuildIt.Shared.projitems*{ee72434b-cb9d-41f4-b6b7-3bb60b2e7218}*SharedItemsImports = 4
		Samples\StateByState\StateByState.Shared\StateByState.Shared.projitems*{0914a06a-1a69-455f-8d93-2273c08a9143}*SharedItemsImports = 13
		BuildIt.UI.Shared\BuildIt.UI.Shared.projitems*{b3b5beaf-e04d-4113-b8f0-659df433ecaa}*SharedItemsImports = 4
		BuildIt.Shared\BuildIt.Shared.projitems*{b3b5beaf-e04d-4113-b8f0-659df433ecaa}*SharedItemsImports = 4
		BuildIt.Lifecycle.Shared\BuildIt.Lifecycle.Shared.projitems*{b3b5beaf-e04d-4113-b8f0-659df433ecaa}*SharedItemsImports = 4
		BuildIt.Shared\BuildIt.Shared.projitems*{fa40c3d1-c786-4a96-89d3-78d3af17a437}*SharedItemsImports = 4
		BuildIt.Shared\BuildIt.Shared.projitems*{fd17ad8e-6a3f-4c1d-a7cb-dcbf6a125897}*SharedItemsImports = 4
		BuildIt.UI.Shared\BuildIt.UI.Shared.projitems*{9c859f27-080a-4e23-8154-c736c5c09225}*SharedItemsImports = 13
		Samples\StateByState\StateByState.Shared\StateByState.Shared.projitems*{24b24ff9-10fc-4b8d-89a1-6c16ac1086d5}*SharedItemsImports = 4
		BuildIt.Shared\BuildIt.Shared.projitems*{cc9e2fc1-2eb0-4352-8ef1-805709b77466}*SharedItemsImports = 13
	EndGlobalSection
	GlobalSection(SolutionConfigurationPlatforms) = preSolution
		Debug|Any CPU = Debug|Any CPU
		Debug|ARM = Debug|ARM
		Debug|x64 = Debug|x64
		Debug|x86 = Debug|x86
		Release|Any CPU = Release|Any CPU
		Release|ARM = Release|ARM
		Release|x64 = Release|x64
		Release|x86 = Release|x86
	EndGlobalSection
	GlobalSection(ProjectConfigurationPlatforms) = postSolution
		{FD17AD8E-6A3F-4C1D-A7CB-DCBF6A125897}.Debug|Any CPU.ActiveCfg = Debug|Any CPU
		{FD17AD8E-6A3F-4C1D-A7CB-DCBF6A125897}.Debug|Any CPU.Build.0 = Debug|Any CPU
		{FD17AD8E-6A3F-4C1D-A7CB-DCBF6A125897}.Debug|ARM.ActiveCfg = Debug|Any CPU
		{FD17AD8E-6A3F-4C1D-A7CB-DCBF6A125897}.Debug|ARM.Build.0 = Debug|Any CPU
		{FD17AD8E-6A3F-4C1D-A7CB-DCBF6A125897}.Debug|x64.ActiveCfg = Debug|Any CPU
		{FD17AD8E-6A3F-4C1D-A7CB-DCBF6A125897}.Debug|x64.Build.0 = Debug|Any CPU
		{FD17AD8E-6A3F-4C1D-A7CB-DCBF6A125897}.Debug|x86.ActiveCfg = Debug|Any CPU
		{FD17AD8E-6A3F-4C1D-A7CB-DCBF6A125897}.Debug|x86.Build.0 = Debug|Any CPU
		{FD17AD8E-6A3F-4C1D-A7CB-DCBF6A125897}.Release|Any CPU.ActiveCfg = Release|Any CPU
		{FD17AD8E-6A3F-4C1D-A7CB-DCBF6A125897}.Release|Any CPU.Build.0 = Release|Any CPU
		{FD17AD8E-6A3F-4C1D-A7CB-DCBF6A125897}.Release|ARM.ActiveCfg = Release|Any CPU
		{FD17AD8E-6A3F-4C1D-A7CB-DCBF6A125897}.Release|ARM.Build.0 = Release|Any CPU
		{FD17AD8E-6A3F-4C1D-A7CB-DCBF6A125897}.Release|x64.ActiveCfg = Release|Any CPU
		{FD17AD8E-6A3F-4C1D-A7CB-DCBF6A125897}.Release|x64.Build.0 = Release|Any CPU
		{FD17AD8E-6A3F-4C1D-A7CB-DCBF6A125897}.Release|x86.ActiveCfg = Release|Any CPU
		{FD17AD8E-6A3F-4C1D-A7CB-DCBF6A125897}.Release|x86.Build.0 = Release|Any CPU
		{18F7DCCA-467D-4B0E-B7B8-9FB19A023CF2}.Debug|Any CPU.ActiveCfg = Debug|Any CPU
		{18F7DCCA-467D-4B0E-B7B8-9FB19A023CF2}.Debug|Any CPU.Build.0 = Debug|Any CPU
		{18F7DCCA-467D-4B0E-B7B8-9FB19A023CF2}.Debug|ARM.ActiveCfg = Debug|Any CPU
		{18F7DCCA-467D-4B0E-B7B8-9FB19A023CF2}.Debug|ARM.Build.0 = Debug|Any CPU
		{18F7DCCA-467D-4B0E-B7B8-9FB19A023CF2}.Debug|x64.ActiveCfg = Debug|Any CPU
		{18F7DCCA-467D-4B0E-B7B8-9FB19A023CF2}.Debug|x64.Build.0 = Debug|Any CPU
		{18F7DCCA-467D-4B0E-B7B8-9FB19A023CF2}.Debug|x86.ActiveCfg = Debug|Any CPU
		{18F7DCCA-467D-4B0E-B7B8-9FB19A023CF2}.Debug|x86.Build.0 = Debug|Any CPU
		{18F7DCCA-467D-4B0E-B7B8-9FB19A023CF2}.Release|Any CPU.ActiveCfg = Release|Any CPU
		{18F7DCCA-467D-4B0E-B7B8-9FB19A023CF2}.Release|Any CPU.Build.0 = Release|Any CPU
		{18F7DCCA-467D-4B0E-B7B8-9FB19A023CF2}.Release|ARM.ActiveCfg = Release|Any CPU
		{18F7DCCA-467D-4B0E-B7B8-9FB19A023CF2}.Release|ARM.Build.0 = Release|Any CPU
		{18F7DCCA-467D-4B0E-B7B8-9FB19A023CF2}.Release|x64.ActiveCfg = Release|Any CPU
		{18F7DCCA-467D-4B0E-B7B8-9FB19A023CF2}.Release|x64.Build.0 = Release|Any CPU
		{18F7DCCA-467D-4B0E-B7B8-9FB19A023CF2}.Release|x86.ActiveCfg = Release|Any CPU
		{18F7DCCA-467D-4B0E-B7B8-9FB19A023CF2}.Release|x86.Build.0 = Release|Any CPU
		{FA40C3D1-C786-4A96-89D3-78D3AF17A437}.Debug|Any CPU.ActiveCfg = Debug|Any CPU
		{FA40C3D1-C786-4A96-89D3-78D3AF17A437}.Debug|Any CPU.Build.0 = Debug|Any CPU
		{FA40C3D1-C786-4A96-89D3-78D3AF17A437}.Debug|ARM.ActiveCfg = Debug|Any CPU
		{FA40C3D1-C786-4A96-89D3-78D3AF17A437}.Debug|ARM.Build.0 = Debug|Any CPU
		{FA40C3D1-C786-4A96-89D3-78D3AF17A437}.Debug|x64.ActiveCfg = Debug|Any CPU
		{FA40C3D1-C786-4A96-89D3-78D3AF17A437}.Debug|x64.Build.0 = Debug|Any CPU
		{FA40C3D1-C786-4A96-89D3-78D3AF17A437}.Debug|x86.ActiveCfg = Debug|Any CPU
		{FA40C3D1-C786-4A96-89D3-78D3AF17A437}.Debug|x86.Build.0 = Debug|Any CPU
		{FA40C3D1-C786-4A96-89D3-78D3AF17A437}.Release|Any CPU.ActiveCfg = Release|Any CPU
		{FA40C3D1-C786-4A96-89D3-78D3AF17A437}.Release|Any CPU.Build.0 = Release|Any CPU
		{FA40C3D1-C786-4A96-89D3-78D3AF17A437}.Release|ARM.ActiveCfg = Release|Any CPU
		{FA40C3D1-C786-4A96-89D3-78D3AF17A437}.Release|ARM.Build.0 = Release|Any CPU
		{FA40C3D1-C786-4A96-89D3-78D3AF17A437}.Release|x64.ActiveCfg = Release|Any CPU
		{FA40C3D1-C786-4A96-89D3-78D3AF17A437}.Release|x64.Build.0 = Release|Any CPU
		{FA40C3D1-C786-4A96-89D3-78D3AF17A437}.Release|x86.ActiveCfg = Release|Any CPU
		{FA40C3D1-C786-4A96-89D3-78D3AF17A437}.Release|x86.Build.0 = Release|Any CPU
		{1B35CBB6-69F6-49F4-AF75-5C66F202B88D}.Debug|Any CPU.ActiveCfg = Debug|Any CPU
		{1B35CBB6-69F6-49F4-AF75-5C66F202B88D}.Debug|Any CPU.Build.0 = Debug|Any CPU
		{1B35CBB6-69F6-49F4-AF75-5C66F202B88D}.Debug|ARM.ActiveCfg = Debug|Any CPU
		{1B35CBB6-69F6-49F4-AF75-5C66F202B88D}.Debug|ARM.Build.0 = Debug|Any CPU
		{1B35CBB6-69F6-49F4-AF75-5C66F202B88D}.Debug|x64.ActiveCfg = Debug|Any CPU
		{1B35CBB6-69F6-49F4-AF75-5C66F202B88D}.Debug|x64.Build.0 = Debug|Any CPU
		{1B35CBB6-69F6-49F4-AF75-5C66F202B88D}.Debug|x86.ActiveCfg = Debug|Any CPU
		{1B35CBB6-69F6-49F4-AF75-5C66F202B88D}.Debug|x86.Build.0 = Debug|Any CPU
		{1B35CBB6-69F6-49F4-AF75-5C66F202B88D}.Release|Any CPU.ActiveCfg = Release|Any CPU
		{1B35CBB6-69F6-49F4-AF75-5C66F202B88D}.Release|Any CPU.Build.0 = Release|Any CPU
		{1B35CBB6-69F6-49F4-AF75-5C66F202B88D}.Release|ARM.ActiveCfg = Release|Any CPU
		{1B35CBB6-69F6-49F4-AF75-5C66F202B88D}.Release|ARM.Build.0 = Release|Any CPU
		{1B35CBB6-69F6-49F4-AF75-5C66F202B88D}.Release|x64.ActiveCfg = Release|Any CPU
		{1B35CBB6-69F6-49F4-AF75-5C66F202B88D}.Release|x64.Build.0 = Release|Any CPU
		{1B35CBB6-69F6-49F4-AF75-5C66F202B88D}.Release|x86.ActiveCfg = Release|Any CPU
		{1B35CBB6-69F6-49F4-AF75-5C66F202B88D}.Release|x86.Build.0 = Release|Any CPU
		{CC098E36-DBA0-45A7-BF77-B8DD282937F6}.Debug|Any CPU.ActiveCfg = Debug|Any CPU
		{CC098E36-DBA0-45A7-BF77-B8DD282937F6}.Debug|Any CPU.Build.0 = Debug|Any CPU
		{CC098E36-DBA0-45A7-BF77-B8DD282937F6}.Debug|ARM.ActiveCfg = Debug|Any CPU
		{CC098E36-DBA0-45A7-BF77-B8DD282937F6}.Debug|ARM.Build.0 = Debug|Any CPU
		{CC098E36-DBA0-45A7-BF77-B8DD282937F6}.Debug|x64.ActiveCfg = Debug|Any CPU
		{CC098E36-DBA0-45A7-BF77-B8DD282937F6}.Debug|x64.Build.0 = Debug|Any CPU
		{CC098E36-DBA0-45A7-BF77-B8DD282937F6}.Debug|x86.ActiveCfg = Debug|Any CPU
		{CC098E36-DBA0-45A7-BF77-B8DD282937F6}.Debug|x86.Build.0 = Debug|Any CPU
		{CC098E36-DBA0-45A7-BF77-B8DD282937F6}.Release|Any CPU.ActiveCfg = Release|Any CPU
		{CC098E36-DBA0-45A7-BF77-B8DD282937F6}.Release|Any CPU.Build.0 = Release|Any CPU
		{CC098E36-DBA0-45A7-BF77-B8DD282937F6}.Release|ARM.ActiveCfg = Release|Any CPU
		{CC098E36-DBA0-45A7-BF77-B8DD282937F6}.Release|ARM.Build.0 = Release|Any CPU
		{CC098E36-DBA0-45A7-BF77-B8DD282937F6}.Release|x64.ActiveCfg = Release|Any CPU
		{CC098E36-DBA0-45A7-BF77-B8DD282937F6}.Release|x64.Build.0 = Release|Any CPU
		{CC098E36-DBA0-45A7-BF77-B8DD282937F6}.Release|x86.ActiveCfg = Release|Any CPU
		{CC098E36-DBA0-45A7-BF77-B8DD282937F6}.Release|x86.Build.0 = Release|Any CPU
		{911CB710-7F03-4774-8115-3747085F6DC2}.Debug|Any CPU.ActiveCfg = Debug|Any CPU
		{911CB710-7F03-4774-8115-3747085F6DC2}.Debug|Any CPU.Build.0 = Debug|Any CPU
		{911CB710-7F03-4774-8115-3747085F6DC2}.Debug|ARM.ActiveCfg = Debug|Any CPU
		{911CB710-7F03-4774-8115-3747085F6DC2}.Debug|ARM.Build.0 = Debug|Any CPU
		{911CB710-7F03-4774-8115-3747085F6DC2}.Debug|x64.ActiveCfg = Debug|Any CPU
		{911CB710-7F03-4774-8115-3747085F6DC2}.Debug|x64.Build.0 = Debug|Any CPU
		{911CB710-7F03-4774-8115-3747085F6DC2}.Debug|x86.ActiveCfg = Debug|Any CPU
		{911CB710-7F03-4774-8115-3747085F6DC2}.Debug|x86.Build.0 = Debug|Any CPU
		{911CB710-7F03-4774-8115-3747085F6DC2}.Release|Any CPU.ActiveCfg = Release|Any CPU
		{911CB710-7F03-4774-8115-3747085F6DC2}.Release|Any CPU.Build.0 = Release|Any CPU
		{911CB710-7F03-4774-8115-3747085F6DC2}.Release|ARM.ActiveCfg = Release|Any CPU
		{911CB710-7F03-4774-8115-3747085F6DC2}.Release|ARM.Build.0 = Release|Any CPU
		{911CB710-7F03-4774-8115-3747085F6DC2}.Release|x64.ActiveCfg = Release|Any CPU
		{911CB710-7F03-4774-8115-3747085F6DC2}.Release|x64.Build.0 = Release|Any CPU
		{911CB710-7F03-4774-8115-3747085F6DC2}.Release|x86.ActiveCfg = Release|Any CPU
		{911CB710-7F03-4774-8115-3747085F6DC2}.Release|x86.Build.0 = Release|Any CPU
		{0959F4B6-D9E4-4947-8889-D913A26F4788}.Debug|Any CPU.ActiveCfg = Debug|Any CPU
		{0959F4B6-D9E4-4947-8889-D913A26F4788}.Debug|Any CPU.Build.0 = Debug|Any CPU
		{0959F4B6-D9E4-4947-8889-D913A26F4788}.Debug|ARM.ActiveCfg = Debug|ARM
		{0959F4B6-D9E4-4947-8889-D913A26F4788}.Debug|ARM.Build.0 = Debug|ARM
		{0959F4B6-D9E4-4947-8889-D913A26F4788}.Debug|x64.ActiveCfg = Debug|x64
		{0959F4B6-D9E4-4947-8889-D913A26F4788}.Debug|x64.Build.0 = Debug|x64
		{0959F4B6-D9E4-4947-8889-D913A26F4788}.Debug|x86.ActiveCfg = Debug|x86
		{0959F4B6-D9E4-4947-8889-D913A26F4788}.Debug|x86.Build.0 = Debug|x86
		{0959F4B6-D9E4-4947-8889-D913A26F4788}.Release|Any CPU.ActiveCfg = Release|Any CPU
		{0959F4B6-D9E4-4947-8889-D913A26F4788}.Release|Any CPU.Build.0 = Release|Any CPU
		{0959F4B6-D9E4-4947-8889-D913A26F4788}.Release|ARM.ActiveCfg = Release|ARM
		{0959F4B6-D9E4-4947-8889-D913A26F4788}.Release|ARM.Build.0 = Release|ARM
		{0959F4B6-D9E4-4947-8889-D913A26F4788}.Release|x64.ActiveCfg = Release|x64
		{0959F4B6-D9E4-4947-8889-D913A26F4788}.Release|x64.Build.0 = Release|x64
		{0959F4B6-D9E4-4947-8889-D913A26F4788}.Release|x86.ActiveCfg = Release|x86
		{0959F4B6-D9E4-4947-8889-D913A26F4788}.Release|x86.Build.0 = Release|x86
		{B3B5BEAF-E04D-4113-B8F0-659DF433ECAA}.Debug|Any CPU.ActiveCfg = Debug|Any CPU
		{B3B5BEAF-E04D-4113-B8F0-659DF433ECAA}.Debug|Any CPU.Build.0 = Debug|Any CPU
		{B3B5BEAF-E04D-4113-B8F0-659DF433ECAA}.Debug|ARM.ActiveCfg = Debug|Any CPU
		{B3B5BEAF-E04D-4113-B8F0-659DF433ECAA}.Debug|ARM.Build.0 = Debug|Any CPU
		{B3B5BEAF-E04D-4113-B8F0-659DF433ECAA}.Debug|x64.ActiveCfg = Debug|Any CPU
		{B3B5BEAF-E04D-4113-B8F0-659DF433ECAA}.Debug|x64.Build.0 = Debug|Any CPU
		{B3B5BEAF-E04D-4113-B8F0-659DF433ECAA}.Debug|x86.ActiveCfg = Debug|Any CPU
		{B3B5BEAF-E04D-4113-B8F0-659DF433ECAA}.Debug|x86.Build.0 = Debug|Any CPU
		{B3B5BEAF-E04D-4113-B8F0-659DF433ECAA}.Release|Any CPU.ActiveCfg = Release|Any CPU
		{B3B5BEAF-E04D-4113-B8F0-659DF433ECAA}.Release|Any CPU.Build.0 = Release|Any CPU
		{B3B5BEAF-E04D-4113-B8F0-659DF433ECAA}.Release|ARM.ActiveCfg = Release|Any CPU
		{B3B5BEAF-E04D-4113-B8F0-659DF433ECAA}.Release|ARM.Build.0 = Release|Any CPU
		{B3B5BEAF-E04D-4113-B8F0-659DF433ECAA}.Release|x64.ActiveCfg = Release|Any CPU
		{B3B5BEAF-E04D-4113-B8F0-659DF433ECAA}.Release|x64.Build.0 = Release|Any CPU
		{B3B5BEAF-E04D-4113-B8F0-659DF433ECAA}.Release|x86.ActiveCfg = Release|Any CPU
		{B3B5BEAF-E04D-4113-B8F0-659DF433ECAA}.Release|x86.Build.0 = Release|Any CPU
		{EE72434B-CB9D-41F4-B6B7-3BB60B2E7218}.Debug|Any CPU.ActiveCfg = Debug|Any CPU
		{EE72434B-CB9D-41F4-B6B7-3BB60B2E7218}.Debug|Any CPU.Build.0 = Debug|Any CPU
		{EE72434B-CB9D-41F4-B6B7-3BB60B2E7218}.Debug|ARM.ActiveCfg = Debug|Any CPU
		{EE72434B-CB9D-41F4-B6B7-3BB60B2E7218}.Debug|ARM.Build.0 = Debug|Any CPU
		{EE72434B-CB9D-41F4-B6B7-3BB60B2E7218}.Debug|x64.ActiveCfg = Debug|Any CPU
		{EE72434B-CB9D-41F4-B6B7-3BB60B2E7218}.Debug|x64.Build.0 = Debug|Any CPU
		{EE72434B-CB9D-41F4-B6B7-3BB60B2E7218}.Debug|x86.ActiveCfg = Debug|Any CPU
		{EE72434B-CB9D-41F4-B6B7-3BB60B2E7218}.Debug|x86.Build.0 = Debug|Any CPU
		{EE72434B-CB9D-41F4-B6B7-3BB60B2E7218}.Release|Any CPU.ActiveCfg = Release|Any CPU
		{EE72434B-CB9D-41F4-B6B7-3BB60B2E7218}.Release|Any CPU.Build.0 = Release|Any CPU
		{EE72434B-CB9D-41F4-B6B7-3BB60B2E7218}.Release|ARM.ActiveCfg = Release|Any CPU
		{EE72434B-CB9D-41F4-B6B7-3BB60B2E7218}.Release|ARM.Build.0 = Release|Any CPU
		{EE72434B-CB9D-41F4-B6B7-3BB60B2E7218}.Release|x64.ActiveCfg = Release|Any CPU
		{EE72434B-CB9D-41F4-B6B7-3BB60B2E7218}.Release|x64.Build.0 = Release|Any CPU
		{EE72434B-CB9D-41F4-B6B7-3BB60B2E7218}.Release|x86.ActiveCfg = Release|Any CPU
		{EE72434B-CB9D-41F4-B6B7-3BB60B2E7218}.Release|x86.Build.0 = Release|Any CPU
		{745261C8-2FB3-40BE-997F-C24E29F09CB1}.Debug|Any CPU.ActiveCfg = Debug|Any CPU
		{745261C8-2FB3-40BE-997F-C24E29F09CB1}.Debug|Any CPU.Build.0 = Debug|Any CPU
		{745261C8-2FB3-40BE-997F-C24E29F09CB1}.Debug|ARM.ActiveCfg = Debug|ARM
		{745261C8-2FB3-40BE-997F-C24E29F09CB1}.Debug|ARM.Build.0 = Debug|ARM
		{745261C8-2FB3-40BE-997F-C24E29F09CB1}.Debug|x64.ActiveCfg = Debug|x64
		{745261C8-2FB3-40BE-997F-C24E29F09CB1}.Debug|x64.Build.0 = Debug|x64
		{745261C8-2FB3-40BE-997F-C24E29F09CB1}.Debug|x86.ActiveCfg = Debug|x86
		{745261C8-2FB3-40BE-997F-C24E29F09CB1}.Debug|x86.Build.0 = Debug|x86
		{745261C8-2FB3-40BE-997F-C24E29F09CB1}.Release|Any CPU.ActiveCfg = Release|Any CPU
		{745261C8-2FB3-40BE-997F-C24E29F09CB1}.Release|Any CPU.Build.0 = Release|Any CPU
		{745261C8-2FB3-40BE-997F-C24E29F09CB1}.Release|ARM.ActiveCfg = Release|ARM
		{745261C8-2FB3-40BE-997F-C24E29F09CB1}.Release|ARM.Build.0 = Release|ARM
		{745261C8-2FB3-40BE-997F-C24E29F09CB1}.Release|x64.ActiveCfg = Release|x64
		{745261C8-2FB3-40BE-997F-C24E29F09CB1}.Release|x64.Build.0 = Release|x64
		{745261C8-2FB3-40BE-997F-C24E29F09CB1}.Release|x86.ActiveCfg = Release|x86
		{745261C8-2FB3-40BE-997F-C24E29F09CB1}.Release|x86.Build.0 = Release|x86
		{B03072FE-40A3-4507-BFD1-C904BB0FE1FA}.Debug|Any CPU.ActiveCfg = Debug|Any CPU
		{B03072FE-40A3-4507-BFD1-C904BB0FE1FA}.Debug|Any CPU.Build.0 = Debug|Any CPU
		{B03072FE-40A3-4507-BFD1-C904BB0FE1FA}.Debug|ARM.ActiveCfg = Debug|Any CPU
		{B03072FE-40A3-4507-BFD1-C904BB0FE1FA}.Debug|ARM.Build.0 = Debug|Any CPU
		{B03072FE-40A3-4507-BFD1-C904BB0FE1FA}.Debug|x64.ActiveCfg = Debug|Any CPU
		{B03072FE-40A3-4507-BFD1-C904BB0FE1FA}.Debug|x64.Build.0 = Debug|Any CPU
		{B03072FE-40A3-4507-BFD1-C904BB0FE1FA}.Debug|x86.ActiveCfg = Debug|Any CPU
		{B03072FE-40A3-4507-BFD1-C904BB0FE1FA}.Debug|x86.Build.0 = Debug|Any CPU
		{B03072FE-40A3-4507-BFD1-C904BB0FE1FA}.Release|Any CPU.ActiveCfg = Release|Any CPU
		{B03072FE-40A3-4507-BFD1-C904BB0FE1FA}.Release|Any CPU.Build.0 = Release|Any CPU
		{B03072FE-40A3-4507-BFD1-C904BB0FE1FA}.Release|ARM.ActiveCfg = Release|Any CPU
		{B03072FE-40A3-4507-BFD1-C904BB0FE1FA}.Release|ARM.Build.0 = Release|Any CPU
		{B03072FE-40A3-4507-BFD1-C904BB0FE1FA}.Release|x64.ActiveCfg = Release|Any CPU
		{B03072FE-40A3-4507-BFD1-C904BB0FE1FA}.Release|x64.Build.0 = Release|Any CPU
		{B03072FE-40A3-4507-BFD1-C904BB0FE1FA}.Release|x86.ActiveCfg = Release|Any CPU
		{B03072FE-40A3-4507-BFD1-C904BB0FE1FA}.Release|x86.Build.0 = Release|Any CPU
		{24B24FF9-10FC-4B8D-89A1-6C16AC1086D5}.Debug|Any CPU.ActiveCfg = Debug|x86
		{24B24FF9-10FC-4B8D-89A1-6C16AC1086D5}.Debug|Any CPU.Build.0 = Debug|x86
		{24B24FF9-10FC-4B8D-89A1-6C16AC1086D5}.Debug|Any CPU.Deploy.0 = Debug|x86
		{24B24FF9-10FC-4B8D-89A1-6C16AC1086D5}.Debug|ARM.ActiveCfg = Debug|ARM
		{24B24FF9-10FC-4B8D-89A1-6C16AC1086D5}.Debug|ARM.Build.0 = Debug|ARM
		{24B24FF9-10FC-4B8D-89A1-6C16AC1086D5}.Debug|ARM.Deploy.0 = Debug|ARM
		{24B24FF9-10FC-4B8D-89A1-6C16AC1086D5}.Debug|x64.ActiveCfg = Debug|x64
		{24B24FF9-10FC-4B8D-89A1-6C16AC1086D5}.Debug|x64.Build.0 = Debug|x64
		{24B24FF9-10FC-4B8D-89A1-6C16AC1086D5}.Debug|x64.Deploy.0 = Debug|x64
		{24B24FF9-10FC-4B8D-89A1-6C16AC1086D5}.Debug|x86.ActiveCfg = Debug|x86
		{24B24FF9-10FC-4B8D-89A1-6C16AC1086D5}.Debug|x86.Build.0 = Debug|x86
		{24B24FF9-10FC-4B8D-89A1-6C16AC1086D5}.Debug|x86.Deploy.0 = Debug|x86
		{24B24FF9-10FC-4B8D-89A1-6C16AC1086D5}.Release|Any CPU.ActiveCfg = Release|x86
		{24B24FF9-10FC-4B8D-89A1-6C16AC1086D5}.Release|Any CPU.Build.0 = Release|x86
		{24B24FF9-10FC-4B8D-89A1-6C16AC1086D5}.Release|Any CPU.Deploy.0 = Release|x86
		{24B24FF9-10FC-4B8D-89A1-6C16AC1086D5}.Release|ARM.ActiveCfg = Release|ARM
		{24B24FF9-10FC-4B8D-89A1-6C16AC1086D5}.Release|ARM.Build.0 = Release|ARM
		{24B24FF9-10FC-4B8D-89A1-6C16AC1086D5}.Release|ARM.Deploy.0 = Release|ARM
		{24B24FF9-10FC-4B8D-89A1-6C16AC1086D5}.Release|x64.ActiveCfg = Release|x64
		{24B24FF9-10FC-4B8D-89A1-6C16AC1086D5}.Release|x64.Build.0 = Release|x64
		{24B24FF9-10FC-4B8D-89A1-6C16AC1086D5}.Release|x64.Deploy.0 = Release|x64
		{24B24FF9-10FC-4B8D-89A1-6C16AC1086D5}.Release|x86.ActiveCfg = Release|x86
		{24B24FF9-10FC-4B8D-89A1-6C16AC1086D5}.Release|x86.Build.0 = Release|x86
		{24B24FF9-10FC-4B8D-89A1-6C16AC1086D5}.Release|x86.Deploy.0 = Release|x86
		{A6FE3A2E-193B-4AE8-87BA-EB12CE681A33}.Debug|Any CPU.ActiveCfg = Debug|Any CPU
		{A6FE3A2E-193B-4AE8-87BA-EB12CE681A33}.Debug|Any CPU.Build.0 = Debug|Any CPU
		{A6FE3A2E-193B-4AE8-87BA-EB12CE681A33}.Debug|Any CPU.Deploy.0 = Debug|Any CPU
		{A6FE3A2E-193B-4AE8-87BA-EB12CE681A33}.Debug|ARM.ActiveCfg = Debug|ARM
		{A6FE3A2E-193B-4AE8-87BA-EB12CE681A33}.Debug|ARM.Build.0 = Debug|ARM
		{A6FE3A2E-193B-4AE8-87BA-EB12CE681A33}.Debug|ARM.Deploy.0 = Debug|ARM
		{A6FE3A2E-193B-4AE8-87BA-EB12CE681A33}.Debug|x64.ActiveCfg = Debug|x64
		{A6FE3A2E-193B-4AE8-87BA-EB12CE681A33}.Debug|x64.Build.0 = Debug|x64
		{A6FE3A2E-193B-4AE8-87BA-EB12CE681A33}.Debug|x64.Deploy.0 = Debug|x64
		{A6FE3A2E-193B-4AE8-87BA-EB12CE681A33}.Debug|x86.ActiveCfg = Debug|x86
		{A6FE3A2E-193B-4AE8-87BA-EB12CE681A33}.Debug|x86.Build.0 = Debug|x86
		{A6FE3A2E-193B-4AE8-87BA-EB12CE681A33}.Debug|x86.Deploy.0 = Debug|x86
		{A6FE3A2E-193B-4AE8-87BA-EB12CE681A33}.Release|Any CPU.ActiveCfg = Release|Any CPU
		{A6FE3A2E-193B-4AE8-87BA-EB12CE681A33}.Release|Any CPU.Build.0 = Release|Any CPU
		{A6FE3A2E-193B-4AE8-87BA-EB12CE681A33}.Release|Any CPU.Deploy.0 = Release|Any CPU
		{A6FE3A2E-193B-4AE8-87BA-EB12CE681A33}.Release|ARM.ActiveCfg = Release|ARM
		{A6FE3A2E-193B-4AE8-87BA-EB12CE681A33}.Release|ARM.Build.0 = Release|ARM
		{A6FE3A2E-193B-4AE8-87BA-EB12CE681A33}.Release|ARM.Deploy.0 = Release|ARM
		{A6FE3A2E-193B-4AE8-87BA-EB12CE681A33}.Release|x64.ActiveCfg = Release|x64
		{A6FE3A2E-193B-4AE8-87BA-EB12CE681A33}.Release|x64.Build.0 = Release|x64
		{A6FE3A2E-193B-4AE8-87BA-EB12CE681A33}.Release|x64.Deploy.0 = Release|x64
		{A6FE3A2E-193B-4AE8-87BA-EB12CE681A33}.Release|x86.ActiveCfg = Release|x86
		{A6FE3A2E-193B-4AE8-87BA-EB12CE681A33}.Release|x86.Build.0 = Release|x86
		{A6FE3A2E-193B-4AE8-87BA-EB12CE681A33}.Release|x86.Deploy.0 = Release|x86
		{CC00825A-A657-4148-BDC8-EEB5E78A89AB}.Debug|Any CPU.ActiveCfg = Debug|Any CPU
		{CC00825A-A657-4148-BDC8-EEB5E78A89AB}.Debug|Any CPU.Build.0 = Debug|Any CPU
		{CC00825A-A657-4148-BDC8-EEB5E78A89AB}.Debug|Any CPU.Deploy.0 = Debug|Any CPU
		{CC00825A-A657-4148-BDC8-EEB5E78A89AB}.Debug|ARM.ActiveCfg = Debug|ARM
		{CC00825A-A657-4148-BDC8-EEB5E78A89AB}.Debug|ARM.Build.0 = Debug|ARM
		{CC00825A-A657-4148-BDC8-EEB5E78A89AB}.Debug|ARM.Deploy.0 = Debug|ARM
		{CC00825A-A657-4148-BDC8-EEB5E78A89AB}.Debug|x64.ActiveCfg = Debug|Any CPU
		{CC00825A-A657-4148-BDC8-EEB5E78A89AB}.Debug|x64.Build.0 = Debug|Any CPU
		{CC00825A-A657-4148-BDC8-EEB5E78A89AB}.Debug|x64.Deploy.0 = Debug|Any CPU
		{CC00825A-A657-4148-BDC8-EEB5E78A89AB}.Debug|x86.ActiveCfg = Debug|x86
		{CC00825A-A657-4148-BDC8-EEB5E78A89AB}.Debug|x86.Build.0 = Debug|x86
		{CC00825A-A657-4148-BDC8-EEB5E78A89AB}.Debug|x86.Deploy.0 = Debug|x86
		{CC00825A-A657-4148-BDC8-EEB5E78A89AB}.Release|Any CPU.ActiveCfg = Release|Any CPU
		{CC00825A-A657-4148-BDC8-EEB5E78A89AB}.Release|Any CPU.Build.0 = Release|Any CPU
		{CC00825A-A657-4148-BDC8-EEB5E78A89AB}.Release|Any CPU.Deploy.0 = Release|Any CPU
		{CC00825A-A657-4148-BDC8-EEB5E78A89AB}.Release|ARM.ActiveCfg = Release|ARM
		{CC00825A-A657-4148-BDC8-EEB5E78A89AB}.Release|ARM.Build.0 = Release|ARM
		{CC00825A-A657-4148-BDC8-EEB5E78A89AB}.Release|ARM.Deploy.0 = Release|ARM
		{CC00825A-A657-4148-BDC8-EEB5E78A89AB}.Release|x64.ActiveCfg = Release|Any CPU
		{CC00825A-A657-4148-BDC8-EEB5E78A89AB}.Release|x64.Build.0 = Release|Any CPU
		{CC00825A-A657-4148-BDC8-EEB5E78A89AB}.Release|x64.Deploy.0 = Release|Any CPU
		{CC00825A-A657-4148-BDC8-EEB5E78A89AB}.Release|x86.ActiveCfg = Release|x86
		{CC00825A-A657-4148-BDC8-EEB5E78A89AB}.Release|x86.Build.0 = Release|x86
		{CC00825A-A657-4148-BDC8-EEB5E78A89AB}.Release|x86.Deploy.0 = Release|x86
		{45C05832-2CDD-4E21-B592-D2FDDC3CCF5E}.Debug|Any CPU.ActiveCfg = Debug|Any CPU
		{45C05832-2CDD-4E21-B592-D2FDDC3CCF5E}.Debug|Any CPU.Build.0 = Debug|Any CPU
		{45C05832-2CDD-4E21-B592-D2FDDC3CCF5E}.Debug|Any CPU.Deploy.0 = Debug|Any CPU
		{45C05832-2CDD-4E21-B592-D2FDDC3CCF5E}.Debug|ARM.ActiveCfg = Debug|Any CPU
		{45C05832-2CDD-4E21-B592-D2FDDC3CCF5E}.Debug|ARM.Build.0 = Debug|Any CPU
		{45C05832-2CDD-4E21-B592-D2FDDC3CCF5E}.Debug|ARM.Deploy.0 = Debug|Any CPU
		{45C05832-2CDD-4E21-B592-D2FDDC3CCF5E}.Debug|x64.ActiveCfg = Debug|Any CPU
		{45C05832-2CDD-4E21-B592-D2FDDC3CCF5E}.Debug|x64.Build.0 = Debug|Any CPU
		{45C05832-2CDD-4E21-B592-D2FDDC3CCF5E}.Debug|x64.Deploy.0 = Debug|Any CPU
		{45C05832-2CDD-4E21-B592-D2FDDC3CCF5E}.Debug|x86.ActiveCfg = Debug|Any CPU
		{45C05832-2CDD-4E21-B592-D2FDDC3CCF5E}.Debug|x86.Build.0 = Debug|Any CPU
		{45C05832-2CDD-4E21-B592-D2FDDC3CCF5E}.Debug|x86.Deploy.0 = Debug|Any CPU
		{45C05832-2CDD-4E21-B592-D2FDDC3CCF5E}.Release|Any CPU.ActiveCfg = Release|Any CPU
		{45C05832-2CDD-4E21-B592-D2FDDC3CCF5E}.Release|Any CPU.Build.0 = Release|Any CPU
		{45C05832-2CDD-4E21-B592-D2FDDC3CCF5E}.Release|Any CPU.Deploy.0 = Release|Any CPU
		{45C05832-2CDD-4E21-B592-D2FDDC3CCF5E}.Release|ARM.ActiveCfg = Release|Any CPU
		{45C05832-2CDD-4E21-B592-D2FDDC3CCF5E}.Release|ARM.Build.0 = Release|Any CPU
		{45C05832-2CDD-4E21-B592-D2FDDC3CCF5E}.Release|ARM.Deploy.0 = Release|Any CPU
		{45C05832-2CDD-4E21-B592-D2FDDC3CCF5E}.Release|x64.ActiveCfg = Release|Any CPU
		{45C05832-2CDD-4E21-B592-D2FDDC3CCF5E}.Release|x64.Build.0 = Release|Any CPU
		{45C05832-2CDD-4E21-B592-D2FDDC3CCF5E}.Release|x64.Deploy.0 = Release|Any CPU
		{45C05832-2CDD-4E21-B592-D2FDDC3CCF5E}.Release|x86.ActiveCfg = Release|Any CPU
		{45C05832-2CDD-4E21-B592-D2FDDC3CCF5E}.Release|x86.Build.0 = Release|Any CPU
		{45C05832-2CDD-4E21-B592-D2FDDC3CCF5E}.Release|x86.Deploy.0 = Release|Any CPU
		{3547BD44-1607-4AD4-B5A0-2B29D2736749}.Debug|Any CPU.ActiveCfg = Debug|Any CPU
		{3547BD44-1607-4AD4-B5A0-2B29D2736749}.Debug|Any CPU.Build.0 = Debug|Any CPU
		{3547BD44-1607-4AD4-B5A0-2B29D2736749}.Debug|ARM.ActiveCfg = Debug|Any CPU
		{3547BD44-1607-4AD4-B5A0-2B29D2736749}.Debug|ARM.Build.0 = Debug|Any CPU
		{3547BD44-1607-4AD4-B5A0-2B29D2736749}.Debug|x64.ActiveCfg = Debug|Any CPU
		{3547BD44-1607-4AD4-B5A0-2B29D2736749}.Debug|x64.Build.0 = Debug|Any CPU
		{3547BD44-1607-4AD4-B5A0-2B29D2736749}.Debug|x86.ActiveCfg = Debug|Any CPU
		{3547BD44-1607-4AD4-B5A0-2B29D2736749}.Debug|x86.Build.0 = Debug|Any CPU
		{3547BD44-1607-4AD4-B5A0-2B29D2736749}.Release|Any CPU.ActiveCfg = Release|Any CPU
		{3547BD44-1607-4AD4-B5A0-2B29D2736749}.Release|Any CPU.Build.0 = Release|Any CPU
		{3547BD44-1607-4AD4-B5A0-2B29D2736749}.Release|ARM.ActiveCfg = Release|Any CPU
		{3547BD44-1607-4AD4-B5A0-2B29D2736749}.Release|ARM.Build.0 = Release|Any CPU
		{3547BD44-1607-4AD4-B5A0-2B29D2736749}.Release|x64.ActiveCfg = Release|Any CPU
		{3547BD44-1607-4AD4-B5A0-2B29D2736749}.Release|x64.Build.0 = Release|Any CPU
		{3547BD44-1607-4AD4-B5A0-2B29D2736749}.Release|x86.ActiveCfg = Release|Any CPU
		{3547BD44-1607-4AD4-B5A0-2B29D2736749}.Release|x86.Build.0 = Release|Any CPU
		{2991D261-DF81-421A-B6BA-05D13A3A7CB8}.Debug|Any CPU.ActiveCfg = Debug|Any CPU
		{2991D261-DF81-421A-B6BA-05D13A3A7CB8}.Debug|Any CPU.Build.0 = Debug|Any CPU
		{2991D261-DF81-421A-B6BA-05D13A3A7CB8}.Debug|Any CPU.Deploy.0 = Debug|Any CPU
		{2991D261-DF81-421A-B6BA-05D13A3A7CB8}.Debug|ARM.ActiveCfg = Debug|Any CPU
		{2991D261-DF81-421A-B6BA-05D13A3A7CB8}.Debug|ARM.Build.0 = Debug|Any CPU
		{2991D261-DF81-421A-B6BA-05D13A3A7CB8}.Debug|ARM.Deploy.0 = Debug|Any CPU
		{2991D261-DF81-421A-B6BA-05D13A3A7CB8}.Debug|x64.ActiveCfg = Debug|Any CPU
		{2991D261-DF81-421A-B6BA-05D13A3A7CB8}.Debug|x64.Build.0 = Debug|Any CPU
		{2991D261-DF81-421A-B6BA-05D13A3A7CB8}.Debug|x64.Deploy.0 = Debug|Any CPU
		{2991D261-DF81-421A-B6BA-05D13A3A7CB8}.Debug|x86.ActiveCfg = Debug|Any CPU
		{2991D261-DF81-421A-B6BA-05D13A3A7CB8}.Debug|x86.Build.0 = Debug|Any CPU
		{2991D261-DF81-421A-B6BA-05D13A3A7CB8}.Debug|x86.Deploy.0 = Debug|Any CPU
		{2991D261-DF81-421A-B6BA-05D13A3A7CB8}.Release|Any CPU.ActiveCfg = Release|Any CPU
		{2991D261-DF81-421A-B6BA-05D13A3A7CB8}.Release|Any CPU.Build.0 = Release|Any CPU
		{2991D261-DF81-421A-B6BA-05D13A3A7CB8}.Release|Any CPU.Deploy.0 = Release|Any CPU
		{2991D261-DF81-421A-B6BA-05D13A3A7CB8}.Release|ARM.ActiveCfg = Release|Any CPU
		{2991D261-DF81-421A-B6BA-05D13A3A7CB8}.Release|ARM.Build.0 = Release|Any CPU
		{2991D261-DF81-421A-B6BA-05D13A3A7CB8}.Release|ARM.Deploy.0 = Release|Any CPU
		{2991D261-DF81-421A-B6BA-05D13A3A7CB8}.Release|x64.ActiveCfg = Release|Any CPU
		{2991D261-DF81-421A-B6BA-05D13A3A7CB8}.Release|x64.Build.0 = Release|Any CPU
		{2991D261-DF81-421A-B6BA-05D13A3A7CB8}.Release|x64.Deploy.0 = Release|Any CPU
		{2991D261-DF81-421A-B6BA-05D13A3A7CB8}.Release|x86.ActiveCfg = Release|Any CPU
		{2991D261-DF81-421A-B6BA-05D13A3A7CB8}.Release|x86.Build.0 = Release|Any CPU
		{2991D261-DF81-421A-B6BA-05D13A3A7CB8}.Release|x86.Deploy.0 = Release|Any CPU
		{EEEBC901-56E1-47CC-B83D-DA70716FF20F}.Debug|Any CPU.ActiveCfg = Debug|x86
		{EEEBC901-56E1-47CC-B83D-DA70716FF20F}.Debug|Any CPU.Build.0 = Debug|x86
		{EEEBC901-56E1-47CC-B83D-DA70716FF20F}.Debug|Any CPU.Deploy.0 = Debug|x86
		{EEEBC901-56E1-47CC-B83D-DA70716FF20F}.Debug|ARM.ActiveCfg = Debug|ARM
		{EEEBC901-56E1-47CC-B83D-DA70716FF20F}.Debug|ARM.Build.0 = Debug|ARM
		{EEEBC901-56E1-47CC-B83D-DA70716FF20F}.Debug|ARM.Deploy.0 = Debug|ARM
		{EEEBC901-56E1-47CC-B83D-DA70716FF20F}.Debug|x64.ActiveCfg = Debug|x64
		{EEEBC901-56E1-47CC-B83D-DA70716FF20F}.Debug|x64.Build.0 = Debug|x64
		{EEEBC901-56E1-47CC-B83D-DA70716FF20F}.Debug|x64.Deploy.0 = Debug|x64
		{EEEBC901-56E1-47CC-B83D-DA70716FF20F}.Debug|x86.ActiveCfg = Debug|x86
		{EEEBC901-56E1-47CC-B83D-DA70716FF20F}.Debug|x86.Build.0 = Debug|x86
		{EEEBC901-56E1-47CC-B83D-DA70716FF20F}.Debug|x86.Deploy.0 = Debug|x86
		{EEEBC901-56E1-47CC-B83D-DA70716FF20F}.Release|Any CPU.ActiveCfg = Release|x86
		{EEEBC901-56E1-47CC-B83D-DA70716FF20F}.Release|ARM.ActiveCfg = Release|ARM
		{EEEBC901-56E1-47CC-B83D-DA70716FF20F}.Release|ARM.Build.0 = Release|ARM
		{EEEBC901-56E1-47CC-B83D-DA70716FF20F}.Release|ARM.Deploy.0 = Release|ARM
		{EEEBC901-56E1-47CC-B83D-DA70716FF20F}.Release|x64.ActiveCfg = Release|x64
		{EEEBC901-56E1-47CC-B83D-DA70716FF20F}.Release|x64.Build.0 = Release|x64
		{EEEBC901-56E1-47CC-B83D-DA70716FF20F}.Release|x64.Deploy.0 = Release|x64
		{EEEBC901-56E1-47CC-B83D-DA70716FF20F}.Release|x86.ActiveCfg = Release|x86
		{EEEBC901-56E1-47CC-B83D-DA70716FF20F}.Release|x86.Build.0 = Release|x86
		{EEEBC901-56E1-47CC-B83D-DA70716FF20F}.Release|x86.Deploy.0 = Release|x86
		{67F9D3A8-F71E-4428-913F-C37AE82CDB24}.Debug|Any CPU.ActiveCfg = Debug|Any CPU
		{67F9D3A8-F71E-4428-913F-C37AE82CDB24}.Debug|Any CPU.Build.0 = Debug|Any CPU
		{67F9D3A8-F71E-4428-913F-C37AE82CDB24}.Debug|ARM.ActiveCfg = Debug|Any CPU
		{67F9D3A8-F71E-4428-913F-C37AE82CDB24}.Debug|ARM.Build.0 = Debug|Any CPU
		{67F9D3A8-F71E-4428-913F-C37AE82CDB24}.Debug|x64.ActiveCfg = Debug|Any CPU
		{67F9D3A8-F71E-4428-913F-C37AE82CDB24}.Debug|x64.Build.0 = Debug|Any CPU
		{67F9D3A8-F71E-4428-913F-C37AE82CDB24}.Debug|x86.ActiveCfg = Debug|Any CPU
		{67F9D3A8-F71E-4428-913F-C37AE82CDB24}.Debug|x86.Build.0 = Debug|Any CPU
		{67F9D3A8-F71E-4428-913F-C37AE82CDB24}.Release|Any CPU.ActiveCfg = Release|Any CPU
		{67F9D3A8-F71E-4428-913F-C37AE82CDB24}.Release|Any CPU.Build.0 = Release|Any CPU
		{67F9D3A8-F71E-4428-913F-C37AE82CDB24}.Release|ARM.ActiveCfg = Release|Any CPU
		{67F9D3A8-F71E-4428-913F-C37AE82CDB24}.Release|ARM.Build.0 = Release|Any CPU
		{67F9D3A8-F71E-4428-913F-C37AE82CDB24}.Release|x64.ActiveCfg = Release|Any CPU
		{67F9D3A8-F71E-4428-913F-C37AE82CDB24}.Release|x64.Build.0 = Release|Any CPU
		{67F9D3A8-F71E-4428-913F-C37AE82CDB24}.Release|x86.ActiveCfg = Release|Any CPU
		{67F9D3A8-F71E-4428-913F-C37AE82CDB24}.Release|x86.Build.0 = Release|Any CPU
	EndGlobalSection
	GlobalSection(SolutionProperties) = preSolution
		HideSolutionNode = FALSE
	EndGlobalSection
	GlobalSection(NestedProjects) = preSolution
		{35BDA067-E25D-4AAB-BAFB-17806BFADE9E} = {22A673E6-DF53-46B7-AD66-9622028BE75A}
		{B03072FE-40A3-4507-BFD1-C904BB0FE1FA} = {35BDA067-E25D-4AAB-BAFB-17806BFADE9E}
		{24B24FF9-10FC-4B8D-89A1-6C16AC1086D5} = {35BDA067-E25D-4AAB-BAFB-17806BFADE9E}
		{A6FE3A2E-193B-4AE8-87BA-EB12CE681A33} = {35BDA067-E25D-4AAB-BAFB-17806BFADE9E}
		{CC00825A-A657-4148-BDC8-EEB5E78A89AB} = {35BDA067-E25D-4AAB-BAFB-17806BFADE9E}
		{45C05832-2CDD-4E21-B592-D2FDDC3CCF5E} = {35BDA067-E25D-4AAB-BAFB-17806BFADE9E}
		{0914A06A-1A69-455F-8D93-2273C08A9143} = {35BDA067-E25D-4AAB-BAFB-17806BFADE9E}
		{3547BD44-1607-4AD4-B5A0-2B29D2736749} = {35BDA067-E25D-4AAB-BAFB-17806BFADE9E}
		{2991D261-DF81-421A-B6BA-05D13A3A7CB8} = {35BDA067-E25D-4AAB-BAFB-17806BFADE9E}
		{EEEBC901-56E1-47CC-B83D-DA70716FF20F} = {35BDA067-E25D-4AAB-BAFB-17806BFADE9E}
	EndGlobalSection
EndGlobal
