
Microsoft Visual Studio Solution File, Format Version 12.00
# Visual Studio 14
VisualStudioVersion = 14.0.23107.0
MinimumVisualStudioVersion = 10.0.40219.1
Project("{FAE04EC0-301F-11D3-BF4B-00C04F79EFBC}") = "BuildIt.General", "BuildIt.General\BuildIt.General.csproj", "{FD17AD8E-6A3F-4C1D-A7CB-DCBF6A125897}"
EndProject
Project("{FAE04EC0-301F-11D3-BF4B-00C04F79EFBC}") = "BuildIt.General.Tests", "BuildIt.General.Tests\BuildIt.General.Tests.csproj", "{18F7DCCA-467D-4B0E-B7B8-9FB19A023CF2}"
EndProject
Global
	GlobalSection(SolutionConfigurationPlatforms) = preSolution
		Debug|Any CPU = Debug|Any CPU
		Release|Any CPU = Release|Any CPU
	EndGlobalSection
	GlobalSection(ProjectConfigurationPlatforms) = postSolution
		{FD17AD8E-6A3F-4C1D-A7CB-DCBF6A125897}.Debug|Any CPU.ActiveCfg = Debug|Any CPU
		{FD17AD8E-6A3F-4C1D-A7CB-DCBF6A125897}.Debug|Any CPU.Build.0 = Debug|Any CPU
		{FD17AD8E-6A3F-4C1D-A7CB-DCBF6A125897}.Release|Any CPU.ActiveCfg = Release|Any CPU
		{FD17AD8E-6A3F-4C1D-A7CB-DCBF6A125897}.Release|Any CPU.Build.0 = Release|Any CPU
		{18F7DCCA-467D-4B0E-B7B8-9FB19A023CF2}.Debug|Any CPU.ActiveCfg = Debug|Any CPU
		{18F7DCCA-467D-4B0E-B7B8-9FB19A023CF2}.Debug|Any CPU.Build.0 = Debug|Any CPU
		{18F7DCCA-467D-4B0E-B7B8-9FB19A023CF2}.Release|Any CPU.ActiveCfg = Release|Any CPU
		{18F7DCCA-467D-4B0E-B7B8-9FB19A023CF2}.Release|Any CPU.Build.0 = Release|Any CPU
	EndGlobalSection
	GlobalSection(SolutionProperties) = preSolution
		HideSolutionNode = FALSE
	EndGlobalSection
EndGlobal
