
Microsoft Visual Studio Solution File, Format Version 12.00
# Visual Studio Version 16
VisualStudioVersion = 16.0.28407.52
MinimumVisualStudioVersion = 10.0.40219.1
Project("{2150E333-8FDC-42A3-9474-1A3956D46DE8}") = "Samples", "Samples", "{0B120515-A0A9-4444-9C71-985BBF749FD5}"
EndProject
Project("{9A19103F-16F7-4668-BE54-9A1E7A4F7556}") = "BuildIt.Forms.Core", "BuildIt.Forms\BuildIt.Forms.Core\BuildIt.Forms.Core.csproj", "{EF038A32-FB22-46AD-8258-4A254F046C14}"
EndProject
Project("{9A19103F-16F7-4668-BE54-9A1E7A4F7556}") = "BuildIt.Forms.Controls", "BuildIt.Forms\BuildIt.Forms.Controls\BuildIt.Forms.Controls.csproj", "{B88241FC-7403-4AD2-989E-47D7BB5CDD76}"
EndProject
Project("{9A19103F-16F7-4668-BE54-9A1E7A4F7556}") = "BuildIt.Forms.Sample.UI", "BuildIt.Forms\Samples\BuildIt.Forms.Sample.UI\BuildIt.Forms.Sample.UI.csproj", "{3083890B-12C7-4FBE-85BC-0CCF9CB1D556}"
EndProject
Project("{FAE04EC0-301F-11D3-BF4B-00C04F79EFBC}") = "BuildIt.Forms.Sample.Android", "BuildIt.Forms\Samples\BuildIt.Forms.Sample.Android\BuildIt.Forms.Sample.Android.csproj", "{596B1582-CBDD-4F8D-89C2-C42FF1792601}"
EndProject
Project("{FAE04EC0-301F-11D3-BF4B-00C04F79EFBC}") = "BuildIt.Forms.Sample.iOS", "BuildIt.Forms\Samples\BuildIt.Forms.Sample.iOS\BuildIt.Forms.Sample.iOS.csproj", "{317705FC-D2E8-4ADB-A605-39301849F247}"
EndProject
Project("{FAE04EC0-301F-11D3-BF4B-00C04F79EFBC}") = "BuildIt.Forms.Sample.UWP", "BuildIt.Forms\Samples\BuildIt.Forms.Sample.UWP\BuildIt.Forms.Sample.UWP.csproj", "{01D94B8F-59CE-46D4-82D1-808E865621EE}"
EndProject
Project("{2150E333-8FDC-42A3-9474-1A3956D46DE8}") = "Nuget", "Nuget", "{D0C173D1-828E-462F-ACB2-AD1DB2324CF9}"
	ProjectSection(SolutionItems) = preProject
		BuildIt.Forms\BuildIt.Forms.nuspec = BuildIt.Forms\BuildIt.Forms.nuspec
	EndProjectSection
EndProject
Project("{9A19103F-16F7-4668-BE54-9A1E7A4F7556}") = "BuildIt.Forms.Sample.Core", "BuildIt.Forms\Samples\BuildIt.forms.Sample.Core\BuildIt.Forms.Sample.Core.csproj", "{6DA33F48-46C7-4AA1-9089-9553029FF535}"
EndProject
Project("{2150E333-8FDC-42A3-9474-1A3956D46DE8}") = "Libraries", "Libraries", "{FE9D64EF-9B21-40D9-A9EA-CF947F4618A5}"
EndProject
Project("{9A19103F-16F7-4668-BE54-9A1E7A4F7556}") = "BuildIt.General", "BuildIt.General\BuildIt.General\BuildIt.General.csproj", "{916B2F7A-CCA2-4E77-B5AD-076ECD28B657}"
EndProject
Project("{9A19103F-16F7-4668-BE54-9A1E7A4F7556}") = "BuildIt.States", "BuildIt.States\BuildIt.States\BuildIt.States.csproj", "{D0E72094-0768-45CB-919A-7DC41149EA9D}"
EndProject
Project("{9A19103F-16F7-4668-BE54-9A1E7A4F7556}") = "BuildIt.Autofac", "BuildIt.Autofac\BuildIt.Autofac\BuildIt.Autofac.csproj", "{697FC342-F9F2-4F6F-863F-222E86818097}"
EndProject
Global
	GlobalSection(SolutionConfigurationPlatforms) = preSolution
		Ad-Hoc|Any CPU = Ad-Hoc|Any CPU
		Ad-Hoc|ARM = Ad-Hoc|ARM
		Ad-Hoc|iPhone = Ad-Hoc|iPhone
		Ad-Hoc|iPhoneSimulator = Ad-Hoc|iPhoneSimulator
		Ad-Hoc|x64 = Ad-Hoc|x64
		Ad-Hoc|x86 = Ad-Hoc|x86
		AppStore|Any CPU = AppStore|Any CPU
		AppStore|ARM = AppStore|ARM
		AppStore|iPhone = AppStore|iPhone
		AppStore|iPhoneSimulator = AppStore|iPhoneSimulator
		AppStore|x64 = AppStore|x64
		AppStore|x86 = AppStore|x86
		Debug|Any CPU = Debug|Any CPU
		Debug|ARM = Debug|ARM
		Debug|iPhone = Debug|iPhone
		Debug|iPhoneSimulator = Debug|iPhoneSimulator
		Debug|x64 = Debug|x64
		Debug|x86 = Debug|x86
		Release|Any CPU = Release|Any CPU
		Release|ARM = Release|ARM
		Release|iPhone = Release|iPhone
		Release|iPhoneSimulator = Release|iPhoneSimulator
		Release|x64 = Release|x64
		Release|x86 = Release|x86
	EndGlobalSection
	GlobalSection(ProjectConfigurationPlatforms) = postSolution
		{EF038A32-FB22-46AD-8258-4A254F046C14}.Ad-Hoc|Any CPU.ActiveCfg = Debug|Any CPU
		{EF038A32-FB22-46AD-8258-4A254F046C14}.Ad-Hoc|Any CPU.Build.0 = Debug|Any CPU
		{EF038A32-FB22-46AD-8258-4A254F046C14}.Ad-Hoc|ARM.ActiveCfg = Debug|Any CPU
		{EF038A32-FB22-46AD-8258-4A254F046C14}.Ad-Hoc|ARM.Build.0 = Debug|Any CPU
		{EF038A32-FB22-46AD-8258-4A254F046C14}.Ad-Hoc|iPhone.ActiveCfg = Debug|Any CPU
		{EF038A32-FB22-46AD-8258-4A254F046C14}.Ad-Hoc|iPhone.Build.0 = Debug|Any CPU
		{EF038A32-FB22-46AD-8258-4A254F046C14}.Ad-Hoc|iPhoneSimulator.ActiveCfg = Debug|Any CPU
		{EF038A32-FB22-46AD-8258-4A254F046C14}.Ad-Hoc|iPhoneSimulator.Build.0 = Debug|Any CPU
		{EF038A32-FB22-46AD-8258-4A254F046C14}.Ad-Hoc|x64.ActiveCfg = Debug|Any CPU
		{EF038A32-FB22-46AD-8258-4A254F046C14}.Ad-Hoc|x64.Build.0 = Debug|Any CPU
		{EF038A32-FB22-46AD-8258-4A254F046C14}.Ad-Hoc|x86.ActiveCfg = Debug|Any CPU
		{EF038A32-FB22-46AD-8258-4A254F046C14}.Ad-Hoc|x86.Build.0 = Debug|Any CPU
		{EF038A32-FB22-46AD-8258-4A254F046C14}.AppStore|Any CPU.ActiveCfg = Debug|Any CPU
		{EF038A32-FB22-46AD-8258-4A254F046C14}.AppStore|Any CPU.Build.0 = Debug|Any CPU
		{EF038A32-FB22-46AD-8258-4A254F046C14}.AppStore|ARM.ActiveCfg = Debug|Any CPU
		{EF038A32-FB22-46AD-8258-4A254F046C14}.AppStore|ARM.Build.0 = Debug|Any CPU
		{EF038A32-FB22-46AD-8258-4A254F046C14}.AppStore|iPhone.ActiveCfg = Debug|Any CPU
		{EF038A32-FB22-46AD-8258-4A254F046C14}.AppStore|iPhone.Build.0 = Debug|Any CPU
		{EF038A32-FB22-46AD-8258-4A254F046C14}.AppStore|iPhoneSimulator.ActiveCfg = Debug|Any CPU
		{EF038A32-FB22-46AD-8258-4A254F046C14}.AppStore|iPhoneSimulator.Build.0 = Debug|Any CPU
		{EF038A32-FB22-46AD-8258-4A254F046C14}.AppStore|x64.ActiveCfg = Debug|Any CPU
		{EF038A32-FB22-46AD-8258-4A254F046C14}.AppStore|x64.Build.0 = Debug|Any CPU
		{EF038A32-FB22-46AD-8258-4A254F046C14}.AppStore|x86.ActiveCfg = Debug|Any CPU
		{EF038A32-FB22-46AD-8258-4A254F046C14}.AppStore|x86.Build.0 = Debug|Any CPU
		{EF038A32-FB22-46AD-8258-4A254F046C14}.Debug|Any CPU.ActiveCfg = Debug|Any CPU
		{EF038A32-FB22-46AD-8258-4A254F046C14}.Debug|Any CPU.Build.0 = Debug|Any CPU
		{EF038A32-FB22-46AD-8258-4A254F046C14}.Debug|ARM.ActiveCfg = Debug|Any CPU
		{EF038A32-FB22-46AD-8258-4A254F046C14}.Debug|ARM.Build.0 = Debug|Any CPU
		{EF038A32-FB22-46AD-8258-4A254F046C14}.Debug|iPhone.ActiveCfg = Debug|Any CPU
		{EF038A32-FB22-46AD-8258-4A254F046C14}.Debug|iPhone.Build.0 = Debug|Any CPU
		{EF038A32-FB22-46AD-8258-4A254F046C14}.Debug|iPhoneSimulator.ActiveCfg = Debug|Any CPU
		{EF038A32-FB22-46AD-8258-4A254F046C14}.Debug|iPhoneSimulator.Build.0 = Debug|Any CPU
		{EF038A32-FB22-46AD-8258-4A254F046C14}.Debug|x64.ActiveCfg = Debug|Any CPU
		{EF038A32-FB22-46AD-8258-4A254F046C14}.Debug|x64.Build.0 = Debug|Any CPU
		{EF038A32-FB22-46AD-8258-4A254F046C14}.Debug|x86.ActiveCfg = Debug|Any CPU
		{EF038A32-FB22-46AD-8258-4A254F046C14}.Debug|x86.Build.0 = Debug|Any CPU
		{EF038A32-FB22-46AD-8258-4A254F046C14}.Release|Any CPU.ActiveCfg = Release|Any CPU
		{EF038A32-FB22-46AD-8258-4A254F046C14}.Release|Any CPU.Build.0 = Release|Any CPU
		{EF038A32-FB22-46AD-8258-4A254F046C14}.Release|ARM.ActiveCfg = Release|Any CPU
		{EF038A32-FB22-46AD-8258-4A254F046C14}.Release|ARM.Build.0 = Release|Any CPU
		{EF038A32-FB22-46AD-8258-4A254F046C14}.Release|iPhone.ActiveCfg = Release|Any CPU
		{EF038A32-FB22-46AD-8258-4A254F046C14}.Release|iPhone.Build.0 = Release|Any CPU
		{EF038A32-FB22-46AD-8258-4A254F046C14}.Release|iPhoneSimulator.ActiveCfg = Release|Any CPU
		{EF038A32-FB22-46AD-8258-4A254F046C14}.Release|iPhoneSimulator.Build.0 = Release|Any CPU
		{EF038A32-FB22-46AD-8258-4A254F046C14}.Release|x64.ActiveCfg = Release|Any CPU
		{EF038A32-FB22-46AD-8258-4A254F046C14}.Release|x64.Build.0 = Release|Any CPU
		{EF038A32-FB22-46AD-8258-4A254F046C14}.Release|x86.ActiveCfg = Release|Any CPU
		{EF038A32-FB22-46AD-8258-4A254F046C14}.Release|x86.Build.0 = Release|Any CPU
		{B88241FC-7403-4AD2-989E-47D7BB5CDD76}.Ad-Hoc|Any CPU.ActiveCfg = Debug|Any CPU
		{B88241FC-7403-4AD2-989E-47D7BB5CDD76}.Ad-Hoc|Any CPU.Build.0 = Debug|Any CPU
		{B88241FC-7403-4AD2-989E-47D7BB5CDD76}.Ad-Hoc|ARM.ActiveCfg = Debug|Any CPU
		{B88241FC-7403-4AD2-989E-47D7BB5CDD76}.Ad-Hoc|ARM.Build.0 = Debug|Any CPU
		{B88241FC-7403-4AD2-989E-47D7BB5CDD76}.Ad-Hoc|iPhone.ActiveCfg = Debug|Any CPU
		{B88241FC-7403-4AD2-989E-47D7BB5CDD76}.Ad-Hoc|iPhone.Build.0 = Debug|Any CPU
		{B88241FC-7403-4AD2-989E-47D7BB5CDD76}.Ad-Hoc|iPhoneSimulator.ActiveCfg = Debug|Any CPU
		{B88241FC-7403-4AD2-989E-47D7BB5CDD76}.Ad-Hoc|iPhoneSimulator.Build.0 = Debug|Any CPU
		{B88241FC-7403-4AD2-989E-47D7BB5CDD76}.Ad-Hoc|x64.ActiveCfg = Debug|Any CPU
		{B88241FC-7403-4AD2-989E-47D7BB5CDD76}.Ad-Hoc|x64.Build.0 = Debug|Any CPU
		{B88241FC-7403-4AD2-989E-47D7BB5CDD76}.Ad-Hoc|x86.ActiveCfg = Debug|Any CPU
		{B88241FC-7403-4AD2-989E-47D7BB5CDD76}.Ad-Hoc|x86.Build.0 = Debug|Any CPU
		{B88241FC-7403-4AD2-989E-47D7BB5CDD76}.AppStore|Any CPU.ActiveCfg = Debug|Any CPU
		{B88241FC-7403-4AD2-989E-47D7BB5CDD76}.AppStore|Any CPU.Build.0 = Debug|Any CPU
		{B88241FC-7403-4AD2-989E-47D7BB5CDD76}.AppStore|ARM.ActiveCfg = Debug|Any CPU
		{B88241FC-7403-4AD2-989E-47D7BB5CDD76}.AppStore|ARM.Build.0 = Debug|Any CPU
		{B88241FC-7403-4AD2-989E-47D7BB5CDD76}.AppStore|iPhone.ActiveCfg = Debug|Any CPU
		{B88241FC-7403-4AD2-989E-47D7BB5CDD76}.AppStore|iPhone.Build.0 = Debug|Any CPU
		{B88241FC-7403-4AD2-989E-47D7BB5CDD76}.AppStore|iPhoneSimulator.ActiveCfg = Debug|Any CPU
		{B88241FC-7403-4AD2-989E-47D7BB5CDD76}.AppStore|iPhoneSimulator.Build.0 = Debug|Any CPU
		{B88241FC-7403-4AD2-989E-47D7BB5CDD76}.AppStore|x64.ActiveCfg = Debug|Any CPU
		{B88241FC-7403-4AD2-989E-47D7BB5CDD76}.AppStore|x64.Build.0 = Debug|Any CPU
		{B88241FC-7403-4AD2-989E-47D7BB5CDD76}.AppStore|x86.ActiveCfg = Debug|Any CPU
		{B88241FC-7403-4AD2-989E-47D7BB5CDD76}.AppStore|x86.Build.0 = Debug|Any CPU
		{B88241FC-7403-4AD2-989E-47D7BB5CDD76}.Debug|Any CPU.ActiveCfg = Debug|Any CPU
		{B88241FC-7403-4AD2-989E-47D7BB5CDD76}.Debug|Any CPU.Build.0 = Debug|Any CPU
		{B88241FC-7403-4AD2-989E-47D7BB5CDD76}.Debug|ARM.ActiveCfg = Debug|Any CPU
		{B88241FC-7403-4AD2-989E-47D7BB5CDD76}.Debug|ARM.Build.0 = Debug|Any CPU
		{B88241FC-7403-4AD2-989E-47D7BB5CDD76}.Debug|iPhone.ActiveCfg = Debug|Any CPU
		{B88241FC-7403-4AD2-989E-47D7BB5CDD76}.Debug|iPhone.Build.0 = Debug|Any CPU
		{B88241FC-7403-4AD2-989E-47D7BB5CDD76}.Debug|iPhoneSimulator.ActiveCfg = Debug|Any CPU
		{B88241FC-7403-4AD2-989E-47D7BB5CDD76}.Debug|iPhoneSimulator.Build.0 = Debug|Any CPU
		{B88241FC-7403-4AD2-989E-47D7BB5CDD76}.Debug|x64.ActiveCfg = Debug|Any CPU
		{B88241FC-7403-4AD2-989E-47D7BB5CDD76}.Debug|x64.Build.0 = Debug|Any CPU
		{B88241FC-7403-4AD2-989E-47D7BB5CDD76}.Debug|x86.ActiveCfg = Debug|Any CPU
		{B88241FC-7403-4AD2-989E-47D7BB5CDD76}.Debug|x86.Build.0 = Debug|Any CPU
		{B88241FC-7403-4AD2-989E-47D7BB5CDD76}.Release|Any CPU.ActiveCfg = Release|Any CPU
		{B88241FC-7403-4AD2-989E-47D7BB5CDD76}.Release|Any CPU.Build.0 = Release|Any CPU
		{B88241FC-7403-4AD2-989E-47D7BB5CDD76}.Release|ARM.ActiveCfg = Release|Any CPU
		{B88241FC-7403-4AD2-989E-47D7BB5CDD76}.Release|ARM.Build.0 = Release|Any CPU
		{B88241FC-7403-4AD2-989E-47D7BB5CDD76}.Release|iPhone.ActiveCfg = Release|Any CPU
		{B88241FC-7403-4AD2-989E-47D7BB5CDD76}.Release|iPhone.Build.0 = Release|Any CPU
		{B88241FC-7403-4AD2-989E-47D7BB5CDD76}.Release|iPhoneSimulator.ActiveCfg = Release|Any CPU
		{B88241FC-7403-4AD2-989E-47D7BB5CDD76}.Release|iPhoneSimulator.Build.0 = Release|Any CPU
		{B88241FC-7403-4AD2-989E-47D7BB5CDD76}.Release|x64.ActiveCfg = Release|Any CPU
		{B88241FC-7403-4AD2-989E-47D7BB5CDD76}.Release|x64.Build.0 = Release|Any CPU
		{B88241FC-7403-4AD2-989E-47D7BB5CDD76}.Release|x86.ActiveCfg = Release|Any CPU
		{B88241FC-7403-4AD2-989E-47D7BB5CDD76}.Release|x86.Build.0 = Release|Any CPU
		{3083890B-12C7-4FBE-85BC-0CCF9CB1D556}.Ad-Hoc|Any CPU.ActiveCfg = Debug|Any CPU
		{3083890B-12C7-4FBE-85BC-0CCF9CB1D556}.Ad-Hoc|Any CPU.Build.0 = Debug|Any CPU
		{3083890B-12C7-4FBE-85BC-0CCF9CB1D556}.Ad-Hoc|ARM.ActiveCfg = Debug|Any CPU
		{3083890B-12C7-4FBE-85BC-0CCF9CB1D556}.Ad-Hoc|ARM.Build.0 = Debug|Any CPU
		{3083890B-12C7-4FBE-85BC-0CCF9CB1D556}.Ad-Hoc|iPhone.ActiveCfg = Debug|Any CPU
		{3083890B-12C7-4FBE-85BC-0CCF9CB1D556}.Ad-Hoc|iPhone.Build.0 = Debug|Any CPU
		{3083890B-12C7-4FBE-85BC-0CCF9CB1D556}.Ad-Hoc|iPhoneSimulator.ActiveCfg = Debug|Any CPU
		{3083890B-12C7-4FBE-85BC-0CCF9CB1D556}.Ad-Hoc|iPhoneSimulator.Build.0 = Debug|Any CPU
		{3083890B-12C7-4FBE-85BC-0CCF9CB1D556}.Ad-Hoc|x64.ActiveCfg = Debug|Any CPU
		{3083890B-12C7-4FBE-85BC-0CCF9CB1D556}.Ad-Hoc|x64.Build.0 = Debug|Any CPU
		{3083890B-12C7-4FBE-85BC-0CCF9CB1D556}.Ad-Hoc|x86.ActiveCfg = Debug|Any CPU
		{3083890B-12C7-4FBE-85BC-0CCF9CB1D556}.Ad-Hoc|x86.Build.0 = Debug|Any CPU
		{3083890B-12C7-4FBE-85BC-0CCF9CB1D556}.AppStore|Any CPU.ActiveCfg = Debug|Any CPU
		{3083890B-12C7-4FBE-85BC-0CCF9CB1D556}.AppStore|Any CPU.Build.0 = Debug|Any CPU
		{3083890B-12C7-4FBE-85BC-0CCF9CB1D556}.AppStore|ARM.ActiveCfg = Debug|Any CPU
		{3083890B-12C7-4FBE-85BC-0CCF9CB1D556}.AppStore|ARM.Build.0 = Debug|Any CPU
		{3083890B-12C7-4FBE-85BC-0CCF9CB1D556}.AppStore|iPhone.ActiveCfg = Debug|Any CPU
		{3083890B-12C7-4FBE-85BC-0CCF9CB1D556}.AppStore|iPhone.Build.0 = Debug|Any CPU
		{3083890B-12C7-4FBE-85BC-0CCF9CB1D556}.AppStore|iPhoneSimulator.ActiveCfg = Debug|Any CPU
		{3083890B-12C7-4FBE-85BC-0CCF9CB1D556}.AppStore|iPhoneSimulator.Build.0 = Debug|Any CPU
		{3083890B-12C7-4FBE-85BC-0CCF9CB1D556}.AppStore|x64.ActiveCfg = Debug|Any CPU
		{3083890B-12C7-4FBE-85BC-0CCF9CB1D556}.AppStore|x64.Build.0 = Debug|Any CPU
		{3083890B-12C7-4FBE-85BC-0CCF9CB1D556}.AppStore|x86.ActiveCfg = Debug|Any CPU
		{3083890B-12C7-4FBE-85BC-0CCF9CB1D556}.AppStore|x86.Build.0 = Debug|Any CPU
		{3083890B-12C7-4FBE-85BC-0CCF9CB1D556}.Debug|Any CPU.ActiveCfg = Debug|Any CPU
		{3083890B-12C7-4FBE-85BC-0CCF9CB1D556}.Debug|Any CPU.Build.0 = Debug|Any CPU
		{3083890B-12C7-4FBE-85BC-0CCF9CB1D556}.Debug|ARM.ActiveCfg = Debug|Any CPU
		{3083890B-12C7-4FBE-85BC-0CCF9CB1D556}.Debug|ARM.Build.0 = Debug|Any CPU
		{3083890B-12C7-4FBE-85BC-0CCF9CB1D556}.Debug|iPhone.ActiveCfg = Debug|Any CPU
		{3083890B-12C7-4FBE-85BC-0CCF9CB1D556}.Debug|iPhone.Build.0 = Debug|Any CPU
		{3083890B-12C7-4FBE-85BC-0CCF9CB1D556}.Debug|iPhoneSimulator.ActiveCfg = Debug|Any CPU
		{3083890B-12C7-4FBE-85BC-0CCF9CB1D556}.Debug|iPhoneSimulator.Build.0 = Debug|Any CPU
		{3083890B-12C7-4FBE-85BC-0CCF9CB1D556}.Debug|x64.ActiveCfg = Debug|Any CPU
		{3083890B-12C7-4FBE-85BC-0CCF9CB1D556}.Debug|x64.Build.0 = Debug|Any CPU
		{3083890B-12C7-4FBE-85BC-0CCF9CB1D556}.Debug|x86.ActiveCfg = Debug|Any CPU
		{3083890B-12C7-4FBE-85BC-0CCF9CB1D556}.Debug|x86.Build.0 = Debug|Any CPU
		{3083890B-12C7-4FBE-85BC-0CCF9CB1D556}.Release|Any CPU.ActiveCfg = Release|Any CPU
		{3083890B-12C7-4FBE-85BC-0CCF9CB1D556}.Release|Any CPU.Build.0 = Release|Any CPU
		{3083890B-12C7-4FBE-85BC-0CCF9CB1D556}.Release|ARM.ActiveCfg = Release|Any CPU
		{3083890B-12C7-4FBE-85BC-0CCF9CB1D556}.Release|ARM.Build.0 = Release|Any CPU
		{3083890B-12C7-4FBE-85BC-0CCF9CB1D556}.Release|iPhone.ActiveCfg = Release|Any CPU
		{3083890B-12C7-4FBE-85BC-0CCF9CB1D556}.Release|iPhone.Build.0 = Release|Any CPU
		{3083890B-12C7-4FBE-85BC-0CCF9CB1D556}.Release|iPhoneSimulator.ActiveCfg = Release|Any CPU
		{3083890B-12C7-4FBE-85BC-0CCF9CB1D556}.Release|iPhoneSimulator.Build.0 = Release|Any CPU
		{3083890B-12C7-4FBE-85BC-0CCF9CB1D556}.Release|x64.ActiveCfg = Release|Any CPU
		{3083890B-12C7-4FBE-85BC-0CCF9CB1D556}.Release|x64.Build.0 = Release|Any CPU
		{3083890B-12C7-4FBE-85BC-0CCF9CB1D556}.Release|x86.ActiveCfg = Release|Any CPU
		{3083890B-12C7-4FBE-85BC-0CCF9CB1D556}.Release|x86.Build.0 = Release|Any CPU
		{596B1582-CBDD-4F8D-89C2-C42FF1792601}.Ad-Hoc|Any CPU.ActiveCfg = Release|Any CPU
		{596B1582-CBDD-4F8D-89C2-C42FF1792601}.Ad-Hoc|Any CPU.Build.0 = Release|Any CPU
		{596B1582-CBDD-4F8D-89C2-C42FF1792601}.Ad-Hoc|Any CPU.Deploy.0 = Release|Any CPU
		{596B1582-CBDD-4F8D-89C2-C42FF1792601}.Ad-Hoc|ARM.ActiveCfg = Release|Any CPU
		{596B1582-CBDD-4F8D-89C2-C42FF1792601}.Ad-Hoc|ARM.Build.0 = Release|Any CPU
		{596B1582-CBDD-4F8D-89C2-C42FF1792601}.Ad-Hoc|ARM.Deploy.0 = Release|Any CPU
		{596B1582-CBDD-4F8D-89C2-C42FF1792601}.Ad-Hoc|iPhone.ActiveCfg = Release|Any CPU
		{596B1582-CBDD-4F8D-89C2-C42FF1792601}.Ad-Hoc|iPhone.Build.0 = Release|Any CPU
		{596B1582-CBDD-4F8D-89C2-C42FF1792601}.Ad-Hoc|iPhone.Deploy.0 = Release|Any CPU
		{596B1582-CBDD-4F8D-89C2-C42FF1792601}.Ad-Hoc|iPhoneSimulator.ActiveCfg = Release|Any CPU
		{596B1582-CBDD-4F8D-89C2-C42FF1792601}.Ad-Hoc|iPhoneSimulator.Build.0 = Release|Any CPU
		{596B1582-CBDD-4F8D-89C2-C42FF1792601}.Ad-Hoc|iPhoneSimulator.Deploy.0 = Release|Any CPU
		{596B1582-CBDD-4F8D-89C2-C42FF1792601}.Ad-Hoc|x64.ActiveCfg = Release|Any CPU
		{596B1582-CBDD-4F8D-89C2-C42FF1792601}.Ad-Hoc|x64.Build.0 = Release|Any CPU
		{596B1582-CBDD-4F8D-89C2-C42FF1792601}.Ad-Hoc|x64.Deploy.0 = Release|Any CPU
		{596B1582-CBDD-4F8D-89C2-C42FF1792601}.Ad-Hoc|x86.ActiveCfg = Release|Any CPU
		{596B1582-CBDD-4F8D-89C2-C42FF1792601}.Ad-Hoc|x86.Build.0 = Release|Any CPU
		{596B1582-CBDD-4F8D-89C2-C42FF1792601}.Ad-Hoc|x86.Deploy.0 = Release|Any CPU
		{596B1582-CBDD-4F8D-89C2-C42FF1792601}.AppStore|Any CPU.ActiveCfg = Release|Any CPU
		{596B1582-CBDD-4F8D-89C2-C42FF1792601}.AppStore|Any CPU.Build.0 = Release|Any CPU
		{596B1582-CBDD-4F8D-89C2-C42FF1792601}.AppStore|Any CPU.Deploy.0 = Release|Any CPU
		{596B1582-CBDD-4F8D-89C2-C42FF1792601}.AppStore|ARM.ActiveCfg = Release|Any CPU
		{596B1582-CBDD-4F8D-89C2-C42FF1792601}.AppStore|ARM.Build.0 = Release|Any CPU
		{596B1582-CBDD-4F8D-89C2-C42FF1792601}.AppStore|ARM.Deploy.0 = Release|Any CPU
		{596B1582-CBDD-4F8D-89C2-C42FF1792601}.AppStore|iPhone.ActiveCfg = Release|Any CPU
		{596B1582-CBDD-4F8D-89C2-C42FF1792601}.AppStore|iPhone.Build.0 = Release|Any CPU
		{596B1582-CBDD-4F8D-89C2-C42FF1792601}.AppStore|iPhone.Deploy.0 = Release|Any CPU
		{596B1582-CBDD-4F8D-89C2-C42FF1792601}.AppStore|iPhoneSimulator.ActiveCfg = Release|Any CPU
		{596B1582-CBDD-4F8D-89C2-C42FF1792601}.AppStore|iPhoneSimulator.Build.0 = Release|Any CPU
		{596B1582-CBDD-4F8D-89C2-C42FF1792601}.AppStore|iPhoneSimulator.Deploy.0 = Release|Any CPU
		{596B1582-CBDD-4F8D-89C2-C42FF1792601}.AppStore|x64.ActiveCfg = Release|Any CPU
		{596B1582-CBDD-4F8D-89C2-C42FF1792601}.AppStore|x64.Build.0 = Release|Any CPU
		{596B1582-CBDD-4F8D-89C2-C42FF1792601}.AppStore|x64.Deploy.0 = Release|Any CPU
		{596B1582-CBDD-4F8D-89C2-C42FF1792601}.AppStore|x86.ActiveCfg = Release|Any CPU
		{596B1582-CBDD-4F8D-89C2-C42FF1792601}.AppStore|x86.Build.0 = Release|Any CPU
		{596B1582-CBDD-4F8D-89C2-C42FF1792601}.AppStore|x86.Deploy.0 = Release|Any CPU
		{596B1582-CBDD-4F8D-89C2-C42FF1792601}.Debug|Any CPU.ActiveCfg = Debug|Any CPU
		{596B1582-CBDD-4F8D-89C2-C42FF1792601}.Debug|Any CPU.Build.0 = Debug|Any CPU
		{596B1582-CBDD-4F8D-89C2-C42FF1792601}.Debug|Any CPU.Deploy.0 = Debug|Any CPU
		{596B1582-CBDD-4F8D-89C2-C42FF1792601}.Debug|ARM.ActiveCfg = Debug|Any CPU
		{596B1582-CBDD-4F8D-89C2-C42FF1792601}.Debug|ARM.Build.0 = Debug|Any CPU
		{596B1582-CBDD-4F8D-89C2-C42FF1792601}.Debug|ARM.Deploy.0 = Debug|Any CPU
		{596B1582-CBDD-4F8D-89C2-C42FF1792601}.Debug|iPhone.ActiveCfg = Debug|Any CPU
		{596B1582-CBDD-4F8D-89C2-C42FF1792601}.Debug|iPhone.Build.0 = Debug|Any CPU
		{596B1582-CBDD-4F8D-89C2-C42FF1792601}.Debug|iPhone.Deploy.0 = Debug|Any CPU
		{596B1582-CBDD-4F8D-89C2-C42FF1792601}.Debug|iPhoneSimulator.ActiveCfg = Debug|Any CPU
		{596B1582-CBDD-4F8D-89C2-C42FF1792601}.Debug|iPhoneSimulator.Build.0 = Debug|Any CPU
		{596B1582-CBDD-4F8D-89C2-C42FF1792601}.Debug|iPhoneSimulator.Deploy.0 = Debug|Any CPU
		{596B1582-CBDD-4F8D-89C2-C42FF1792601}.Debug|x64.ActiveCfg = Debug|Any CPU
		{596B1582-CBDD-4F8D-89C2-C42FF1792601}.Debug|x64.Build.0 = Debug|Any CPU
		{596B1582-CBDD-4F8D-89C2-C42FF1792601}.Debug|x64.Deploy.0 = Debug|Any CPU
		{596B1582-CBDD-4F8D-89C2-C42FF1792601}.Debug|x86.ActiveCfg = Debug|Any CPU
		{596B1582-CBDD-4F8D-89C2-C42FF1792601}.Debug|x86.Build.0 = Debug|Any CPU
		{596B1582-CBDD-4F8D-89C2-C42FF1792601}.Debug|x86.Deploy.0 = Debug|Any CPU
		{596B1582-CBDD-4F8D-89C2-C42FF1792601}.Release|Any CPU.ActiveCfg = Release|Any CPU
		{596B1582-CBDD-4F8D-89C2-C42FF1792601}.Release|Any CPU.Build.0 = Release|Any CPU
		{596B1582-CBDD-4F8D-89C2-C42FF1792601}.Release|Any CPU.Deploy.0 = Release|Any CPU
		{596B1582-CBDD-4F8D-89C2-C42FF1792601}.Release|ARM.ActiveCfg = Release|Any CPU
		{596B1582-CBDD-4F8D-89C2-C42FF1792601}.Release|ARM.Build.0 = Release|Any CPU
		{596B1582-CBDD-4F8D-89C2-C42FF1792601}.Release|ARM.Deploy.0 = Release|Any CPU
		{596B1582-CBDD-4F8D-89C2-C42FF1792601}.Release|iPhone.ActiveCfg = Release|Any CPU
		{596B1582-CBDD-4F8D-89C2-C42FF1792601}.Release|iPhone.Build.0 = Release|Any CPU
		{596B1582-CBDD-4F8D-89C2-C42FF1792601}.Release|iPhone.Deploy.0 = Release|Any CPU
		{596B1582-CBDD-4F8D-89C2-C42FF1792601}.Release|iPhoneSimulator.ActiveCfg = Release|Any CPU
		{596B1582-CBDD-4F8D-89C2-C42FF1792601}.Release|iPhoneSimulator.Build.0 = Release|Any CPU
		{596B1582-CBDD-4F8D-89C2-C42FF1792601}.Release|iPhoneSimulator.Deploy.0 = Release|Any CPU
		{596B1582-CBDD-4F8D-89C2-C42FF1792601}.Release|x64.ActiveCfg = Release|Any CPU
		{596B1582-CBDD-4F8D-89C2-C42FF1792601}.Release|x64.Build.0 = Release|Any CPU
		{596B1582-CBDD-4F8D-89C2-C42FF1792601}.Release|x64.Deploy.0 = Release|Any CPU
		{596B1582-CBDD-4F8D-89C2-C42FF1792601}.Release|x86.ActiveCfg = Release|Any CPU
		{596B1582-CBDD-4F8D-89C2-C42FF1792601}.Release|x86.Build.0 = Release|Any CPU
		{596B1582-CBDD-4F8D-89C2-C42FF1792601}.Release|x86.Deploy.0 = Release|Any CPU
		{317705FC-D2E8-4ADB-A605-39301849F247}.Ad-Hoc|Any CPU.ActiveCfg = Ad-Hoc|iPhone
		{317705FC-D2E8-4ADB-A605-39301849F247}.Ad-Hoc|ARM.ActiveCfg = Ad-Hoc|iPhone
		{317705FC-D2E8-4ADB-A605-39301849F247}.Ad-Hoc|iPhone.ActiveCfg = Ad-Hoc|iPhone
		{317705FC-D2E8-4ADB-A605-39301849F247}.Ad-Hoc|iPhone.Build.0 = Ad-Hoc|iPhone
		{317705FC-D2E8-4ADB-A605-39301849F247}.Ad-Hoc|iPhoneSimulator.ActiveCfg = Ad-Hoc|iPhoneSimulator
		{317705FC-D2E8-4ADB-A605-39301849F247}.Ad-Hoc|iPhoneSimulator.Build.0 = Ad-Hoc|iPhoneSimulator
		{317705FC-D2E8-4ADB-A605-39301849F247}.Ad-Hoc|x64.ActiveCfg = Ad-Hoc|iPhone
		{317705FC-D2E8-4ADB-A605-39301849F247}.Ad-Hoc|x86.ActiveCfg = Ad-Hoc|iPhone
		{317705FC-D2E8-4ADB-A605-39301849F247}.AppStore|Any CPU.ActiveCfg = AppStore|iPhone
		{317705FC-D2E8-4ADB-A605-39301849F247}.AppStore|ARM.ActiveCfg = AppStore|iPhone
		{317705FC-D2E8-4ADB-A605-39301849F247}.AppStore|iPhone.ActiveCfg = AppStore|iPhone
		{317705FC-D2E8-4ADB-A605-39301849F247}.AppStore|iPhone.Build.0 = AppStore|iPhone
		{317705FC-D2E8-4ADB-A605-39301849F247}.AppStore|iPhoneSimulator.ActiveCfg = AppStore|iPhoneSimulator
		{317705FC-D2E8-4ADB-A605-39301849F247}.AppStore|iPhoneSimulator.Build.0 = AppStore|iPhoneSimulator
		{317705FC-D2E8-4ADB-A605-39301849F247}.AppStore|x64.ActiveCfg = AppStore|iPhone
		{317705FC-D2E8-4ADB-A605-39301849F247}.AppStore|x86.ActiveCfg = AppStore|iPhone
		{317705FC-D2E8-4ADB-A605-39301849F247}.Debug|Any CPU.ActiveCfg = Debug|iPhone
		{317705FC-D2E8-4ADB-A605-39301849F247}.Debug|ARM.ActiveCfg = Debug|iPhone
		{317705FC-D2E8-4ADB-A605-39301849F247}.Debug|iPhone.ActiveCfg = Debug|iPhone
		{317705FC-D2E8-4ADB-A605-39301849F247}.Debug|iPhone.Build.0 = Debug|iPhone
		{317705FC-D2E8-4ADB-A605-39301849F247}.Debug|iPhoneSimulator.ActiveCfg = Debug|iPhoneSimulator
		{317705FC-D2E8-4ADB-A605-39301849F247}.Debug|iPhoneSimulator.Build.0 = Debug|iPhoneSimulator
		{317705FC-D2E8-4ADB-A605-39301849F247}.Debug|x64.ActiveCfg = Debug|iPhone
		{317705FC-D2E8-4ADB-A605-39301849F247}.Debug|x86.ActiveCfg = Debug|iPhone
		{317705FC-D2E8-4ADB-A605-39301849F247}.Debug|x86.Build.0 = Debug|iPhone
		{317705FC-D2E8-4ADB-A605-39301849F247}.Release|Any CPU.ActiveCfg = Release|iPhone
		{317705FC-D2E8-4ADB-A605-39301849F247}.Release|ARM.ActiveCfg = Release|iPhone
		{317705FC-D2E8-4ADB-A605-39301849F247}.Release|iPhone.ActiveCfg = Release|iPhone
		{317705FC-D2E8-4ADB-A605-39301849F247}.Release|iPhone.Build.0 = Release|iPhone
		{317705FC-D2E8-4ADB-A605-39301849F247}.Release|iPhoneSimulator.ActiveCfg = Release|iPhoneSimulator
		{317705FC-D2E8-4ADB-A605-39301849F247}.Release|iPhoneSimulator.Build.0 = Release|iPhoneSimulator
		{317705FC-D2E8-4ADB-A605-39301849F247}.Release|x64.ActiveCfg = Release|iPhone
		{317705FC-D2E8-4ADB-A605-39301849F247}.Release|x86.ActiveCfg = Release|iPhone
		{01D94B8F-59CE-46D4-82D1-808E865621EE}.Ad-Hoc|Any CPU.ActiveCfg = Release|x86
		{01D94B8F-59CE-46D4-82D1-808E865621EE}.Ad-Hoc|Any CPU.Build.0 = Release|x86
		{01D94B8F-59CE-46D4-82D1-808E865621EE}.Ad-Hoc|Any CPU.Deploy.0 = Release|x86
		{01D94B8F-59CE-46D4-82D1-808E865621EE}.Ad-Hoc|ARM.ActiveCfg = Release|ARM
		{01D94B8F-59CE-46D4-82D1-808E865621EE}.Ad-Hoc|ARM.Build.0 = Release|ARM
		{01D94B8F-59CE-46D4-82D1-808E865621EE}.Ad-Hoc|ARM.Deploy.0 = Release|ARM
		{01D94B8F-59CE-46D4-82D1-808E865621EE}.Ad-Hoc|iPhone.ActiveCfg = Release|x86
		{01D94B8F-59CE-46D4-82D1-808E865621EE}.Ad-Hoc|iPhone.Build.0 = Release|x86
		{01D94B8F-59CE-46D4-82D1-808E865621EE}.Ad-Hoc|iPhone.Deploy.0 = Release|x86
		{01D94B8F-59CE-46D4-82D1-808E865621EE}.Ad-Hoc|iPhoneSimulator.ActiveCfg = Release|x86
		{01D94B8F-59CE-46D4-82D1-808E865621EE}.Ad-Hoc|iPhoneSimulator.Build.0 = Release|x86
		{01D94B8F-59CE-46D4-82D1-808E865621EE}.Ad-Hoc|iPhoneSimulator.Deploy.0 = Release|x86
		{01D94B8F-59CE-46D4-82D1-808E865621EE}.Ad-Hoc|x64.ActiveCfg = Release|x64
		{01D94B8F-59CE-46D4-82D1-808E865621EE}.Ad-Hoc|x64.Build.0 = Release|x64
		{01D94B8F-59CE-46D4-82D1-808E865621EE}.Ad-Hoc|x64.Deploy.0 = Release|x64
		{01D94B8F-59CE-46D4-82D1-808E865621EE}.Ad-Hoc|x86.ActiveCfg = Release|x86
		{01D94B8F-59CE-46D4-82D1-808E865621EE}.Ad-Hoc|x86.Build.0 = Release|x86
		{01D94B8F-59CE-46D4-82D1-808E865621EE}.Ad-Hoc|x86.Deploy.0 = Release|x86
		{01D94B8F-59CE-46D4-82D1-808E865621EE}.AppStore|Any CPU.ActiveCfg = Release|x86
		{01D94B8F-59CE-46D4-82D1-808E865621EE}.AppStore|Any CPU.Build.0 = Release|x86
		{01D94B8F-59CE-46D4-82D1-808E865621EE}.AppStore|Any CPU.Deploy.0 = Release|x86
		{01D94B8F-59CE-46D4-82D1-808E865621EE}.AppStore|ARM.ActiveCfg = Release|ARM
		{01D94B8F-59CE-46D4-82D1-808E865621EE}.AppStore|ARM.Build.0 = Release|ARM
		{01D94B8F-59CE-46D4-82D1-808E865621EE}.AppStore|ARM.Deploy.0 = Release|ARM
		{01D94B8F-59CE-46D4-82D1-808E865621EE}.AppStore|iPhone.ActiveCfg = Release|x86
		{01D94B8F-59CE-46D4-82D1-808E865621EE}.AppStore|iPhone.Build.0 = Release|x86
		{01D94B8F-59CE-46D4-82D1-808E865621EE}.AppStore|iPhone.Deploy.0 = Release|x86
		{01D94B8F-59CE-46D4-82D1-808E865621EE}.AppStore|iPhoneSimulator.ActiveCfg = Release|x86
		{01D94B8F-59CE-46D4-82D1-808E865621EE}.AppStore|iPhoneSimulator.Build.0 = Release|x86
		{01D94B8F-59CE-46D4-82D1-808E865621EE}.AppStore|iPhoneSimulator.Deploy.0 = Release|x86
		{01D94B8F-59CE-46D4-82D1-808E865621EE}.AppStore|x64.ActiveCfg = Release|x64
		{01D94B8F-59CE-46D4-82D1-808E865621EE}.AppStore|x64.Build.0 = Release|x64
		{01D94B8F-59CE-46D4-82D1-808E865621EE}.AppStore|x64.Deploy.0 = Release|x64
		{01D94B8F-59CE-46D4-82D1-808E865621EE}.AppStore|x86.ActiveCfg = Release|x86
		{01D94B8F-59CE-46D4-82D1-808E865621EE}.AppStore|x86.Build.0 = Release|x86
		{01D94B8F-59CE-46D4-82D1-808E865621EE}.AppStore|x86.Deploy.0 = Release|x86
		{01D94B8F-59CE-46D4-82D1-808E865621EE}.Debug|Any CPU.ActiveCfg = Debug|x86
		{01D94B8F-59CE-46D4-82D1-808E865621EE}.Debug|Any CPU.Build.0 = Debug|x86
		{01D94B8F-59CE-46D4-82D1-808E865621EE}.Debug|Any CPU.Deploy.0 = Debug|x86
		{01D94B8F-59CE-46D4-82D1-808E865621EE}.Debug|ARM.ActiveCfg = Debug|ARM
		{01D94B8F-59CE-46D4-82D1-808E865621EE}.Debug|ARM.Build.0 = Debug|ARM
		{01D94B8F-59CE-46D4-82D1-808E865621EE}.Debug|ARM.Deploy.0 = Debug|ARM
		{01D94B8F-59CE-46D4-82D1-808E865621EE}.Debug|iPhone.ActiveCfg = Debug|x86
		{01D94B8F-59CE-46D4-82D1-808E865621EE}.Debug|iPhoneSimulator.ActiveCfg = Debug|x86
		{01D94B8F-59CE-46D4-82D1-808E865621EE}.Debug|x64.ActiveCfg = Debug|x64
		{01D94B8F-59CE-46D4-82D1-808E865621EE}.Debug|x64.Build.0 = Debug|x64
		{01D94B8F-59CE-46D4-82D1-808E865621EE}.Debug|x64.Deploy.0 = Debug|x64
		{01D94B8F-59CE-46D4-82D1-808E865621EE}.Debug|x86.ActiveCfg = Debug|x86
		{01D94B8F-59CE-46D4-82D1-808E865621EE}.Debug|x86.Build.0 = Debug|x86
		{01D94B8F-59CE-46D4-82D1-808E865621EE}.Debug|x86.Deploy.0 = Debug|x86
		{01D94B8F-59CE-46D4-82D1-808E865621EE}.Release|Any CPU.ActiveCfg = Release|x86
		{01D94B8F-59CE-46D4-82D1-808E865621EE}.Release|ARM.ActiveCfg = Release|ARM
		{01D94B8F-59CE-46D4-82D1-808E865621EE}.Release|ARM.Build.0 = Release|ARM
		{01D94B8F-59CE-46D4-82D1-808E865621EE}.Release|ARM.Deploy.0 = Release|ARM
		{01D94B8F-59CE-46D4-82D1-808E865621EE}.Release|iPhone.ActiveCfg = Release|x86
		{01D94B8F-59CE-46D4-82D1-808E865621EE}.Release|iPhoneSimulator.ActiveCfg = Release|x86
		{01D94B8F-59CE-46D4-82D1-808E865621EE}.Release|x64.ActiveCfg = Release|x64
		{01D94B8F-59CE-46D4-82D1-808E865621EE}.Release|x64.Build.0 = Release|x64
		{01D94B8F-59CE-46D4-82D1-808E865621EE}.Release|x64.Deploy.0 = Release|x64
		{01D94B8F-59CE-46D4-82D1-808E865621EE}.Release|x86.ActiveCfg = Release|x86
		{01D94B8F-59CE-46D4-82D1-808E865621EE}.Release|x86.Build.0 = Release|x86
		{01D94B8F-59CE-46D4-82D1-808E865621EE}.Release|x86.Deploy.0 = Release|x86
		{6DA33F48-46C7-4AA1-9089-9553029FF535}.Ad-Hoc|Any CPU.ActiveCfg = Debug|Any CPU
		{6DA33F48-46C7-4AA1-9089-9553029FF535}.Ad-Hoc|Any CPU.Build.0 = Debug|Any CPU
		{6DA33F48-46C7-4AA1-9089-9553029FF535}.Ad-Hoc|ARM.ActiveCfg = Debug|Any CPU
		{6DA33F48-46C7-4AA1-9089-9553029FF535}.Ad-Hoc|ARM.Build.0 = Debug|Any CPU
		{6DA33F48-46C7-4AA1-9089-9553029FF535}.Ad-Hoc|iPhone.ActiveCfg = Debug|Any CPU
		{6DA33F48-46C7-4AA1-9089-9553029FF535}.Ad-Hoc|iPhone.Build.0 = Debug|Any CPU
		{6DA33F48-46C7-4AA1-9089-9553029FF535}.Ad-Hoc|iPhoneSimulator.ActiveCfg = Debug|Any CPU
		{6DA33F48-46C7-4AA1-9089-9553029FF535}.Ad-Hoc|iPhoneSimulator.Build.0 = Debug|Any CPU
		{6DA33F48-46C7-4AA1-9089-9553029FF535}.Ad-Hoc|x64.ActiveCfg = Debug|Any CPU
		{6DA33F48-46C7-4AA1-9089-9553029FF535}.Ad-Hoc|x64.Build.0 = Debug|Any CPU
		{6DA33F48-46C7-4AA1-9089-9553029FF535}.Ad-Hoc|x86.ActiveCfg = Debug|Any CPU
		{6DA33F48-46C7-4AA1-9089-9553029FF535}.Ad-Hoc|x86.Build.0 = Debug|Any CPU
		{6DA33F48-46C7-4AA1-9089-9553029FF535}.AppStore|Any CPU.ActiveCfg = Debug|Any CPU
		{6DA33F48-46C7-4AA1-9089-9553029FF535}.AppStore|Any CPU.Build.0 = Debug|Any CPU
		{6DA33F48-46C7-4AA1-9089-9553029FF535}.AppStore|ARM.ActiveCfg = Debug|Any CPU
		{6DA33F48-46C7-4AA1-9089-9553029FF535}.AppStore|ARM.Build.0 = Debug|Any CPU
		{6DA33F48-46C7-4AA1-9089-9553029FF535}.AppStore|iPhone.ActiveCfg = Debug|Any CPU
		{6DA33F48-46C7-4AA1-9089-9553029FF535}.AppStore|iPhone.Build.0 = Debug|Any CPU
		{6DA33F48-46C7-4AA1-9089-9553029FF535}.AppStore|iPhoneSimulator.ActiveCfg = Debug|Any CPU
		{6DA33F48-46C7-4AA1-9089-9553029FF535}.AppStore|iPhoneSimulator.Build.0 = Debug|Any CPU
		{6DA33F48-46C7-4AA1-9089-9553029FF535}.AppStore|x64.ActiveCfg = Debug|Any CPU
		{6DA33F48-46C7-4AA1-9089-9553029FF535}.AppStore|x64.Build.0 = Debug|Any CPU
		{6DA33F48-46C7-4AA1-9089-9553029FF535}.AppStore|x86.ActiveCfg = Debug|Any CPU
		{6DA33F48-46C7-4AA1-9089-9553029FF535}.AppStore|x86.Build.0 = Debug|Any CPU
		{6DA33F48-46C7-4AA1-9089-9553029FF535}.Debug|Any CPU.ActiveCfg = Debug|Any CPU
		{6DA33F48-46C7-4AA1-9089-9553029FF535}.Debug|Any CPU.Build.0 = Debug|Any CPU
		{6DA33F48-46C7-4AA1-9089-9553029FF535}.Debug|ARM.ActiveCfg = Debug|Any CPU
		{6DA33F48-46C7-4AA1-9089-9553029FF535}.Debug|ARM.Build.0 = Debug|Any CPU
		{6DA33F48-46C7-4AA1-9089-9553029FF535}.Debug|iPhone.ActiveCfg = Debug|Any CPU
		{6DA33F48-46C7-4AA1-9089-9553029FF535}.Debug|iPhone.Build.0 = Debug|Any CPU
		{6DA33F48-46C7-4AA1-9089-9553029FF535}.Debug|iPhoneSimulator.ActiveCfg = Debug|Any CPU
		{6DA33F48-46C7-4AA1-9089-9553029FF535}.Debug|iPhoneSimulator.Build.0 = Debug|Any CPU
		{6DA33F48-46C7-4AA1-9089-9553029FF535}.Debug|x64.ActiveCfg = Debug|Any CPU
		{6DA33F48-46C7-4AA1-9089-9553029FF535}.Debug|x64.Build.0 = Debug|Any CPU
		{6DA33F48-46C7-4AA1-9089-9553029FF535}.Debug|x86.ActiveCfg = Debug|Any CPU
		{6DA33F48-46C7-4AA1-9089-9553029FF535}.Debug|x86.Build.0 = Debug|Any CPU
		{6DA33F48-46C7-4AA1-9089-9553029FF535}.Release|Any CPU.ActiveCfg = Release|Any CPU
		{6DA33F48-46C7-4AA1-9089-9553029FF535}.Release|Any CPU.Build.0 = Release|Any CPU
		{6DA33F48-46C7-4AA1-9089-9553029FF535}.Release|ARM.ActiveCfg = Release|Any CPU
		{6DA33F48-46C7-4AA1-9089-9553029FF535}.Release|ARM.Build.0 = Release|Any CPU
		{6DA33F48-46C7-4AA1-9089-9553029FF535}.Release|iPhone.ActiveCfg = Release|Any CPU
		{6DA33F48-46C7-4AA1-9089-9553029FF535}.Release|iPhone.Build.0 = Release|Any CPU
		{6DA33F48-46C7-4AA1-9089-9553029FF535}.Release|iPhoneSimulator.ActiveCfg = Release|Any CPU
		{6DA33F48-46C7-4AA1-9089-9553029FF535}.Release|iPhoneSimulator.Build.0 = Release|Any CPU
		{6DA33F48-46C7-4AA1-9089-9553029FF535}.Release|x64.ActiveCfg = Release|Any CPU
		{6DA33F48-46C7-4AA1-9089-9553029FF535}.Release|x64.Build.0 = Release|Any CPU
		{6DA33F48-46C7-4AA1-9089-9553029FF535}.Release|x86.ActiveCfg = Release|Any CPU
		{6DA33F48-46C7-4AA1-9089-9553029FF535}.Release|x86.Build.0 = Release|Any CPU
		{916B2F7A-CCA2-4E77-B5AD-076ECD28B657}.Ad-Hoc|Any CPU.ActiveCfg = Debug|Any CPU
		{916B2F7A-CCA2-4E77-B5AD-076ECD28B657}.Ad-Hoc|Any CPU.Build.0 = Debug|Any CPU
		{916B2F7A-CCA2-4E77-B5AD-076ECD28B657}.Ad-Hoc|ARM.ActiveCfg = Debug|Any CPU
		{916B2F7A-CCA2-4E77-B5AD-076ECD28B657}.Ad-Hoc|ARM.Build.0 = Debug|Any CPU
		{916B2F7A-CCA2-4E77-B5AD-076ECD28B657}.Ad-Hoc|iPhone.ActiveCfg = Debug|Any CPU
		{916B2F7A-CCA2-4E77-B5AD-076ECD28B657}.Ad-Hoc|iPhone.Build.0 = Debug|Any CPU
		{916B2F7A-CCA2-4E77-B5AD-076ECD28B657}.Ad-Hoc|iPhoneSimulator.ActiveCfg = Debug|Any CPU
		{916B2F7A-CCA2-4E77-B5AD-076ECD28B657}.Ad-Hoc|iPhoneSimulator.Build.0 = Debug|Any CPU
		{916B2F7A-CCA2-4E77-B5AD-076ECD28B657}.Ad-Hoc|x64.ActiveCfg = Debug|Any CPU
		{916B2F7A-CCA2-4E77-B5AD-076ECD28B657}.Ad-Hoc|x64.Build.0 = Debug|Any CPU
		{916B2F7A-CCA2-4E77-B5AD-076ECD28B657}.Ad-Hoc|x86.ActiveCfg = Debug|Any CPU
		{916B2F7A-CCA2-4E77-B5AD-076ECD28B657}.Ad-Hoc|x86.Build.0 = Debug|Any CPU
		{916B2F7A-CCA2-4E77-B5AD-076ECD28B657}.AppStore|Any CPU.ActiveCfg = Debug|Any CPU
		{916B2F7A-CCA2-4E77-B5AD-076ECD28B657}.AppStore|Any CPU.Build.0 = Debug|Any CPU
		{916B2F7A-CCA2-4E77-B5AD-076ECD28B657}.AppStore|ARM.ActiveCfg = Debug|Any CPU
		{916B2F7A-CCA2-4E77-B5AD-076ECD28B657}.AppStore|ARM.Build.0 = Debug|Any CPU
		{916B2F7A-CCA2-4E77-B5AD-076ECD28B657}.AppStore|iPhone.ActiveCfg = Debug|Any CPU
		{916B2F7A-CCA2-4E77-B5AD-076ECD28B657}.AppStore|iPhone.Build.0 = Debug|Any CPU
		{916B2F7A-CCA2-4E77-B5AD-076ECD28B657}.AppStore|iPhoneSimulator.ActiveCfg = Debug|Any CPU
		{916B2F7A-CCA2-4E77-B5AD-076ECD28B657}.AppStore|iPhoneSimulator.Build.0 = Debug|Any CPU
		{916B2F7A-CCA2-4E77-B5AD-076ECD28B657}.AppStore|x64.ActiveCfg = Debug|Any CPU
		{916B2F7A-CCA2-4E77-B5AD-076ECD28B657}.AppStore|x64.Build.0 = Debug|Any CPU
		{916B2F7A-CCA2-4E77-B5AD-076ECD28B657}.AppStore|x86.ActiveCfg = Debug|Any CPU
		{916B2F7A-CCA2-4E77-B5AD-076ECD28B657}.AppStore|x86.Build.0 = Debug|Any CPU
		{916B2F7A-CCA2-4E77-B5AD-076ECD28B657}.Debug|Any CPU.ActiveCfg = Debug|Any CPU
		{916B2F7A-CCA2-4E77-B5AD-076ECD28B657}.Debug|Any CPU.Build.0 = Debug|Any CPU
		{916B2F7A-CCA2-4E77-B5AD-076ECD28B657}.Debug|ARM.ActiveCfg = Debug|Any CPU
		{916B2F7A-CCA2-4E77-B5AD-076ECD28B657}.Debug|ARM.Build.0 = Debug|Any CPU
		{916B2F7A-CCA2-4E77-B5AD-076ECD28B657}.Debug|iPhone.ActiveCfg = Debug|Any CPU
		{916B2F7A-CCA2-4E77-B5AD-076ECD28B657}.Debug|iPhone.Build.0 = Debug|Any CPU
		{916B2F7A-CCA2-4E77-B5AD-076ECD28B657}.Debug|iPhoneSimulator.ActiveCfg = Debug|Any CPU
		{916B2F7A-CCA2-4E77-B5AD-076ECD28B657}.Debug|iPhoneSimulator.Build.0 = Debug|Any CPU
		{916B2F7A-CCA2-4E77-B5AD-076ECD28B657}.Debug|x64.ActiveCfg = Debug|Any CPU
		{916B2F7A-CCA2-4E77-B5AD-076ECD28B657}.Debug|x64.Build.0 = Debug|Any CPU
		{916B2F7A-CCA2-4E77-B5AD-076ECD28B657}.Debug|x86.ActiveCfg = Debug|Any CPU
		{916B2F7A-CCA2-4E77-B5AD-076ECD28B657}.Debug|x86.Build.0 = Debug|Any CPU
		{916B2F7A-CCA2-4E77-B5AD-076ECD28B657}.Release|Any CPU.ActiveCfg = Release|Any CPU
		{916B2F7A-CCA2-4E77-B5AD-076ECD28B657}.Release|Any CPU.Build.0 = Release|Any CPU
		{916B2F7A-CCA2-4E77-B5AD-076ECD28B657}.Release|ARM.ActiveCfg = Release|Any CPU
		{916B2F7A-CCA2-4E77-B5AD-076ECD28B657}.Release|ARM.Build.0 = Release|Any CPU
		{916B2F7A-CCA2-4E77-B5AD-076ECD28B657}.Release|iPhone.ActiveCfg = Release|Any CPU
		{916B2F7A-CCA2-4E77-B5AD-076ECD28B657}.Release|iPhone.Build.0 = Release|Any CPU
		{916B2F7A-CCA2-4E77-B5AD-076ECD28B657}.Release|iPhoneSimulator.ActiveCfg = Release|Any CPU
		{916B2F7A-CCA2-4E77-B5AD-076ECD28B657}.Release|iPhoneSimulator.Build.0 = Release|Any CPU
		{916B2F7A-CCA2-4E77-B5AD-076ECD28B657}.Release|x64.ActiveCfg = Release|Any CPU
		{916B2F7A-CCA2-4E77-B5AD-076ECD28B657}.Release|x64.Build.0 = Release|Any CPU
		{916B2F7A-CCA2-4E77-B5AD-076ECD28B657}.Release|x86.ActiveCfg = Release|Any CPU
		{916B2F7A-CCA2-4E77-B5AD-076ECD28B657}.Release|x86.Build.0 = Release|Any CPU
		{D0E72094-0768-45CB-919A-7DC41149EA9D}.Ad-Hoc|Any CPU.ActiveCfg = Debug|Any CPU
		{D0E72094-0768-45CB-919A-7DC41149EA9D}.Ad-Hoc|Any CPU.Build.0 = Debug|Any CPU
		{D0E72094-0768-45CB-919A-7DC41149EA9D}.Ad-Hoc|ARM.ActiveCfg = Debug|Any CPU
		{D0E72094-0768-45CB-919A-7DC41149EA9D}.Ad-Hoc|ARM.Build.0 = Debug|Any CPU
		{D0E72094-0768-45CB-919A-7DC41149EA9D}.Ad-Hoc|iPhone.ActiveCfg = Debug|Any CPU
		{D0E72094-0768-45CB-919A-7DC41149EA9D}.Ad-Hoc|iPhone.Build.0 = Debug|Any CPU
		{D0E72094-0768-45CB-919A-7DC41149EA9D}.Ad-Hoc|iPhoneSimulator.ActiveCfg = Debug|Any CPU
		{D0E72094-0768-45CB-919A-7DC41149EA9D}.Ad-Hoc|iPhoneSimulator.Build.0 = Debug|Any CPU
		{D0E72094-0768-45CB-919A-7DC41149EA9D}.Ad-Hoc|x64.ActiveCfg = Debug|Any CPU
		{D0E72094-0768-45CB-919A-7DC41149EA9D}.Ad-Hoc|x64.Build.0 = Debug|Any CPU
		{D0E72094-0768-45CB-919A-7DC41149EA9D}.Ad-Hoc|x86.ActiveCfg = Debug|Any CPU
		{D0E72094-0768-45CB-919A-7DC41149EA9D}.Ad-Hoc|x86.Build.0 = Debug|Any CPU
		{D0E72094-0768-45CB-919A-7DC41149EA9D}.AppStore|Any CPU.ActiveCfg = Debug|Any CPU
		{D0E72094-0768-45CB-919A-7DC41149EA9D}.AppStore|Any CPU.Build.0 = Debug|Any CPU
		{D0E72094-0768-45CB-919A-7DC41149EA9D}.AppStore|ARM.ActiveCfg = Debug|Any CPU
		{D0E72094-0768-45CB-919A-7DC41149EA9D}.AppStore|ARM.Build.0 = Debug|Any CPU
		{D0E72094-0768-45CB-919A-7DC41149EA9D}.AppStore|iPhone.ActiveCfg = Debug|Any CPU
		{D0E72094-0768-45CB-919A-7DC41149EA9D}.AppStore|iPhone.Build.0 = Debug|Any CPU
		{D0E72094-0768-45CB-919A-7DC41149EA9D}.AppStore|iPhoneSimulator.ActiveCfg = Debug|Any CPU
		{D0E72094-0768-45CB-919A-7DC41149EA9D}.AppStore|iPhoneSimulator.Build.0 = Debug|Any CPU
		{D0E72094-0768-45CB-919A-7DC41149EA9D}.AppStore|x64.ActiveCfg = Debug|Any CPU
		{D0E72094-0768-45CB-919A-7DC41149EA9D}.AppStore|x64.Build.0 = Debug|Any CPU
		{D0E72094-0768-45CB-919A-7DC41149EA9D}.AppStore|x86.ActiveCfg = Debug|Any CPU
		{D0E72094-0768-45CB-919A-7DC41149EA9D}.AppStore|x86.Build.0 = Debug|Any CPU
		{D0E72094-0768-45CB-919A-7DC41149EA9D}.Debug|Any CPU.ActiveCfg = Debug|Any CPU
		{D0E72094-0768-45CB-919A-7DC41149EA9D}.Debug|Any CPU.Build.0 = Debug|Any CPU
		{D0E72094-0768-45CB-919A-7DC41149EA9D}.Debug|ARM.ActiveCfg = Debug|Any CPU
		{D0E72094-0768-45CB-919A-7DC41149EA9D}.Debug|ARM.Build.0 = Debug|Any CPU
		{D0E72094-0768-45CB-919A-7DC41149EA9D}.Debug|iPhone.ActiveCfg = Debug|Any CPU
		{D0E72094-0768-45CB-919A-7DC41149EA9D}.Debug|iPhone.Build.0 = Debug|Any CPU
		{D0E72094-0768-45CB-919A-7DC41149EA9D}.Debug|iPhoneSimulator.ActiveCfg = Debug|Any CPU
		{D0E72094-0768-45CB-919A-7DC41149EA9D}.Debug|iPhoneSimulator.Build.0 = Debug|Any CPU
		{D0E72094-0768-45CB-919A-7DC41149EA9D}.Debug|x64.ActiveCfg = Debug|Any CPU
		{D0E72094-0768-45CB-919A-7DC41149EA9D}.Debug|x64.Build.0 = Debug|Any CPU
		{D0E72094-0768-45CB-919A-7DC41149EA9D}.Debug|x86.ActiveCfg = Debug|Any CPU
		{D0E72094-0768-45CB-919A-7DC41149EA9D}.Debug|x86.Build.0 = Debug|Any CPU
		{D0E72094-0768-45CB-919A-7DC41149EA9D}.Release|Any CPU.ActiveCfg = Release|Any CPU
		{D0E72094-0768-45CB-919A-7DC41149EA9D}.Release|Any CPU.Build.0 = Release|Any CPU
		{D0E72094-0768-45CB-919A-7DC41149EA9D}.Release|ARM.ActiveCfg = Release|Any CPU
		{D0E72094-0768-45CB-919A-7DC41149EA9D}.Release|ARM.Build.0 = Release|Any CPU
		{D0E72094-0768-45CB-919A-7DC41149EA9D}.Release|iPhone.ActiveCfg = Release|Any CPU
		{D0E72094-0768-45CB-919A-7DC41149EA9D}.Release|iPhone.Build.0 = Release|Any CPU
		{D0E72094-0768-45CB-919A-7DC41149EA9D}.Release|iPhoneSimulator.ActiveCfg = Release|Any CPU
		{D0E72094-0768-45CB-919A-7DC41149EA9D}.Release|iPhoneSimulator.Build.0 = Release|Any CPU
		{D0E72094-0768-45CB-919A-7DC41149EA9D}.Release|x64.ActiveCfg = Release|Any CPU
		{D0E72094-0768-45CB-919A-7DC41149EA9D}.Release|x64.Build.0 = Release|Any CPU
		{D0E72094-0768-45CB-919A-7DC41149EA9D}.Release|x86.ActiveCfg = Release|Any CPU
		{D0E72094-0768-45CB-919A-7DC41149EA9D}.Release|x86.Build.0 = Release|Any CPU
		{697FC342-F9F2-4F6F-863F-222E86818097}.Ad-Hoc|Any CPU.ActiveCfg = Debug|Any CPU
		{697FC342-F9F2-4F6F-863F-222E86818097}.Ad-Hoc|Any CPU.Build.0 = Debug|Any CPU
		{697FC342-F9F2-4F6F-863F-222E86818097}.Ad-Hoc|ARM.ActiveCfg = Debug|Any CPU
		{697FC342-F9F2-4F6F-863F-222E86818097}.Ad-Hoc|ARM.Build.0 = Debug|Any CPU
		{697FC342-F9F2-4F6F-863F-222E86818097}.Ad-Hoc|iPhone.ActiveCfg = Debug|Any CPU
		{697FC342-F9F2-4F6F-863F-222E86818097}.Ad-Hoc|iPhone.Build.0 = Debug|Any CPU
		{697FC342-F9F2-4F6F-863F-222E86818097}.Ad-Hoc|iPhoneSimulator.ActiveCfg = Debug|Any CPU
		{697FC342-F9F2-4F6F-863F-222E86818097}.Ad-Hoc|iPhoneSimulator.Build.0 = Debug|Any CPU
		{697FC342-F9F2-4F6F-863F-222E86818097}.Ad-Hoc|x64.ActiveCfg = Debug|Any CPU
		{697FC342-F9F2-4F6F-863F-222E86818097}.Ad-Hoc|x64.Build.0 = Debug|Any CPU
		{697FC342-F9F2-4F6F-863F-222E86818097}.Ad-Hoc|x86.ActiveCfg = Debug|Any CPU
		{697FC342-F9F2-4F6F-863F-222E86818097}.Ad-Hoc|x86.Build.0 = Debug|Any CPU
		{697FC342-F9F2-4F6F-863F-222E86818097}.AppStore|Any CPU.ActiveCfg = Debug|Any CPU
		{697FC342-F9F2-4F6F-863F-222E86818097}.AppStore|Any CPU.Build.0 = Debug|Any CPU
		{697FC342-F9F2-4F6F-863F-222E86818097}.AppStore|ARM.ActiveCfg = Debug|Any CPU
		{697FC342-F9F2-4F6F-863F-222E86818097}.AppStore|ARM.Build.0 = Debug|Any CPU
		{697FC342-F9F2-4F6F-863F-222E86818097}.AppStore|iPhone.ActiveCfg = Debug|Any CPU
		{697FC342-F9F2-4F6F-863F-222E86818097}.AppStore|iPhone.Build.0 = Debug|Any CPU
		{697FC342-F9F2-4F6F-863F-222E86818097}.AppStore|iPhoneSimulator.ActiveCfg = Debug|Any CPU
		{697FC342-F9F2-4F6F-863F-222E86818097}.AppStore|iPhoneSimulator.Build.0 = Debug|Any CPU
		{697FC342-F9F2-4F6F-863F-222E86818097}.AppStore|x64.ActiveCfg = Debug|Any CPU
		{697FC342-F9F2-4F6F-863F-222E86818097}.AppStore|x64.Build.0 = Debug|Any CPU
		{697FC342-F9F2-4F6F-863F-222E86818097}.AppStore|x86.ActiveCfg = Debug|Any CPU
		{697FC342-F9F2-4F6F-863F-222E86818097}.AppStore|x86.Build.0 = Debug|Any CPU
		{697FC342-F9F2-4F6F-863F-222E86818097}.Debug|Any CPU.ActiveCfg = Debug|Any CPU
		{697FC342-F9F2-4F6F-863F-222E86818097}.Debug|Any CPU.Build.0 = Debug|Any CPU
		{697FC342-F9F2-4F6F-863F-222E86818097}.Debug|ARM.ActiveCfg = Debug|Any CPU
		{697FC342-F9F2-4F6F-863F-222E86818097}.Debug|ARM.Build.0 = Debug|Any CPU
		{697FC342-F9F2-4F6F-863F-222E86818097}.Debug|iPhone.ActiveCfg = Debug|Any CPU
		{697FC342-F9F2-4F6F-863F-222E86818097}.Debug|iPhone.Build.0 = Debug|Any CPU
		{697FC342-F9F2-4F6F-863F-222E86818097}.Debug|iPhoneSimulator.ActiveCfg = Debug|Any CPU
		{697FC342-F9F2-4F6F-863F-222E86818097}.Debug|iPhoneSimulator.Build.0 = Debug|Any CPU
		{697FC342-F9F2-4F6F-863F-222E86818097}.Debug|x64.ActiveCfg = Debug|Any CPU
		{697FC342-F9F2-4F6F-863F-222E86818097}.Debug|x64.Build.0 = Debug|Any CPU
		{697FC342-F9F2-4F6F-863F-222E86818097}.Debug|x86.ActiveCfg = Debug|Any CPU
		{697FC342-F9F2-4F6F-863F-222E86818097}.Debug|x86.Build.0 = Debug|Any CPU
		{697FC342-F9F2-4F6F-863F-222E86818097}.Release|Any CPU.ActiveCfg = Release|Any CPU
		{697FC342-F9F2-4F6F-863F-222E86818097}.Release|Any CPU.Build.0 = Release|Any CPU
		{697FC342-F9F2-4F6F-863F-222E86818097}.Release|ARM.ActiveCfg = Release|Any CPU
		{697FC342-F9F2-4F6F-863F-222E86818097}.Release|ARM.Build.0 = Release|Any CPU
		{697FC342-F9F2-4F6F-863F-222E86818097}.Release|iPhone.ActiveCfg = Release|Any CPU
		{697FC342-F9F2-4F6F-863F-222E86818097}.Release|iPhone.Build.0 = Release|Any CPU
		{697FC342-F9F2-4F6F-863F-222E86818097}.Release|iPhoneSimulator.ActiveCfg = Release|Any CPU
		{697FC342-F9F2-4F6F-863F-222E86818097}.Release|iPhoneSimulator.Build.0 = Release|Any CPU
		{697FC342-F9F2-4F6F-863F-222E86818097}.Release|x64.ActiveCfg = Release|Any CPU
		{697FC342-F9F2-4F6F-863F-222E86818097}.Release|x64.Build.0 = Release|Any CPU
		{697FC342-F9F2-4F6F-863F-222E86818097}.Release|x86.ActiveCfg = Release|Any CPU
		{697FC342-F9F2-4F6F-863F-222E86818097}.Release|x86.Build.0 = Release|Any CPU
	EndGlobalSection
	GlobalSection(SolutionProperties) = preSolution
		HideSolutionNode = FALSE
	EndGlobalSection
	GlobalSection(NestedProjects) = preSolution
		{3083890B-12C7-4FBE-85BC-0CCF9CB1D556} = {0B120515-A0A9-4444-9C71-985BBF749FD5}
		{596B1582-CBDD-4F8D-89C2-C42FF1792601} = {0B120515-A0A9-4444-9C71-985BBF749FD5}
		{317705FC-D2E8-4ADB-A605-39301849F247} = {0B120515-A0A9-4444-9C71-985BBF749FD5}
		{01D94B8F-59CE-46D4-82D1-808E865621EE} = {0B120515-A0A9-4444-9C71-985BBF749FD5}
		{6DA33F48-46C7-4AA1-9089-9553029FF535} = {0B120515-A0A9-4444-9C71-985BBF749FD5}
		{916B2F7A-CCA2-4E77-B5AD-076ECD28B657} = {FE9D64EF-9B21-40D9-A9EA-CF947F4618A5}
		{D0E72094-0768-45CB-919A-7DC41149EA9D} = {FE9D64EF-9B21-40D9-A9EA-CF947F4618A5}
		{697FC342-F9F2-4F6F-863F-222E86818097} = {FE9D64EF-9B21-40D9-A9EA-CF947F4618A5}
	EndGlobalSection
	GlobalSection(ExtensibilityGlobals) = postSolution
		SolutionGuid = {B6D66695-869E-4605-B50E-D2D2CD9CB161}
	EndGlobalSection
EndGlobal
